Microsoft Visual Studio Solution File, Format Version 12.00
# Visual Studio Version 17
VisualStudioVersion = 17.0.31410.414
MinimumVisualStudioVersion = 10.0.40219.1
Project("{2150E333-8FDC-42A3-9474-1A3956D46DE8}") = "Solution Items", "Solution Items", "{A050BD53-DEE0-40F3-BEAB-1F7474533C40}"
	ProjectSection(SolutionItems) = preProject
		.editorconfig = .editorconfig
		tests\Acoustics.Test\.runsettings = tests\Acoustics.Test\.runsettings
		src\AP.CopyFiles.targets = src\AP.CopyFiles.targets
		src\AP.RequireLfsAssets.targets = src\AP.RequireLfsAssets.targets
		src\AP.VersionBuild.targets = src\AP.VersionBuild.targets
		src\AssemblyMetadata.cs.template = src\AssemblyMetadata.cs.template
		src\AssemblyMetadata.Generated.targets = src\AssemblyMetadata.Generated.targets
		azure-pipelines.yml = azure-pipelines.yml
		BannedSymbols.txt = BannedSymbols.txt
		Directory.Build.props = Directory.Build.props
		build\download_ap.ps1 = build\download_ap.ps1
		src\git_version.ps1 = src\git_version.ps1
		global.json = global.json
		README.md = README.md
		style.ruleset = style.ruleset
		stylecop.json = stylecop.json
	EndProjectSection
EndProject
Project("{9A19103F-16F7-4668-BE54-9A1E7A4F7556}") = "AnalysisPrograms", "src\AnalysisPrograms\AnalysisPrograms.csproj", "{EC323929-0160-46BC-A04B-B4A66D02E757}"
EndProject
Project("{9A19103F-16F7-4668-BE54-9A1E7A4F7556}") = "AudioAnalysisTools", "src\AudioAnalysisTools\AudioAnalysisTools.csproj", "{86855CBC-7243-492A-A500-2DE36CC7C825}"
EndProject
Project("{9A19103F-16F7-4668-BE54-9A1E7A4F7556}") = "Acoustics.Tools", "src\Acoustics.Tools\Acoustics.Tools.csproj", "{0338570E-5A77-4A2E-8E17-7955C36AE1F7}"
EndProject
Project("{9A19103F-16F7-4668-BE54-9A1E7A4F7556}") = "Acoustics.Shared", "src\Acoustics.Shared\Acoustics.Shared.csproj", "{EF04F5A8-D4BD-4CD1-BFC2-F6AD2D9C7927}"
EndProject
Project("{9A19103F-16F7-4668-BE54-9A1E7A4F7556}") = "AnalysisBase", "src\AnalysisBase\AnalysisBase.csproj", "{80BC795A-A987-45AB-B29B-76CF190384BA}"
EndProject
Project("{9A19103F-16F7-4668-BE54-9A1E7A4F7556}") = "Acoustics.Test", "tests\Acoustics.Test\Acoustics.Test.csproj", "{99B8FFB6-3C32-4F26-A1DF-F9B8A8FC0C05}"
EndProject
Project("{2150E333-8FDC-42A3-9474-1A3956D46DE8}") = "Core", "Core", "{2C6A426C-01D7-432E-AF76-824346A9CD38}"
EndProject
Project("{9A19103F-16F7-4668-BE54-9A1E7A4F7556}") = "TowseyLibrary", "src\TowseyLibrary\TowseyLibrary.csproj", "{7C6831FD-F60C-4F7B-8E6A-35E850174411}"
EndProject
Project("{2150E333-8FDC-42A3-9474-1A3956D46DE8}") = "Test", "Test", "{1DEC9774-CCB2-437E-A134-7E4CBF2724DB}"
EndProject
Project("{9A19103F-16F7-4668-BE54-9A1E7A4F7556}") = "AcousticWorkbench", "src\AcousticWorkbench\AcousticWorkbench.csproj", "{E92AFA1B-B089-4CC3-B765-3B4CFF84E294}"
EndProject
Project("{6EC3EE1D-3C4E-46DD-8F32-0CC8E7565705}") = "AED", "src\AED\AED.fsproj", "{D5DFD3D5-EF64-4F5B-867F-192DAA7594FC}"
EndProject
Project("{6EC3EE1D-3C4E-46DD-8F32-0CC8E7565705}") = "Acoustics.Shared.FSharp", "src\Acoustics.Shared.FSharp\Acoustics.Shared.FSharp.fsproj", "{0A247CB0-779D-4E71-BD86-D3F1D233B7E9}"
EndProject
Project("{6EC3EE1D-3C4E-46DD-8F32-0CC8E7565705}") = "AED.Test", "tests\AED.Test\AED.Test.fsproj", "{007BCD6A-6381-42D7-B5BB-61D07D54A311}"
EndProject
Project("{2150E333-8FDC-42A3-9474-1A3956D46DE8}") = "build", "build", "{B3123A8D-7CA1-464F-8E3F-1736B570351E}"
	ProjectSection(SolutionItems) = preProject
		build\azure-pipelines-build.yml = build\azure-pipelines-build.yml
		build\azure-pipelines-dependencies-linux.yml = build\azure-pipelines-dependencies-linux.yml
		build\azure-pipelines-release.yml = build\azure-pipelines-release.yml
		build\build_docker.ps1 = build\build_docker.ps1
		build\Dockerfile = build\Dockerfile
		build\dotnet-install.ps1 = build\dotnet-install.ps1
		build\dotnet-install.sh = build\dotnet-install.sh
		build\download_ap.ps1 = build\download_ap.ps1
		build\download_ap.Tests.ps1 = build\download_ap.Tests.ps1
		build\generate_docs.ps1 = build\generate_docs.ps1
		build\package.ps1 = build\package.ps1
		build\publish_docs.ps1 = build\publish_docs.ps1
		build\README.md = build\README.md
		build\release_notes.ps1 = build\release_notes.ps1
		build\set_permissions.ps1 = build\set_permissions.ps1
		build\update_audio_utils.ps1 = build\update_audio_utils.ps1
	EndProjectSection
EndProject
Project("{D954291E-2A0B-460D-934E-DC6B0785DB48}") = "ConfigFiles", "src\AnalysisConfigFiles\ConfigFiles.shproj", "{17DF521A-7CC1-48D9-BE0D-32F6FA13BB8A}"
EndProject
Global
	GlobalSection(SharedMSBuildProjectFiles) = preSolution
		src\AnalysisConfigFiles\ConfigFiles.projitems*{17df521a-7cc1-48d9-be0d-32f6fa13bb8a}*SharedItemsImports = 13
	EndGlobalSection
	GlobalSection(SolutionConfigurationPlatforms) = preSolution
		Debug|Any CPU = Debug|Any CPU
		Release|Any CPU = Release|Any CPU
	EndGlobalSection
	GlobalSection(ProjectConfigurationPlatforms) = postSolution
		{EC323929-0160-46BC-A04B-B4A66D02E757}.Debug|Any CPU.ActiveCfg = Debug|Any CPU
		{EC323929-0160-46BC-A04B-B4A66D02E757}.Debug|Any CPU.Build.0 = Debug|Any CPU
		{EC323929-0160-46BC-A04B-B4A66D02E757}.Release|Any CPU.ActiveCfg = Release|Any CPU
		{EC323929-0160-46BC-A04B-B4A66D02E757}.Release|Any CPU.Build.0 = Release|Any CPU
		{86855CBC-7243-492A-A500-2DE36CC7C825}.Debug|Any CPU.ActiveCfg = Debug|Any CPU
		{86855CBC-7243-492A-A500-2DE36CC7C825}.Debug|Any CPU.Build.0 = Debug|Any CPU
		{86855CBC-7243-492A-A500-2DE36CC7C825}.Release|Any CPU.ActiveCfg = Release|Any CPU
		{86855CBC-7243-492A-A500-2DE36CC7C825}.Release|Any CPU.Build.0 = Release|Any CPU
		{0338570E-5A77-4A2E-8E17-7955C36AE1F7}.Debug|Any CPU.ActiveCfg = Debug|Any CPU
		{0338570E-5A77-4A2E-8E17-7955C36AE1F7}.Debug|Any CPU.Build.0 = Debug|Any CPU
		{0338570E-5A77-4A2E-8E17-7955C36AE1F7}.Release|Any CPU.ActiveCfg = Release|Any CPU
		{0338570E-5A77-4A2E-8E17-7955C36AE1F7}.Release|Any CPU.Build.0 = Release|Any CPU
		{EF04F5A8-D4BD-4CD1-BFC2-F6AD2D9C7927}.Debug|Any CPU.ActiveCfg = Debug|Any CPU
		{EF04F5A8-D4BD-4CD1-BFC2-F6AD2D9C7927}.Debug|Any CPU.Build.0 = Debug|Any CPU
		{EF04F5A8-D4BD-4CD1-BFC2-F6AD2D9C7927}.Release|Any CPU.ActiveCfg = Release|Any CPU
		{EF04F5A8-D4BD-4CD1-BFC2-F6AD2D9C7927}.Release|Any CPU.Build.0 = Release|Any CPU
		{80BC795A-A987-45AB-B29B-76CF190384BA}.Debug|Any CPU.ActiveCfg = Debug|Any CPU
		{80BC795A-A987-45AB-B29B-76CF190384BA}.Debug|Any CPU.Build.0 = Debug|Any CPU
		{80BC795A-A987-45AB-B29B-76CF190384BA}.Release|Any CPU.ActiveCfg = Release|Any CPU
		{80BC795A-A987-45AB-B29B-76CF190384BA}.Release|Any CPU.Build.0 = Release|Any CPU
		{99B8FFB6-3C32-4F26-A1DF-F9B8A8FC0C05}.Debug|Any CPU.ActiveCfg = Debug|Any CPU
		{99B8FFB6-3C32-4F26-A1DF-F9B8A8FC0C05}.Debug|Any CPU.Build.0 = Debug|Any CPU
		{99B8FFB6-3C32-4F26-A1DF-F9B8A8FC0C05}.Release|Any CPU.ActiveCfg = Release|Any CPU
		{99B8FFB6-3C32-4F26-A1DF-F9B8A8FC0C05}.Release|Any CPU.Build.0 = Release|Any CPU
		{7C6831FD-F60C-4F7B-8E6A-35E850174411}.Debug|Any CPU.ActiveCfg = Debug|Any CPU
		{7C6831FD-F60C-4F7B-8E6A-35E850174411}.Debug|Any CPU.Build.0 = Debug|Any CPU
		{7C6831FD-F60C-4F7B-8E6A-35E850174411}.Release|Any CPU.ActiveCfg = Release|Any CPU
		{7C6831FD-F60C-4F7B-8E6A-35E850174411}.Release|Any CPU.Build.0 = Release|Any CPU
		{E92AFA1B-B089-4CC3-B765-3B4CFF84E294}.Debug|Any CPU.ActiveCfg = Debug|Any CPU
		{E92AFA1B-B089-4CC3-B765-3B4CFF84E294}.Debug|Any CPU.Build.0 = Debug|Any CPU
		{E92AFA1B-B089-4CC3-B765-3B4CFF84E294}.Release|Any CPU.ActiveCfg = Release|Any CPU
		{E92AFA1B-B089-4CC3-B765-3B4CFF84E294}.Release|Any CPU.Build.0 = Release|Any CPU
		{D5DFD3D5-EF64-4F5B-867F-192DAA7594FC}.Debug|Any CPU.ActiveCfg = Debug|Any CPU
		{D5DFD3D5-EF64-4F5B-867F-192DAA7594FC}.Debug|Any CPU.Build.0 = Debug|Any CPU
		{D5DFD3D5-EF64-4F5B-867F-192DAA7594FC}.Release|Any CPU.ActiveCfg = Release|Any CPU
		{D5DFD3D5-EF64-4F5B-867F-192DAA7594FC}.Release|Any CPU.Build.0 = Release|Any CPU
		{0A247CB0-779D-4E71-BD86-D3F1D233B7E9}.Debug|Any CPU.ActiveCfg = Debug|Any CPU
		{0A247CB0-779D-4E71-BD86-D3F1D233B7E9}.Debug|Any CPU.Build.0 = Debug|Any CPU
		{0A247CB0-779D-4E71-BD86-D3F1D233B7E9}.Release|Any CPU.ActiveCfg = Release|Any CPU
		{0A247CB0-779D-4E71-BD86-D3F1D233B7E9}.Release|Any CPU.Build.0 = Release|Any CPU
		{007BCD6A-6381-42D7-B5BB-61D07D54A311}.Debug|Any CPU.ActiveCfg = Debug|Any CPU
		{007BCD6A-6381-42D7-B5BB-61D07D54A311}.Debug|Any CPU.Build.0 = Debug|Any CPU
		{007BCD6A-6381-42D7-B5BB-61D07D54A311}.Release|Any CPU.ActiveCfg = Release|Any CPU
		{007BCD6A-6381-42D7-B5BB-61D07D54A311}.Release|Any CPU.Build.0 = Release|Any CPU
	EndGlobalSection
	GlobalSection(SolutionProperties) = preSolution
		HideSolutionNode = FALSE
	EndGlobalSection
	GlobalSection(NestedProjects) = preSolution
		{86855CBC-7243-492A-A500-2DE36CC7C825} = {2C6A426C-01D7-432E-AF76-824346A9CD38}
		{0338570E-5A77-4A2E-8E17-7955C36AE1F7} = {2C6A426C-01D7-432E-AF76-824346A9CD38}
		{EF04F5A8-D4BD-4CD1-BFC2-F6AD2D9C7927} = {2C6A426C-01D7-432E-AF76-824346A9CD38}
		{80BC795A-A987-45AB-B29B-76CF190384BA} = {2C6A426C-01D7-432E-AF76-824346A9CD38}
		{99B8FFB6-3C32-4F26-A1DF-F9B8A8FC0C05} = {1DEC9774-CCB2-437E-A134-7E4CBF2724DB}
		{7C6831FD-F60C-4F7B-8E6A-35E850174411} = {2C6A426C-01D7-432E-AF76-824346A9CD38}
		{E92AFA1B-B089-4CC3-B765-3B4CFF84E294} = {2C6A426C-01D7-432E-AF76-824346A9CD38}
		{D5DFD3D5-EF64-4F5B-867F-192DAA7594FC} = {2C6A426C-01D7-432E-AF76-824346A9CD38}
		{0A247CB0-779D-4E71-BD86-D3F1D233B7E9} = {2C6A426C-01D7-432E-AF76-824346A9CD38}
		{007BCD6A-6381-42D7-B5BB-61D07D54A311} = {1DEC9774-CCB2-437E-A134-7E4CBF2724DB}
		{B3123A8D-7CA1-464F-8E3F-1736B570351E} = {A050BD53-DEE0-40F3-BEAB-1F7474533C40}
	EndGlobalSection
	GlobalSection(ExtensibilityGlobals) = postSolution
		SolutionGuid = {9E5E3702-8669-498C-955C-8285AC9C8A38}
	EndGlobalSection
EndGlobal
