
Microsoft Visual Studio Solution File, Format Version 10.00
# Visual Studio 2008
Project("{E24C65DC-7377-472B-9ABA-BC803B73C61A}") = "WebFrontend", "WebFrontend\", "{8E39BFC8-8503-4546-B1B3-A799361C49B1}"
	ProjectSection(WebsiteProperties) = preProject
		TargetFramework = "3.5"
		ProjectReferences = "{BDAEA7B5-28BE-45D5-952E-76820E474649}|QutSensors.Data.dll;{6A03A803-AD91-4E12-967E-39DCDB2BB030}|AudioTools.dll;"
		Debug.AspNetCompiler.VirtualPath = "/WebFrontend"
		Debug.AspNetCompiler.PhysicalPath = "WebFrontend\"
		Debug.AspNetCompiler.TargetPath = "PrecompiledWeb\WebFrontend\"
		Debug.AspNetCompiler.Updateable = "true"
		Debug.AspNetCompiler.ForceOverwrite = "true"
		Debug.AspNetCompiler.FixedNames = "false"
		Debug.AspNetCompiler.Debug = "True"
		Release.AspNetCompiler.VirtualPath = "/WebFrontend"
		Release.AspNetCompiler.PhysicalPath = "WebFrontend\"
		Release.AspNetCompiler.TargetPath = "PrecompiledWeb\WebFrontend\"
		Release.AspNetCompiler.Updateable = "true"
		Release.AspNetCompiler.ForceOverwrite = "true"
		Release.AspNetCompiler.FixedNames = "false"
		Release.AspNetCompiler.Debug = "False"
		VWDPort = "4040"
		VWDDynamicPort = "false"
	EndProjectSection
EndProject
Project("{FAE04EC0-301F-11D3-BF4B-00C04F79EFBC}") = "Tests", "Tests\Tests.csproj", "{93388CFD-6952-4500-9C9C-6C9647545F70}"
	ProjectSection(ProjectDependencies) = postProject
		{8E39BFC8-8503-4546-B1B3-A799361C49B1} = {8E39BFC8-8503-4546-B1B3-A799361C49B1}
	EndProjectSection
EndProject
Project("{FAE04EC0-301F-11D3-BF4B-00C04F79EFBC}") = "QutSensors.Data", "QutSensors.Data\QutSensors.Data.csproj", "{BDAEA7B5-28BE-45D5-952E-76820E474649}"
EndProject
Project("{FAE04EC0-301F-11D3-BF4B-00C04F79EFBC}") = "AudioTools", "AudioTools\AudioTools.csproj", "{6A03A803-AD91-4E12-967E-39DCDB2BB030}"
EndProject
Global
	GlobalSection(SolutionConfigurationPlatforms) = preSolution
		Debug|.NET = Debug|.NET
		Debug|Any CPU = Debug|Any CPU
		Debug|Mixed Platforms = Debug|Mixed Platforms
		Release|.NET = Release|.NET
		Release|Any CPU = Release|Any CPU
		Release|Mixed Platforms = Release|Mixed Platforms
	EndGlobalSection
	GlobalSection(ProjectConfigurationPlatforms) = postSolution
		{8E39BFC8-8503-4546-B1B3-A799361C49B1}.Debug|.NET.ActiveCfg = Debug|.NET
		{8E39BFC8-8503-4546-B1B3-A799361C49B1}.Debug|.NET.Build.0 = Debug|.NET
		{8E39BFC8-8503-4546-B1B3-A799361C49B1}.Debug|Any CPU.ActiveCfg = Debug|.NET
		{8E39BFC8-8503-4546-B1B3-A799361C49B1}.Debug|Mixed Platforms.ActiveCfg = Debug|.NET
		{8E39BFC8-8503-4546-B1B3-A799361C49B1}.Debug|Mixed Platforms.Build.0 = Debug|.NET
		{8E39BFC8-8503-4546-B1B3-A799361C49B1}.Release|.NET.ActiveCfg = Debug|.NET
		{8E39BFC8-8503-4546-B1B3-A799361C49B1}.Release|.NET.Build.0 = Debug|.NET
		{8E39BFC8-8503-4546-B1B3-A799361C49B1}.Release|Any CPU.ActiveCfg = Debug|.NET
		{8E39BFC8-8503-4546-B1B3-A799361C49B1}.Release|Mixed Platforms.ActiveCfg = Debug|.NET
		{8E39BFC8-8503-4546-B1B3-A799361C49B1}.Release|Mixed Platforms.Build.0 = Debug|.NET
		{93388CFD-6952-4500-9C9C-6C9647545F70}.Debug|.NET.ActiveCfg = Debug|Any CPU
		{93388CFD-6952-4500-9C9C-6C9647545F70}.Debug|Any CPU.ActiveCfg = Debug|Any CPU
		{93388CFD-6952-4500-9C9C-6C9647545F70}.Debug|Any CPU.Build.0 = Debug|Any CPU
		{93388CFD-6952-4500-9C9C-6C9647545F70}.Debug|Mixed Platforms.ActiveCfg = Debug|Any CPU
		{93388CFD-6952-4500-9C9C-6C9647545F70}.Debug|Mixed Platforms.Build.0 = Debug|Any CPU
		{93388CFD-6952-4500-9C9C-6C9647545F70}.Release|.NET.ActiveCfg = Release|Any CPU
		{93388CFD-6952-4500-9C9C-6C9647545F70}.Release|Any CPU.ActiveCfg = Release|Any CPU
		{93388CFD-6952-4500-9C9C-6C9647545F70}.Release|Any CPU.Build.0 = Release|Any CPU
		{93388CFD-6952-4500-9C9C-6C9647545F70}.Release|Mixed Platforms.ActiveCfg = Release|Any CPU
		{93388CFD-6952-4500-9C9C-6C9647545F70}.Release|Mixed Platforms.Build.0 = Release|Any CPU
		{BDAEA7B5-28BE-45D5-952E-76820E474649}.Debug|.NET.ActiveCfg = Debug|Any CPU
		{BDAEA7B5-28BE-45D5-952E-76820E474649}.Debug|Any CPU.ActiveCfg = Debug|Any CPU
		{BDAEA7B5-28BE-45D5-952E-76820E474649}.Debug|Any CPU.Build.0 = Debug|Any CPU
		{BDAEA7B5-28BE-45D5-952E-76820E474649}.Debug|Mixed Platforms.ActiveCfg = Debug|Any CPU
		{BDAEA7B5-28BE-45D5-952E-76820E474649}.Debug|Mixed Platforms.Build.0 = Debug|Any CPU
		{BDAEA7B5-28BE-45D5-952E-76820E474649}.Release|.NET.ActiveCfg = Release|Any CPU
		{BDAEA7B5-28BE-45D5-952E-76820E474649}.Release|Any CPU.ActiveCfg = Release|Any CPU
		{BDAEA7B5-28BE-45D5-952E-76820E474649}.Release|Any CPU.Build.0 = Release|Any CPU
		{BDAEA7B5-28BE-45D5-952E-76820E474649}.Release|Mixed Platforms.ActiveCfg = Release|Any CPU
		{BDAEA7B5-28BE-45D5-952E-76820E474649}.Release|Mixed Platforms.Build.0 = Release|Any CPU
		{6A03A803-AD91-4E12-967E-39DCDB2BB030}.Debug|.NET.ActiveCfg = Debug|Any CPU
		{6A03A803-AD91-4E12-967E-39DCDB2BB030}.Debug|Any CPU.ActiveCfg = Debug|Any CPU
		{6A03A803-AD91-4E12-967E-39DCDB2BB030}.Debug|Any CPU.Build.0 = Debug|Any CPU
		{6A03A803-AD91-4E12-967E-39DCDB2BB030}.Debug|Mixed Platforms.ActiveCfg = Debug|Any CPU
		{6A03A803-AD91-4E12-967E-39DCDB2BB030}.Debug|Mixed Platforms.Build.0 = Debug|Any CPU
		{6A03A803-AD91-4E12-967E-39DCDB2BB030}.Release|.NET.ActiveCfg = Release|Any CPU
		{6A03A803-AD91-4E12-967E-39DCDB2BB030}.Release|Any CPU.ActiveCfg = Release|Any CPU
		{6A03A803-AD91-4E12-967E-39DCDB2BB030}.Release|Any CPU.Build.0 = Release|Any CPU
		{6A03A803-AD91-4E12-967E-39DCDB2BB030}.Release|Mixed Platforms.ActiveCfg = Release|Any CPU
		{6A03A803-AD91-4E12-967E-39DCDB2BB030}.Release|Mixed Platforms.Build.0 = Release|Any CPU
	EndGlobalSection
	GlobalSection(SolutionProperties) = preSolution
		HideSolutionNode = FALSE
	EndGlobalSection
EndGlobal
