
Microsoft Visual Studio Solution File, Format Version 10.00
# Visual Studio 2008
Project("{E24C65DC-7377-472B-9ABA-BC803B73C61A}") = "WebFrontend", "WebFrontend\", "{8E39BFC8-8503-4546-B1B3-A799361C49B1}"
	ProjectSection(WebsiteProperties) = preProject
		SccProjectName = ""
		SccAuxPath = ""
		SccLocalPath = ""
		SccProvider = ""
		TargetFramework = "3.5"
		ProjectReferences = "{BDAEA7B5-28BE-45D5-952E-76820E474649}|QutSensors.Data.dll;{6A03A803-AD91-4E12-967E-39DCDB2BB030}|AudioTools.dll;{7E0D2209-A416-4784-B350-83778D20A64B}|TowseyLib.dll;{C9A87706-BDD5-4596-9B4D-59EEA4BA6407}|SLShaderEffectLibrary.dll;"
		Debug.AspNetCompiler.VirtualPath = "/WebFrontend"
		Debug.AspNetCompiler.PhysicalPath = "WebFrontend\"
		Debug.AspNetCompiler.TargetPath = "PrecompiledWeb\WebFrontend\"
		Debug.AspNetCompiler.Updateable = "true"
		Debug.AspNetCompiler.ForceOverwrite = "true"
		Debug.AspNetCompiler.FixedNames = "false"
		Debug.AspNetCompiler.Debug = "True"
		Release.AspNetCompiler.VirtualPath = "/WebFrontend"
		Release.AspNetCompiler.PhysicalPath = "WebFrontend\"
		Release.AspNetCompiler.TargetPath = "PrecompiledWeb\WebFrontend\"
		Release.AspNetCompiler.Updateable = "true"
		Release.AspNetCompiler.ForceOverwrite = "true"
		Release.AspNetCompiler.FixedNames = "false"
		Release.AspNetCompiler.Debug = "False"
		VWDPort = "2669"
		VWDDynamicPort = "false"
		ProjOutputReferences = "{36AE7049-A84A-43B1-8CE4-4A63F993A0A3}|ClientBin|false;{B9EC9F19-9EDD-4DB4-BB56-01296A20E91F}|ClientBin|false;{CCD85AA5-FD9F-49A9-B6D6-046A3BF55DCB}|ClientBin|false;"
	EndProjectSection
EndProject
Project("{FAE04EC0-301F-11D3-BF4B-00C04F79EFBC}") = "QutSensors.Data", "QutSensors.Data\QutSensors.Data.csproj", "{BDAEA7B5-28BE-45D5-952E-76820E474649}"
EndProject
Project("{FAE04EC0-301F-11D3-BF4B-00C04F79EFBC}") = "AudioTools", "AudioTools\AudioTools.csproj", "{6A03A803-AD91-4E12-967E-39DCDB2BB030}"
EndProject
Project("{FAE04EC0-301F-11D3-BF4B-00C04F79EFBC}") = "NeuralNets", "AudioAnalysis\NeuralNets\NeuralNets.csproj", "{3453DB43-46DA-45E6-AD22-48BC081BC738}"
EndProject
Project("{FAE04EC0-301F-11D3-BF4B-00C04F79EFBC}") = "TowseyLib", "AudioAnalysis\TowseyLib\TowseyLib.csproj", "{7E0D2209-A416-4784-B350-83778D20A64B}"
EndProject
Project("{2150E333-8FDC-42A3-9474-1A3956D46DE8}") = "Solution Items", "Solution Items", "{AB65DE93-90BB-4AC1-AF20-99CD18C69C0A}"
	ProjectSection(SolutionItems) = preProject
		LocalTestRun.testrunconfig = LocalTestRun.testrunconfig
		Website.vsmdi = Website.vsmdi
	EndProjectSection
EndProject
Project("{FAE04EC0-301F-11D3-BF4B-00C04F79EFBC}") = "QutSensors.Data.Tests", "QutSensors.Data.Tests\QutSensors.Data.Tests.csproj", "{A9D49DAC-E0D5-4C46-BBDF-EE575C795A5C}"
EndProject
Project("{FAE04EC0-301F-11D3-BF4B-00C04F79EFBC}") = "MarkovModels", "AudioAnalysis\MarkovModels\MarkovModels.csproj", "{D14A7CE5-2ECD-41CB-A64D-0B386ABE7D89}"
EndProject
Project("{FAE04EC0-301F-11D3-BF4B-00C04F79EFBC}") = "AudioAnalysis", "AudioAnalysis\AudioAnalysis\AudioAnalysis.csproj", "{CB8177A5-2B01-4D8C-B434-63C4400EC381}"
EndProject
Project("{FAE04EC0-301F-11D3-BF4B-00C04F79EFBC}") = "AudioPlayer", "SilverlightControls\AudioPlayer\AudioPlayer\AudioPlayer.csproj", "{677A24F2-5643-4960-BD8E-FFD739696099}"
EndProject
Project("{FAE04EC0-301F-11D3-BF4B-00C04F79EFBC}") = "AudioPlayerControl", "SilverlightControls\AudioPlayer\AudioPlayerControl\AudioPlayerControl.csproj", "{36AE7049-A84A-43B1-8CE4-4A63F993A0A3}"
EndProject
Project("{F2A71F9B-5D33-465A-A702-920D77279786}") = "AED", "AudioAnalysis\AED\AED\AED.fsproj", "{993980A0-8D06-4635-8296-40E9FFF9C301}"
EndProject
Project("{2150E333-8FDC-42A3-9474-1A3956D46DE8}") = "SLEffects", "SLEffects", "{E9A5C60A-ADD0-4667-A099-1BE9DC3155BE}"
EndProject
Project("{FAE04EC0-301F-11D3-BF4B-00C04F79EFBC}") = "SLShaderEffectLibrary", "SilverlightControls\SLShaderEffectLibrary\SLShaderEffectLibrary.csproj", "{C9A87706-BDD5-4596-9B4D-59EEA4BA6407}"
EndProject
Project("{FAE04EC0-301F-11D3-BF4B-00C04F79EFBC}") = "SLTransitionEffects", "SilverlightControls\SLTransitionEffects\SLTransitionEffects.csproj", "{0C8D967A-FF1B-4F1D-95E9-9203D6D04783}"
EndProject
Project("{FAE04EC0-301F-11D3-BF4B-00C04F79EFBC}") = "TagCloudControl", "SilverlightControls\TagCloud\TagCloudControl\TagCloudControl.csproj", "{B9EC9F19-9EDD-4DB4-BB56-01296A20E91F}"
EndProject
Project("{FAE04EC0-301F-11D3-BF4B-00C04F79EFBC}") = "TagCloud", "SilverlightControls\TagCloud\TagCloud\TagCloud.csproj", "{FB088810-E5A8-4A22-9598-5BA99A963D5B}"
EndProject
Project("{2150E333-8FDC-42A3-9474-1A3956D46DE8}") = "Silverlight", "Silverlight", "{1078E05E-D251-4225-AEC0-B8077B0ABB75}"
EndProject
Project("{FAE04EC0-301F-11D3-BF4B-00C04F79EFBC}") = "FileUpload", "FileUpload\FileUpload.csproj", "{CCD85AA5-FD9F-49A9-B6D6-046A3BF55DCB}"
EndProject
Project("{FAE04EC0-301F-11D3-BF4B-00C04F79EFBC}") = "SharedCode", "SharedCode\SharedCode.csproj", "{A1D9D08B-B8B0-44A1-ACF7-175BF1F65C17}"
EndProject
Global
	GlobalSection(TestCaseManagementSettings) = postSolution
		CategoryFile = Website.vsmdi
	EndGlobalSection
	GlobalSection(SolutionConfigurationPlatforms) = preSolution
		Debug|.NET = Debug|.NET
		Debug|Any CPU = Debug|Any CPU
		Debug|Mixed Platforms = Debug|Mixed Platforms
		Debug|x86 = Debug|x86
		Release|.NET = Release|.NET
		Release|Any CPU = Release|Any CPU
		Release|Mixed Platforms = Release|Mixed Platforms
		Release|x86 = Release|x86
		SilverlightOnly|.NET = SilverlightOnly|.NET
		SilverlightOnly|Any CPU = SilverlightOnly|Any CPU
		SilverlightOnly|Mixed Platforms = SilverlightOnly|Mixed Platforms
		SilverlightOnly|x86 = SilverlightOnly|x86
	EndGlobalSection
	GlobalSection(ProjectConfigurationPlatforms) = postSolution
		{8E39BFC8-8503-4546-B1B3-A799361C49B1}.Debug|.NET.ActiveCfg = Debug|.NET
		{8E39BFC8-8503-4546-B1B3-A799361C49B1}.Debug|.NET.Build.0 = Debug|.NET
		{8E39BFC8-8503-4546-B1B3-A799361C49B1}.Debug|Any CPU.ActiveCfg = Debug|Any CPU
		{8E39BFC8-8503-4546-B1B3-A799361C49B1}.Debug|Any CPU.Build.0 = Debug|Any CPU
		{8E39BFC8-8503-4546-B1B3-A799361C49B1}.Debug|Mixed Platforms.ActiveCfg = Debug|.NET
		{8E39BFC8-8503-4546-B1B3-A799361C49B1}.Debug|Mixed Platforms.Build.0 = Debug|.NET
		{8E39BFC8-8503-4546-B1B3-A799361C49B1}.Debug|x86.ActiveCfg = Debug|.NET
		{8E39BFC8-8503-4546-B1B3-A799361C49B1}.Release|.NET.ActiveCfg = Debug|.NET
		{8E39BFC8-8503-4546-B1B3-A799361C49B1}.Release|.NET.Build.0 = Debug|.NET
		{8E39BFC8-8503-4546-B1B3-A799361C49B1}.Release|Any CPU.ActiveCfg = Debug|.NET
		{8E39BFC8-8503-4546-B1B3-A799361C49B1}.Release|Mixed Platforms.ActiveCfg = Debug|.NET
		{8E39BFC8-8503-4546-B1B3-A799361C49B1}.Release|Mixed Platforms.Build.0 = Debug|.NET
		{8E39BFC8-8503-4546-B1B3-A799361C49B1}.Release|x86.ActiveCfg = Debug|.NET
		{8E39BFC8-8503-4546-B1B3-A799361C49B1}.SilverlightOnly|.NET.ActiveCfg = Debug|.NET
		{8E39BFC8-8503-4546-B1B3-A799361C49B1}.SilverlightOnly|.NET.Build.0 = Debug|.NET
		{8E39BFC8-8503-4546-B1B3-A799361C49B1}.SilverlightOnly|Any CPU.ActiveCfg = Debug|.NET
		{8E39BFC8-8503-4546-B1B3-A799361C49B1}.SilverlightOnly|Mixed Platforms.ActiveCfg = Debug|Any CPU
		{8E39BFC8-8503-4546-B1B3-A799361C49B1}.SilverlightOnly|Mixed Platforms.Build.0 = Debug|Any CPU
		{8E39BFC8-8503-4546-B1B3-A799361C49B1}.SilverlightOnly|x86.ActiveCfg = Debug|.NET
		{BDAEA7B5-28BE-45D5-952E-76820E474649}.Debug|.NET.ActiveCfg = Debug|Any CPU
		{BDAEA7B5-28BE-45D5-952E-76820E474649}.Debug|Any CPU.ActiveCfg = Debug|Any CPU
		{BDAEA7B5-28BE-45D5-952E-76820E474649}.Debug|Any CPU.Build.0 = Debug|Any CPU
		{BDAEA7B5-28BE-45D5-952E-76820E474649}.Debug|Mixed Platforms.ActiveCfg = Debug|Any CPU
		{BDAEA7B5-28BE-45D5-952E-76820E474649}.Debug|Mixed Platforms.Build.0 = Debug|Any CPU
		{BDAEA7B5-28BE-45D5-952E-76820E474649}.Debug|x86.ActiveCfg = Debug|x86
		{BDAEA7B5-28BE-45D5-952E-76820E474649}.Debug|x86.Build.0 = Debug|x86
		{BDAEA7B5-28BE-45D5-952E-76820E474649}.Release|.NET.ActiveCfg = Release|Any CPU
		{BDAEA7B5-28BE-45D5-952E-76820E474649}.Release|Any CPU.ActiveCfg = Release|Any CPU
		{BDAEA7B5-28BE-45D5-952E-76820E474649}.Release|Any CPU.Build.0 = Release|Any CPU
		{BDAEA7B5-28BE-45D5-952E-76820E474649}.Release|Mixed Platforms.ActiveCfg = Release|Any CPU
		{BDAEA7B5-28BE-45D5-952E-76820E474649}.Release|Mixed Platforms.Build.0 = Release|Any CPU
		{BDAEA7B5-28BE-45D5-952E-76820E474649}.Release|x86.ActiveCfg = Release|x86
		{BDAEA7B5-28BE-45D5-952E-76820E474649}.Release|x86.Build.0 = Release|x86
		{BDAEA7B5-28BE-45D5-952E-76820E474649}.SilverlightOnly|.NET.ActiveCfg = SilverlightOnly|x86
		{BDAEA7B5-28BE-45D5-952E-76820E474649}.SilverlightOnly|Any CPU.ActiveCfg = SilverlightOnly|Any CPU
		{BDAEA7B5-28BE-45D5-952E-76820E474649}.SilverlightOnly|Any CPU.Build.0 = SilverlightOnly|Any CPU
		{BDAEA7B5-28BE-45D5-952E-76820E474649}.SilverlightOnly|Mixed Platforms.ActiveCfg = Debug|x86
		{BDAEA7B5-28BE-45D5-952E-76820E474649}.SilverlightOnly|Mixed Platforms.Build.0 = Debug|x86
		{BDAEA7B5-28BE-45D5-952E-76820E474649}.SilverlightOnly|x86.ActiveCfg = SilverlightOnly|x86
		{BDAEA7B5-28BE-45D5-952E-76820E474649}.SilverlightOnly|x86.Build.0 = SilverlightOnly|x86
		{6A03A803-AD91-4E12-967E-39DCDB2BB030}.Debug|.NET.ActiveCfg = Debug|Any CPU
		{6A03A803-AD91-4E12-967E-39DCDB2BB030}.Debug|Any CPU.ActiveCfg = Debug|Any CPU
		{6A03A803-AD91-4E12-967E-39DCDB2BB030}.Debug|Any CPU.Build.0 = Debug|Any CPU
		{6A03A803-AD91-4E12-967E-39DCDB2BB030}.Debug|Mixed Platforms.ActiveCfg = Debug|Any CPU
		{6A03A803-AD91-4E12-967E-39DCDB2BB030}.Debug|Mixed Platforms.Build.0 = Debug|Any CPU
		{6A03A803-AD91-4E12-967E-39DCDB2BB030}.Debug|x86.ActiveCfg = Debug|x86
		{6A03A803-AD91-4E12-967E-39DCDB2BB030}.Debug|x86.Build.0 = Debug|x86
		{6A03A803-AD91-4E12-967E-39DCDB2BB030}.Release|.NET.ActiveCfg = Release|Any CPU
		{6A03A803-AD91-4E12-967E-39DCDB2BB030}.Release|Any CPU.ActiveCfg = Release|Any CPU
		{6A03A803-AD91-4E12-967E-39DCDB2BB030}.Release|Any CPU.Build.0 = Release|Any CPU
		{6A03A803-AD91-4E12-967E-39DCDB2BB030}.Release|Mixed Platforms.ActiveCfg = Release|Any CPU
		{6A03A803-AD91-4E12-967E-39DCDB2BB030}.Release|Mixed Platforms.Build.0 = Release|Any CPU
		{6A03A803-AD91-4E12-967E-39DCDB2BB030}.Release|x86.ActiveCfg = Release|x86
		{6A03A803-AD91-4E12-967E-39DCDB2BB030}.Release|x86.Build.0 = Release|x86
		{6A03A803-AD91-4E12-967E-39DCDB2BB030}.SilverlightOnly|.NET.ActiveCfg = SilverlightOnly|x86
		{6A03A803-AD91-4E12-967E-39DCDB2BB030}.SilverlightOnly|Any CPU.ActiveCfg = SilverlightOnly|Any CPU
		{6A03A803-AD91-4E12-967E-39DCDB2BB030}.SilverlightOnly|Any CPU.Build.0 = SilverlightOnly|Any CPU
		{6A03A803-AD91-4E12-967E-39DCDB2BB030}.SilverlightOnly|Mixed Platforms.ActiveCfg = Debug|x86
		{6A03A803-AD91-4E12-967E-39DCDB2BB030}.SilverlightOnly|Mixed Platforms.Build.0 = Debug|x86
		{6A03A803-AD91-4E12-967E-39DCDB2BB030}.SilverlightOnly|x86.ActiveCfg = SilverlightOnly|x86
		{6A03A803-AD91-4E12-967E-39DCDB2BB030}.SilverlightOnly|x86.Build.0 = SilverlightOnly|x86
		{3453DB43-46DA-45E6-AD22-48BC081BC738}.Debug|.NET.ActiveCfg = Debug|Any CPU
		{3453DB43-46DA-45E6-AD22-48BC081BC738}.Debug|Any CPU.ActiveCfg = Debug|Any CPU
		{3453DB43-46DA-45E6-AD22-48BC081BC738}.Debug|Any CPU.Build.0 = Debug|Any CPU
		{3453DB43-46DA-45E6-AD22-48BC081BC738}.Debug|Mixed Platforms.ActiveCfg = Debug|Any CPU
		{3453DB43-46DA-45E6-AD22-48BC081BC738}.Debug|Mixed Platforms.Build.0 = Debug|Any CPU
		{3453DB43-46DA-45E6-AD22-48BC081BC738}.Debug|x86.ActiveCfg = Debug|x86
		{3453DB43-46DA-45E6-AD22-48BC081BC738}.Debug|x86.Build.0 = Debug|x86
		{3453DB43-46DA-45E6-AD22-48BC081BC738}.Release|.NET.ActiveCfg = Release|Any CPU
		{3453DB43-46DA-45E6-AD22-48BC081BC738}.Release|Any CPU.ActiveCfg = Release|Any CPU
		{3453DB43-46DA-45E6-AD22-48BC081BC738}.Release|Any CPU.Build.0 = Release|Any CPU
		{3453DB43-46DA-45E6-AD22-48BC081BC738}.Release|Mixed Platforms.ActiveCfg = Release|Any CPU
		{3453DB43-46DA-45E6-AD22-48BC081BC738}.Release|Mixed Platforms.Build.0 = Release|Any CPU
		{3453DB43-46DA-45E6-AD22-48BC081BC738}.Release|x86.ActiveCfg = Release|x86
		{3453DB43-46DA-45E6-AD22-48BC081BC738}.Release|x86.Build.0 = Release|x86
		{3453DB43-46DA-45E6-AD22-48BC081BC738}.SilverlightOnly|.NET.ActiveCfg = SilverlightOnly|x86
		{3453DB43-46DA-45E6-AD22-48BC081BC738}.SilverlightOnly|Any CPU.ActiveCfg = SilverlightOnly|Any CPU
		{3453DB43-46DA-45E6-AD22-48BC081BC738}.SilverlightOnly|Any CPU.Build.0 = SilverlightOnly|Any CPU
		{3453DB43-46DA-45E6-AD22-48BC081BC738}.SilverlightOnly|Mixed Platforms.ActiveCfg = Debug|x86
		{3453DB43-46DA-45E6-AD22-48BC081BC738}.SilverlightOnly|x86.ActiveCfg = SilverlightOnly|x86
		{3453DB43-46DA-45E6-AD22-48BC081BC738}.SilverlightOnly|x86.Build.0 = SilverlightOnly|x86
		{7E0D2209-A416-4784-B350-83778D20A64B}.Debug|.NET.ActiveCfg = Debug|Any CPU
		{7E0D2209-A416-4784-B350-83778D20A64B}.Debug|Any CPU.ActiveCfg = Debug|Any CPU
		{7E0D2209-A416-4784-B350-83778D20A64B}.Debug|Any CPU.Build.0 = Debug|Any CPU
		{7E0D2209-A416-4784-B350-83778D20A64B}.Debug|Mixed Platforms.ActiveCfg = Debug|Any CPU
		{7E0D2209-A416-4784-B350-83778D20A64B}.Debug|Mixed Platforms.Build.0 = Debug|Any CPU
		{7E0D2209-A416-4784-B350-83778D20A64B}.Debug|x86.ActiveCfg = Debug|x86
		{7E0D2209-A416-4784-B350-83778D20A64B}.Debug|x86.Build.0 = Debug|x86
		{7E0D2209-A416-4784-B350-83778D20A64B}.Release|.NET.ActiveCfg = Release|Any CPU
		{7E0D2209-A416-4784-B350-83778D20A64B}.Release|Any CPU.ActiveCfg = Release|Any CPU
		{7E0D2209-A416-4784-B350-83778D20A64B}.Release|Any CPU.Build.0 = Release|Any CPU
		{7E0D2209-A416-4784-B350-83778D20A64B}.Release|Mixed Platforms.ActiveCfg = Release|Any CPU
		{7E0D2209-A416-4784-B350-83778D20A64B}.Release|Mixed Platforms.Build.0 = Release|Any CPU
		{7E0D2209-A416-4784-B350-83778D20A64B}.Release|x86.ActiveCfg = Release|x86
		{7E0D2209-A416-4784-B350-83778D20A64B}.Release|x86.Build.0 = Release|x86
		{7E0D2209-A416-4784-B350-83778D20A64B}.SilverlightOnly|.NET.ActiveCfg = SilverlightOnly|x86
		{7E0D2209-A416-4784-B350-83778D20A64B}.SilverlightOnly|Any CPU.ActiveCfg = SilverlightOnly|Any CPU
		{7E0D2209-A416-4784-B350-83778D20A64B}.SilverlightOnly|Any CPU.Build.0 = SilverlightOnly|Any CPU
		{7E0D2209-A416-4784-B350-83778D20A64B}.SilverlightOnly|Mixed Platforms.ActiveCfg = Debug|x86
		{7E0D2209-A416-4784-B350-83778D20A64B}.SilverlightOnly|x86.ActiveCfg = SilverlightOnly|x86
		{7E0D2209-A416-4784-B350-83778D20A64B}.SilverlightOnly|x86.Build.0 = SilverlightOnly|x86
		{A9D49DAC-E0D5-4C46-BBDF-EE575C795A5C}.Debug|.NET.ActiveCfg = Debug|Any CPU
		{A9D49DAC-E0D5-4C46-BBDF-EE575C795A5C}.Debug|Any CPU.ActiveCfg = Debug|Any CPU
		{A9D49DAC-E0D5-4C46-BBDF-EE575C795A5C}.Debug|Any CPU.Build.0 = Debug|Any CPU
		{A9D49DAC-E0D5-4C46-BBDF-EE575C795A5C}.Debug|Mixed Platforms.ActiveCfg = Debug|Any CPU
		{A9D49DAC-E0D5-4C46-BBDF-EE575C795A5C}.Debug|Mixed Platforms.Build.0 = Debug|Any CPU
		{A9D49DAC-E0D5-4C46-BBDF-EE575C795A5C}.Debug|x86.ActiveCfg = Debug|x86
		{A9D49DAC-E0D5-4C46-BBDF-EE575C795A5C}.Debug|x86.Build.0 = Debug|x86
		{A9D49DAC-E0D5-4C46-BBDF-EE575C795A5C}.Release|.NET.ActiveCfg = Release|Any CPU
		{A9D49DAC-E0D5-4C46-BBDF-EE575C795A5C}.Release|Any CPU.ActiveCfg = Release|Any CPU
		{A9D49DAC-E0D5-4C46-BBDF-EE575C795A5C}.Release|Any CPU.Build.0 = Release|Any CPU
		{A9D49DAC-E0D5-4C46-BBDF-EE575C795A5C}.Release|Mixed Platforms.ActiveCfg = Release|Any CPU
		{A9D49DAC-E0D5-4C46-BBDF-EE575C795A5C}.Release|Mixed Platforms.Build.0 = Release|Any CPU
		{A9D49DAC-E0D5-4C46-BBDF-EE575C795A5C}.Release|x86.ActiveCfg = Release|x86
		{A9D49DAC-E0D5-4C46-BBDF-EE575C795A5C}.Release|x86.Build.0 = Release|x86
		{A9D49DAC-E0D5-4C46-BBDF-EE575C795A5C}.SilverlightOnly|.NET.ActiveCfg = SilverlightOnly|x86
		{A9D49DAC-E0D5-4C46-BBDF-EE575C795A5C}.SilverlightOnly|Any CPU.ActiveCfg = SilverlightOnly|Any CPU
		{A9D49DAC-E0D5-4C46-BBDF-EE575C795A5C}.SilverlightOnly|Any CPU.Build.0 = SilverlightOnly|Any CPU
		{A9D49DAC-E0D5-4C46-BBDF-EE575C795A5C}.SilverlightOnly|Mixed Platforms.ActiveCfg = Debug|x86
		{A9D49DAC-E0D5-4C46-BBDF-EE575C795A5C}.SilverlightOnly|Mixed Platforms.Build.0 = Debug|x86
		{A9D49DAC-E0D5-4C46-BBDF-EE575C795A5C}.SilverlightOnly|x86.ActiveCfg = SilverlightOnly|x86
		{A9D49DAC-E0D5-4C46-BBDF-EE575C795A5C}.SilverlightOnly|x86.Build.0 = SilverlightOnly|x86
		{D14A7CE5-2ECD-41CB-A64D-0B386ABE7D89}.Debug|.NET.ActiveCfg = Debug|Any CPU
		{D14A7CE5-2ECD-41CB-A64D-0B386ABE7D89}.Debug|Any CPU.ActiveCfg = Debug|Any CPU
		{D14A7CE5-2ECD-41CB-A64D-0B386ABE7D89}.Debug|Any CPU.Build.0 = Debug|Any CPU
		{D14A7CE5-2ECD-41CB-A64D-0B386ABE7D89}.Debug|Mixed Platforms.ActiveCfg = Debug|Any CPU
		{D14A7CE5-2ECD-41CB-A64D-0B386ABE7D89}.Debug|Mixed Platforms.Build.0 = Debug|Any CPU
		{D14A7CE5-2ECD-41CB-A64D-0B386ABE7D89}.Debug|x86.ActiveCfg = Debug|Any CPU
		{D14A7CE5-2ECD-41CB-A64D-0B386ABE7D89}.Release|.NET.ActiveCfg = Release|Any CPU
		{D14A7CE5-2ECD-41CB-A64D-0B386ABE7D89}.Release|Any CPU.ActiveCfg = Release|Any CPU
		{D14A7CE5-2ECD-41CB-A64D-0B386ABE7D89}.Release|Any CPU.Build.0 = Release|Any CPU
		{D14A7CE5-2ECD-41CB-A64D-0B386ABE7D89}.Release|Mixed Platforms.ActiveCfg = Release|Any CPU
		{D14A7CE5-2ECD-41CB-A64D-0B386ABE7D89}.Release|Mixed Platforms.Build.0 = Release|Any CPU
		{D14A7CE5-2ECD-41CB-A64D-0B386ABE7D89}.Release|x86.ActiveCfg = Release|Any CPU
		{D14A7CE5-2ECD-41CB-A64D-0B386ABE7D89}.SilverlightOnly|.NET.ActiveCfg = SilverlightOnly|Any CPU
		{D14A7CE5-2ECD-41CB-A64D-0B386ABE7D89}.SilverlightOnly|Any CPU.ActiveCfg = SilverlightOnly|Any CPU
		{D14A7CE5-2ECD-41CB-A64D-0B386ABE7D89}.SilverlightOnly|Any CPU.Build.0 = SilverlightOnly|Any CPU
		{D14A7CE5-2ECD-41CB-A64D-0B386ABE7D89}.SilverlightOnly|Mixed Platforms.ActiveCfg = Debug|Any CPU
		{D14A7CE5-2ECD-41CB-A64D-0B386ABE7D89}.SilverlightOnly|x86.ActiveCfg = SilverlightOnly|Any CPU
		{CB8177A5-2B01-4D8C-B434-63C4400EC381}.Debug|.NET.ActiveCfg = Debug|x86
		{CB8177A5-2B01-4D8C-B434-63C4400EC381}.Debug|Any CPU.ActiveCfg = Debug|Any CPU
		{CB8177A5-2B01-4D8C-B434-63C4400EC381}.Debug|Any CPU.Build.0 = Debug|Any CPU
		{CB8177A5-2B01-4D8C-B434-63C4400EC381}.Debug|Mixed Platforms.ActiveCfg = Debug|x86
		{CB8177A5-2B01-4D8C-B434-63C4400EC381}.Debug|Mixed Platforms.Build.0 = Debug|x86
		{CB8177A5-2B01-4D8C-B434-63C4400EC381}.Debug|x86.ActiveCfg = Debug|x86
		{CB8177A5-2B01-4D8C-B434-63C4400EC381}.Debug|x86.Build.0 = Debug|x86
		{CB8177A5-2B01-4D8C-B434-63C4400EC381}.Release|.NET.ActiveCfg = Release|x86
		{CB8177A5-2B01-4D8C-B434-63C4400EC381}.Release|Any CPU.ActiveCfg = Release|Any CPU
		{CB8177A5-2B01-4D8C-B434-63C4400EC381}.Release|Any CPU.Build.0 = Release|Any CPU
		{CB8177A5-2B01-4D8C-B434-63C4400EC381}.Release|Mixed Platforms.ActiveCfg = Release|x86
		{CB8177A5-2B01-4D8C-B434-63C4400EC381}.Release|Mixed Platforms.Build.0 = Release|x86
		{CB8177A5-2B01-4D8C-B434-63C4400EC381}.Release|x86.ActiveCfg = Release|x86
		{CB8177A5-2B01-4D8C-B434-63C4400EC381}.Release|x86.Build.0 = Release|x86
		{CB8177A5-2B01-4D8C-B434-63C4400EC381}.SilverlightOnly|.NET.ActiveCfg = SilverlightOnly|x86
		{CB8177A5-2B01-4D8C-B434-63C4400EC381}.SilverlightOnly|Any CPU.ActiveCfg = SilverlightOnly|Any CPU
		{CB8177A5-2B01-4D8C-B434-63C4400EC381}.SilverlightOnly|Any CPU.Build.0 = SilverlightOnly|Any CPU
		{CB8177A5-2B01-4D8C-B434-63C4400EC381}.SilverlightOnly|Mixed Platforms.ActiveCfg = Debug|x86
		{CB8177A5-2B01-4D8C-B434-63C4400EC381}.SilverlightOnly|x86.ActiveCfg = SilverlightOnly|x86
		{CB8177A5-2B01-4D8C-B434-63C4400EC381}.SilverlightOnly|x86.Build.0 = SilverlightOnly|x86
		{677A24F2-5643-4960-BD8E-FFD739696099}.Debug|.NET.ActiveCfg = Debug|Any CPU
		{677A24F2-5643-4960-BD8E-FFD739696099}.Debug|Any CPU.ActiveCfg = Debug|Any CPU
		{677A24F2-5643-4960-BD8E-FFD739696099}.Debug|Any CPU.Build.0 = Debug|Any CPU
		{677A24F2-5643-4960-BD8E-FFD739696099}.Debug|Mixed Platforms.ActiveCfg = Debug|Any CPU
		{677A24F2-5643-4960-BD8E-FFD739696099}.Debug|Mixed Platforms.Build.0 = Debug|Any CPU
		{677A24F2-5643-4960-BD8E-FFD739696099}.Debug|x86.ActiveCfg = Debug|Any CPU
		{677A24F2-5643-4960-BD8E-FFD739696099}.Release|.NET.ActiveCfg = Release|Any CPU
		{677A24F2-5643-4960-BD8E-FFD739696099}.Release|Any CPU.ActiveCfg = Release|Any CPU
		{677A24F2-5643-4960-BD8E-FFD739696099}.Release|Any CPU.Build.0 = Release|Any CPU
		{677A24F2-5643-4960-BD8E-FFD739696099}.Release|Mixed Platforms.ActiveCfg = Release|Any CPU
		{677A24F2-5643-4960-BD8E-FFD739696099}.Release|Mixed Platforms.Build.0 = Release|Any CPU
		{677A24F2-5643-4960-BD8E-FFD739696099}.Release|x86.ActiveCfg = Release|Any CPU
		{677A24F2-5643-4960-BD8E-FFD739696099}.SilverlightOnly|.NET.ActiveCfg = SilverlightOnly|Any CPU
		{677A24F2-5643-4960-BD8E-FFD739696099}.SilverlightOnly|Any CPU.ActiveCfg = SilverlightOnly|Any CPU
		{677A24F2-5643-4960-BD8E-FFD739696099}.SilverlightOnly|Any CPU.Build.0 = SilverlightOnly|Any CPU
		{677A24F2-5643-4960-BD8E-FFD739696099}.SilverlightOnly|Mixed Platforms.ActiveCfg = Debug|Any CPU
		{677A24F2-5643-4960-BD8E-FFD739696099}.SilverlightOnly|Mixed Platforms.Build.0 = Debug|Any CPU
		{677A24F2-5643-4960-BD8E-FFD739696099}.SilverlightOnly|x86.ActiveCfg = SilverlightOnly|Any CPU
		{36AE7049-A84A-43B1-8CE4-4A63F993A0A3}.Debug|.NET.ActiveCfg = Debug|Any CPU
		{36AE7049-A84A-43B1-8CE4-4A63F993A0A3}.Debug|Any CPU.ActiveCfg = Debug|Any CPU
		{36AE7049-A84A-43B1-8CE4-4A63F993A0A3}.Debug|Any CPU.Build.0 = Debug|Any CPU
		{36AE7049-A84A-43B1-8CE4-4A63F993A0A3}.Debug|Mixed Platforms.ActiveCfg = Debug|Any CPU
		{36AE7049-A84A-43B1-8CE4-4A63F993A0A3}.Debug|Mixed Platforms.Build.0 = Debug|Any CPU
		{36AE7049-A84A-43B1-8CE4-4A63F993A0A3}.Debug|x86.ActiveCfg = Debug|Any CPU
		{36AE7049-A84A-43B1-8CE4-4A63F993A0A3}.Release|.NET.ActiveCfg = Release|Any CPU
		{36AE7049-A84A-43B1-8CE4-4A63F993A0A3}.Release|Any CPU.ActiveCfg = Release|Any CPU
		{36AE7049-A84A-43B1-8CE4-4A63F993A0A3}.Release|Any CPU.Build.0 = Release|Any CPU
		{36AE7049-A84A-43B1-8CE4-4A63F993A0A3}.Release|Mixed Platforms.ActiveCfg = Release|Any CPU
		{36AE7049-A84A-43B1-8CE4-4A63F993A0A3}.Release|Mixed Platforms.Build.0 = Release|Any CPU
		{36AE7049-A84A-43B1-8CE4-4A63F993A0A3}.Release|x86.ActiveCfg = Release|Any CPU
		{36AE7049-A84A-43B1-8CE4-4A63F993A0A3}.SilverlightOnly|.NET.ActiveCfg = SilverlightOnly|Any CPU
		{36AE7049-A84A-43B1-8CE4-4A63F993A0A3}.SilverlightOnly|Any CPU.ActiveCfg = SilverlightOnly|Any CPU
		{36AE7049-A84A-43B1-8CE4-4A63F993A0A3}.SilverlightOnly|Any CPU.Build.0 = SilverlightOnly|Any CPU
		{36AE7049-A84A-43B1-8CE4-4A63F993A0A3}.SilverlightOnly|Mixed Platforms.ActiveCfg = Debug|Any CPU
		{36AE7049-A84A-43B1-8CE4-4A63F993A0A3}.SilverlightOnly|Mixed Platforms.Build.0 = Debug|Any CPU
		{36AE7049-A84A-43B1-8CE4-4A63F993A0A3}.SilverlightOnly|x86.ActiveCfg = SilverlightOnly|Any CPU
		{993980A0-8D06-4635-8296-40E9FFF9C301}.Debug|.NET.ActiveCfg = Debug|Any CPU
		{993980A0-8D06-4635-8296-40E9FFF9C301}.Debug|Any CPU.ActiveCfg = Debug|Any CPU
		{993980A0-8D06-4635-8296-40E9FFF9C301}.Debug|Any CPU.Build.0 = Debug|Any CPU
		{993980A0-8D06-4635-8296-40E9FFF9C301}.Debug|Mixed Platforms.ActiveCfg = Debug|Any CPU
		{993980A0-8D06-4635-8296-40E9FFF9C301}.Debug|Mixed Platforms.Build.0 = Debug|Any CPU
		{993980A0-8D06-4635-8296-40E9FFF9C301}.Debug|x86.ActiveCfg = Debug|Any CPU
		{993980A0-8D06-4635-8296-40E9FFF9C301}.Release|.NET.ActiveCfg = Release|Any CPU
		{993980A0-8D06-4635-8296-40E9FFF9C301}.Release|Any CPU.ActiveCfg = Release|Any CPU
		{993980A0-8D06-4635-8296-40E9FFF9C301}.Release|Any CPU.Build.0 = Release|Any CPU
		{993980A0-8D06-4635-8296-40E9FFF9C301}.Release|Mixed Platforms.ActiveCfg = Release|Any CPU
		{993980A0-8D06-4635-8296-40E9FFF9C301}.Release|Mixed Platforms.Build.0 = Release|Any CPU
		{993980A0-8D06-4635-8296-40E9FFF9C301}.Release|x86.ActiveCfg = Release|Any CPU
		{993980A0-8D06-4635-8296-40E9FFF9C301}.SilverlightOnly|.NET.ActiveCfg = SilverlightOnly|Any CPU
		{993980A0-8D06-4635-8296-40E9FFF9C301}.SilverlightOnly|Any CPU.ActiveCfg = SilverlightOnly|Any CPU
		{993980A0-8D06-4635-8296-40E9FFF9C301}.SilverlightOnly|Any CPU.Build.0 = SilverlightOnly|Any CPU
		{993980A0-8D06-4635-8296-40E9FFF9C301}.SilverlightOnly|Mixed Platforms.ActiveCfg = Debug|Any CPU
		{993980A0-8D06-4635-8296-40E9FFF9C301}.SilverlightOnly|x86.ActiveCfg = SilverlightOnly|Any CPU
		{C9A87706-BDD5-4596-9B4D-59EEA4BA6407}.Debug|.NET.ActiveCfg = Debug|Any CPU
		{C9A87706-BDD5-4596-9B4D-59EEA4BA6407}.Debug|Any CPU.ActiveCfg = Debug|Any CPU
		{C9A87706-BDD5-4596-9B4D-59EEA4BA6407}.Debug|Any CPU.Build.0 = Debug|Any CPU
		{C9A87706-BDD5-4596-9B4D-59EEA4BA6407}.Debug|Mixed Platforms.ActiveCfg = Debug|Any CPU
		{C9A87706-BDD5-4596-9B4D-59EEA4BA6407}.Debug|Mixed Platforms.Build.0 = Debug|Any CPU
		{C9A87706-BDD5-4596-9B4D-59EEA4BA6407}.Debug|x86.ActiveCfg = Debug|Any CPU
		{C9A87706-BDD5-4596-9B4D-59EEA4BA6407}.Release|.NET.ActiveCfg = Release|Any CPU
		{C9A87706-BDD5-4596-9B4D-59EEA4BA6407}.Release|Any CPU.ActiveCfg = Release|Any CPU
		{C9A87706-BDD5-4596-9B4D-59EEA4BA6407}.Release|Any CPU.Build.0 = Release|Any CPU
		{C9A87706-BDD5-4596-9B4D-59EEA4BA6407}.Release|Mixed Platforms.ActiveCfg = Release|Any CPU
		{C9A87706-BDD5-4596-9B4D-59EEA4BA6407}.Release|Mixed Platforms.Build.0 = Release|Any CPU
		{C9A87706-BDD5-4596-9B4D-59EEA4BA6407}.Release|x86.ActiveCfg = Release|Any CPU
		{C9A87706-BDD5-4596-9B4D-59EEA4BA6407}.SilverlightOnly|.NET.ActiveCfg = SilverlightOnly|Any CPU
		{C9A87706-BDD5-4596-9B4D-59EEA4BA6407}.SilverlightOnly|Any CPU.ActiveCfg = SilverlightOnly|Any CPU
		{C9A87706-BDD5-4596-9B4D-59EEA4BA6407}.SilverlightOnly|Any CPU.Build.0 = SilverlightOnly|Any CPU
		{C9A87706-BDD5-4596-9B4D-59EEA4BA6407}.SilverlightOnly|Mixed Platforms.ActiveCfg = Debug|Any CPU
		{C9A87706-BDD5-4596-9B4D-59EEA4BA6407}.SilverlightOnly|x86.ActiveCfg = SilverlightOnly|Any CPU
		{0C8D967A-FF1B-4F1D-95E9-9203D6D04783}.Debug|.NET.ActiveCfg = Debug|Any CPU
		{0C8D967A-FF1B-4F1D-95E9-9203D6D04783}.Debug|Any CPU.ActiveCfg = Debug|Any CPU
		{0C8D967A-FF1B-4F1D-95E9-9203D6D04783}.Debug|Any CPU.Build.0 = Debug|Any CPU
		{0C8D967A-FF1B-4F1D-95E9-9203D6D04783}.Debug|Mixed Platforms.ActiveCfg = Debug|Any CPU
		{0C8D967A-FF1B-4F1D-95E9-9203D6D04783}.Debug|Mixed Platforms.Build.0 = Debug|Any CPU
		{0C8D967A-FF1B-4F1D-95E9-9203D6D04783}.Debug|x86.ActiveCfg = Debug|Any CPU
		{0C8D967A-FF1B-4F1D-95E9-9203D6D04783}.Release|.NET.ActiveCfg = Release|Any CPU
		{0C8D967A-FF1B-4F1D-95E9-9203D6D04783}.Release|Any CPU.ActiveCfg = Release|Any CPU
		{0C8D967A-FF1B-4F1D-95E9-9203D6D04783}.Release|Any CPU.Build.0 = Release|Any CPU
		{0C8D967A-FF1B-4F1D-95E9-9203D6D04783}.Release|Mixed Platforms.ActiveCfg = Release|Any CPU
		{0C8D967A-FF1B-4F1D-95E9-9203D6D04783}.Release|Mixed Platforms.Build.0 = Release|Any CPU
		{0C8D967A-FF1B-4F1D-95E9-9203D6D04783}.Release|x86.ActiveCfg = Release|Any CPU
		{0C8D967A-FF1B-4F1D-95E9-9203D6D04783}.SilverlightOnly|.NET.ActiveCfg = SilverlightOnly|Any CPU
		{0C8D967A-FF1B-4F1D-95E9-9203D6D04783}.SilverlightOnly|Any CPU.ActiveCfg = SilverlightOnly|Any CPU
		{0C8D967A-FF1B-4F1D-95E9-9203D6D04783}.SilverlightOnly|Any CPU.Build.0 = SilverlightOnly|Any CPU
		{0C8D967A-FF1B-4F1D-95E9-9203D6D04783}.SilverlightOnly|Mixed Platforms.ActiveCfg = Debug|Any CPU
		{0C8D967A-FF1B-4F1D-95E9-9203D6D04783}.SilverlightOnly|x86.ActiveCfg = SilverlightOnly|Any CPU
		{B9EC9F19-9EDD-4DB4-BB56-01296A20E91F}.Debug|.NET.ActiveCfg = Debug|Any CPU
		{B9EC9F19-9EDD-4DB4-BB56-01296A20E91F}.Debug|Any CPU.ActiveCfg = Debug|Any CPU
		{B9EC9F19-9EDD-4DB4-BB56-01296A20E91F}.Debug|Any CPU.Build.0 = Debug|Any CPU
		{B9EC9F19-9EDD-4DB4-BB56-01296A20E91F}.Debug|Mixed Platforms.ActiveCfg = Debug|Any CPU
		{B9EC9F19-9EDD-4DB4-BB56-01296A20E91F}.Debug|Mixed Platforms.Build.0 = Debug|Any CPU
		{B9EC9F19-9EDD-4DB4-BB56-01296A20E91F}.Debug|x86.ActiveCfg = Debug|Any CPU
		{B9EC9F19-9EDD-4DB4-BB56-01296A20E91F}.Release|.NET.ActiveCfg = Release|Any CPU
		{B9EC9F19-9EDD-4DB4-BB56-01296A20E91F}.Release|Any CPU.ActiveCfg = Release|Any CPU
		{B9EC9F19-9EDD-4DB4-BB56-01296A20E91F}.Release|Any CPU.Build.0 = Release|Any CPU
		{B9EC9F19-9EDD-4DB4-BB56-01296A20E91F}.Release|Mixed Platforms.ActiveCfg = Release|Any CPU
		{B9EC9F19-9EDD-4DB4-BB56-01296A20E91F}.Release|Mixed Platforms.Build.0 = Release|Any CPU
		{B9EC9F19-9EDD-4DB4-BB56-01296A20E91F}.Release|x86.ActiveCfg = Release|Any CPU
		{B9EC9F19-9EDD-4DB4-BB56-01296A20E91F}.SilverlightOnly|.NET.ActiveCfg = SilverlightOnly|Any CPU
		{B9EC9F19-9EDD-4DB4-BB56-01296A20E91F}.SilverlightOnly|Any CPU.ActiveCfg = SilverlightOnly|Any CPU
		{B9EC9F19-9EDD-4DB4-BB56-01296A20E91F}.SilverlightOnly|Any CPU.Build.0 = SilverlightOnly|Any CPU
		{B9EC9F19-9EDD-4DB4-BB56-01296A20E91F}.SilverlightOnly|Mixed Platforms.ActiveCfg = Debug|Any CPU
		{B9EC9F19-9EDD-4DB4-BB56-01296A20E91F}.SilverlightOnly|Mixed Platforms.Build.0 = Debug|Any CPU
		{B9EC9F19-9EDD-4DB4-BB56-01296A20E91F}.SilverlightOnly|x86.ActiveCfg = SilverlightOnly|Any CPU
		{FB088810-E5A8-4A22-9598-5BA99A963D5B}.Debug|.NET.ActiveCfg = Debug|Any CPU
		{FB088810-E5A8-4A22-9598-5BA99A963D5B}.Debug|Any CPU.ActiveCfg = Debug|Any CPU
		{FB088810-E5A8-4A22-9598-5BA99A963D5B}.Debug|Any CPU.Build.0 = Debug|Any CPU
		{FB088810-E5A8-4A22-9598-5BA99A963D5B}.Debug|Mixed Platforms.ActiveCfg = Debug|Any CPU
		{FB088810-E5A8-4A22-9598-5BA99A963D5B}.Debug|Mixed Platforms.Build.0 = Debug|Any CPU
		{FB088810-E5A8-4A22-9598-5BA99A963D5B}.Debug|x86.ActiveCfg = Debug|Any CPU
		{FB088810-E5A8-4A22-9598-5BA99A963D5B}.Release|.NET.ActiveCfg = Release|Any CPU
		{FB088810-E5A8-4A22-9598-5BA99A963D5B}.Release|Any CPU.ActiveCfg = Release|Any CPU
		{FB088810-E5A8-4A22-9598-5BA99A963D5B}.Release|Any CPU.Build.0 = Release|Any CPU
		{FB088810-E5A8-4A22-9598-5BA99A963D5B}.Release|Mixed Platforms.ActiveCfg = Release|Any CPU
		{FB088810-E5A8-4A22-9598-5BA99A963D5B}.Release|Mixed Platforms.Build.0 = Release|Any CPU
		{FB088810-E5A8-4A22-9598-5BA99A963D5B}.Release|x86.ActiveCfg = Release|Any CPU
		{FB088810-E5A8-4A22-9598-5BA99A963D5B}.SilverlightOnly|.NET.ActiveCfg = SilverlightOnly|Any CPU
		{FB088810-E5A8-4A22-9598-5BA99A963D5B}.SilverlightOnly|Any CPU.ActiveCfg = SilverlightOnly|Any CPU
		{FB088810-E5A8-4A22-9598-5BA99A963D5B}.SilverlightOnly|Any CPU.Build.0 = SilverlightOnly|Any CPU
		{FB088810-E5A8-4A22-9598-5BA99A963D5B}.SilverlightOnly|Mixed Platforms.ActiveCfg = Debug|Any CPU
		{FB088810-E5A8-4A22-9598-5BA99A963D5B}.SilverlightOnly|Mixed Platforms.Build.0 = Debug|Any CPU
		{FB088810-E5A8-4A22-9598-5BA99A963D5B}.SilverlightOnly|x86.ActiveCfg = SilverlightOnly|Any CPU
		{CCD85AA5-FD9F-49A9-B6D6-046A3BF55DCB}.Debug|.NET.ActiveCfg = Debug|Any CPU
		{CCD85AA5-FD9F-49A9-B6D6-046A3BF55DCB}.Debug|Any CPU.ActiveCfg = Debug|Any CPU
		{CCD85AA5-FD9F-49A9-B6D6-046A3BF55DCB}.Debug|Any CPU.Build.0 = Debug|Any CPU
		{CCD85AA5-FD9F-49A9-B6D6-046A3BF55DCB}.Debug|Mixed Platforms.ActiveCfg = Debug|Any CPU
		{CCD85AA5-FD9F-49A9-B6D6-046A3BF55DCB}.Debug|Mixed Platforms.Build.0 = Debug|Any CPU
		{CCD85AA5-FD9F-49A9-B6D6-046A3BF55DCB}.Debug|x86.ActiveCfg = Debug|Any CPU
		{CCD85AA5-FD9F-49A9-B6D6-046A3BF55DCB}.Release|.NET.ActiveCfg = Release|Any CPU
		{CCD85AA5-FD9F-49A9-B6D6-046A3BF55DCB}.Release|Any CPU.ActiveCfg = Release|Any CPU
		{CCD85AA5-FD9F-49A9-B6D6-046A3BF55DCB}.Release|Any CPU.Build.0 = Release|Any CPU
		{CCD85AA5-FD9F-49A9-B6D6-046A3BF55DCB}.Release|Mixed Platforms.ActiveCfg = Release|Any CPU
		{CCD85AA5-FD9F-49A9-B6D6-046A3BF55DCB}.Release|Mixed Platforms.Build.0 = Release|Any CPU
		{CCD85AA5-FD9F-49A9-B6D6-046A3BF55DCB}.Release|x86.ActiveCfg = Release|Any CPU
		{CCD85AA5-FD9F-49A9-B6D6-046A3BF55DCB}.SilverlightOnly|.NET.ActiveCfg = SilverlightOnly|Any CPU
		{CCD85AA5-FD9F-49A9-B6D6-046A3BF55DCB}.SilverlightOnly|Any CPU.ActiveCfg = SilverlightOnly|Any CPU
		{CCD85AA5-FD9F-49A9-B6D6-046A3BF55DCB}.SilverlightOnly|Any CPU.Build.0 = SilverlightOnly|Any CPU
		{CCD85AA5-FD9F-49A9-B6D6-046A3BF55DCB}.SilverlightOnly|Mixed Platforms.ActiveCfg = Debug|Any CPU
		{CCD85AA5-FD9F-49A9-B6D6-046A3BF55DCB}.SilverlightOnly|Mixed Platforms.Build.0 = Debug|Any CPU
		{CCD85AA5-FD9F-49A9-B6D6-046A3BF55DCB}.SilverlightOnly|x86.ActiveCfg = SilverlightOnly|Any CPU
		{A1D9D08B-B8B0-44A1-ACF7-175BF1F65C17}.Debug|.NET.ActiveCfg = Debug|Any CPU
		{A1D9D08B-B8B0-44A1-ACF7-175BF1F65C17}.Debug|Any CPU.ActiveCfg = Debug|Any CPU
		{A1D9D08B-B8B0-44A1-ACF7-175BF1F65C17}.Debug|Any CPU.Build.0 = Debug|Any CPU
		{A1D9D08B-B8B0-44A1-ACF7-175BF1F65C17}.Debug|Mixed Platforms.ActiveCfg = Debug|Any CPU
		{A1D9D08B-B8B0-44A1-ACF7-175BF1F65C17}.Debug|Mixed Platforms.Build.0 = Debug|Any CPU
		{A1D9D08B-B8B0-44A1-ACF7-175BF1F65C17}.Debug|x86.ActiveCfg = Debug|Any CPU
		{A1D9D08B-B8B0-44A1-ACF7-175BF1F65C17}.Release|.NET.ActiveCfg = Release|Any CPU
		{A1D9D08B-B8B0-44A1-ACF7-175BF1F65C17}.Release|Any CPU.ActiveCfg = Release|Any CPU
		{A1D9D08B-B8B0-44A1-ACF7-175BF1F65C17}.Release|Any CPU.Build.0 = Release|Any CPU
		{A1D9D08B-B8B0-44A1-ACF7-175BF1F65C17}.Release|Mixed Platforms.ActiveCfg = Release|Any CPU
		{A1D9D08B-B8B0-44A1-ACF7-175BF1F65C17}.Release|Mixed Platforms.Build.0 = Release|Any CPU
		{A1D9D08B-B8B0-44A1-ACF7-175BF1F65C17}.Release|x86.ActiveCfg = Release|Any CPU
		{A1D9D08B-B8B0-44A1-ACF7-175BF1F65C17}.SilverlightOnly|.NET.ActiveCfg = Release|Any CPU
		{A1D9D08B-B8B0-44A1-ACF7-175BF1F65C17}.SilverlightOnly|Any CPU.ActiveCfg = Release|Any CPU
		{A1D9D08B-B8B0-44A1-ACF7-175BF1F65C17}.SilverlightOnly|Any CPU.Build.0 = Release|Any CPU
		{A1D9D08B-B8B0-44A1-ACF7-175BF1F65C17}.SilverlightOnly|Mixed Platforms.ActiveCfg = Debug|Any CPU
		{A1D9D08B-B8B0-44A1-ACF7-175BF1F65C17}.SilverlightOnly|Mixed Platforms.Build.0 = Debug|Any CPU
		{A1D9D08B-B8B0-44A1-ACF7-175BF1F65C17}.SilverlightOnly|x86.ActiveCfg = Release|Any CPU
	EndGlobalSection
	GlobalSection(SolutionProperties) = preSolution
		HideSolutionNode = FALSE
	EndGlobalSection
	GlobalSection(NestedProjects) = preSolution
		{36AE7049-A84A-43B1-8CE4-4A63F993A0A3} = {1078E05E-D251-4225-AEC0-B8077B0ABB75}
		{E9A5C60A-ADD0-4667-A099-1BE9DC3155BE} = {1078E05E-D251-4225-AEC0-B8077B0ABB75}
		{B9EC9F19-9EDD-4DB4-BB56-01296A20E91F} = {1078E05E-D251-4225-AEC0-B8077B0ABB75}
		{FB088810-E5A8-4A22-9598-5BA99A963D5B} = {1078E05E-D251-4225-AEC0-B8077B0ABB75}
		{677A24F2-5643-4960-BD8E-FFD739696099} = {1078E05E-D251-4225-AEC0-B8077B0ABB75}
		{A1D9D08B-B8B0-44A1-ACF7-175BF1F65C17} = {1078E05E-D251-4225-AEC0-B8077B0ABB75}
		{C9A87706-BDD5-4596-9B4D-59EEA4BA6407} = {E9A5C60A-ADD0-4667-A099-1BE9DC3155BE}
		{0C8D967A-FF1B-4F1D-95E9-9203D6D04783} = {E9A5C60A-ADD0-4667-A099-1BE9DC3155BE}
	EndGlobalSection
EndGlobal
