
Microsoft Visual Studio Solution File, Format Version 12.00
# Visual Studio 2012
Project("{2150E333-8FDC-42A3-9474-1A3956D46DE8}") = "Solution Items", "Solution Items", "{A050BD53-DEE0-40F3-BEAB-1F7474533C40}"
EndProject
Project("{2150E333-8FDC-42A3-9474-1A3956D46DE8}") = ".nuget", ".nuget", "{138943DF-78D7-46ED-9F96-ABBA34CD2350}"
	ProjectSection(SolutionItems) = preProject
		.nuget\NuGet.Config = .nuget\NuGet.Config
		.nuget\NuGet.exe = .nuget\NuGet.exe
		.nuget\NuGet.targets = .nuget\NuGet.targets
	EndProjectSection
EndProject
Project("{2150E333-8FDC-42A3-9474-1A3956D46DE8}") = "FELT", "FELT", "{601CA08A-2ED7-441E-BDFA-A8C04FEF0EC9}"
EndProject
Project("{2150E333-8FDC-42A3-9474-1A3956D46DE8}") = ".nuget", ".nuget", "{58F7CE31-1633-4483-A051-125F349B3AA0}"
	ProjectSection(SolutionItems) = preProject
		FELT\.nuget\NuGet.exe = FELT\.nuget\NuGet.exe
		FELT\.nuget\NuGet.targets = FELT\.nuget\NuGet.targets
	EndProjectSection
EndProject
Project("{F2A71F9B-5D33-465A-A702-920D77279786}") = "AED", "AED\AED\AED.fsproj", "{993980A0-8D06-4635-8296-40E9FFF9C301}"
EndProject
Project("{FAE04EC0-301F-11D3-BF4B-00C04F79EFBC}") = "AnalysisPrograms", "AnalysisPrograms\AnalysisPrograms.csproj", "{EC323929-0160-46BC-A04B-B4A66D02E757}"
EndProject
Project("{FAE04EC0-301F-11D3-BF4B-00C04F79EFBC}") = "AudioAnalysisTools", "AudioAnalysisTools\AudioAnalysisTools.csproj", "{86855CBC-7243-492A-A500-2DE36CC7C825}"
EndProject
Project("{F2A71F9B-5D33-465A-A702-920D77279786}") = "AEDTest", "AED\Test\AEDTest.fsproj", "{3BDC343E-005B-4A94-B90E-62D17F5CABEB}"
EndProject
Project("{FAE04EC0-301F-11D3-BF4B-00C04F79EFBC}") = "AudioBrowser", "AudioBrowser\AudioBrowser.csproj", "{8CF8E5E5-E6B5-4E33-BA48-03F4B25EB6DB}"
EndProject
Project("{FAE04EC0-301F-11D3-BF4B-00C04F79EFBC}") = "Acoustics.Tools", "..\Acoustics\Acoustics.Tools\Acoustics.Tools.csproj", "{0338570E-5A77-4A2E-8E17-7955C36AE1F7}"
EndProject
Project("{FAE04EC0-301F-11D3-BF4B-00C04F79EFBC}") = "Acoustics.Shared", "..\Acoustics\Acoustics.Shared\Acoustics.Shared.csproj", "{EF04F5A8-D4BD-4CD1-BFC2-F6AD2D9C7927}"
EndProject
Project("{FAE04EC0-301F-11D3-BF4B-00C04F79EFBC}") = "AnalysisBase", "AnalysisBase\AnalysisBase.csproj", "{80BC795A-A987-45AB-B29B-76CF190384BA}"
EndProject
Project("{FAE04EC0-301F-11D3-BF4B-00C04F79EFBC}") = "AnalysisRunner", "AnalysisRunner\AnalysisRunner.csproj", "{EEB8AE89-A07B-4974-8685-88BDCFF22C78}"
EndProject
Project("{FAE04EC0-301F-11D3-BF4B-00C04F79EFBC}") = "Acoustics.Test", "..\Acoustics\Acoustics.Test\Acoustics.Test.csproj", "{99B8FFB6-3C32-4F26-A1DF-F9B8A8FC0C05}"
EndProject
Project("{FAE04EC0-301F-11D3-BF4B-00C04F79EFBC}") = "Analysis.Test", "Analysis.Test\Analysis.Test.csproj", "{20FB1E89-2C34-46CF-9EE7-6C8048911F55}"
EndProject
Project("{F2A71F9B-5D33-465A-A702-920D77279786}") = "FELT", "FELT\FELT\FELT.fsproj", "{73B9C579-F539-426F-9852-1EFCBA75C0D5}"
EndProject
Project("{F2A71F9B-5D33-465A-A702-920D77279786}") = "MQUTeR.FSharp.Shared", "FELT\Shared\MQUTeR.FSharp.Shared.fsproj", "{9A0FBE53-07FD-4DCF-97EC-7812BADD89D4}"
EndProject
Project("{F2A71F9B-5D33-465A-A702-920D77279786}") = "FELT.Runner", "FELT\FeltRunner\FELT.Runner.fsproj", "{372A71B7-7505-4A40-8139-BE6D89281C9B}"
EndProject
Project("{FAE04EC0-301F-11D3-BF4B-00C04F79EFBC}") = "FELT.Tests", "FELT\FELT.Tests\FELT.Tests.csproj", "{D5761255-D675-463A-98CB-2E6F60F39408}"
EndProject
Project("{FAE04EC0-301F-11D3-BF4B-00C04F79EFBC}") = "EcosoundsFeltAdapter", "FELT\EcosoundsFeltAdapter\EcosoundsFeltAdapter.csproj", "{9999ADED-5392-409C-9D5C-58C6EC3A1DA5}"
EndProject
Project("{FAE04EC0-301F-11D3-BF4B-00C04F79EFBC}") = "Dong.Felt", "Dong.Felt\Dong.Felt.csproj", "{B9B1E1AB-BDF5-4100-8839-27901CA12AFD}"
EndProject
Project("{FAE04EC0-301F-11D3-BF4B-00C04F79EFBC}") = "SammonProjection", "SammonProjection\SammonProjection.csproj", "{ADCAB854-897B-4604-94BA-AAFCB4FB81A6}"
EndProject
Project("{2150E333-8FDC-42A3-9474-1A3956D46DE8}") = ".build", ".build", "{90D785B5-36C3-46C9-8EC5-DE2FA4A4BC2E}"
	ProjectSection(SolutionItems) = preProject
		Build.proj = Build.proj
		.build\MSBuild.Community.Tasks.dll = .build\MSBuild.Community.Tasks.dll
		.build\MSBuild.Community.Tasks.targets = .build\MSBuild.Community.Tasks.targets
	EndProjectSection
EndProject
Project("{FAE04EC0-301F-11D3-BF4B-00C04F79EFBC}") = "QutBioacosutics.Xie", "QutBioacosutics.Xie\QutBioacosutics.Xie.csproj", "{15741EAD-ECD6-42F8-AB13-EA4AE636936E}"
EndProject
Project("{2150E333-8FDC-42A3-9474-1A3956D46DE8}") = "Students", "Students", "{CE056CCB-9A72-4B5C-A4F6-9BE18D45ECCE}"
EndProject
Project("{2150E333-8FDC-42A3-9474-1A3956D46DE8}") = "FSharp", "FSharp", "{1EED9C9C-4113-4DC7-9722-676B5CE3EAC4}"
EndProject
Project("{2150E333-8FDC-42A3-9474-1A3956D46DE8}") = "Core", "Core", "{2C6A426C-01D7-432E-AF76-824346A9CD38}"
EndProject
Project("{FAE04EC0-301F-11D3-BF4B-00C04F79EFBC}") = "TowseyLibrary", "TowseyLibrary\TowseyLibrary.csproj", "{7C6831FD-F60C-4F7B-8E6A-35E850174411}"
EndProject
Global
	GlobalSection(SolutionConfigurationPlatforms) = preSolution
		AudioAnalysis|Any CPU = AudioAnalysis|Any CPU
		AudioAnalysis|Mixed Platforms = AudioAnalysis|Mixed Platforms
		AudioAnalysis|x64 = AudioAnalysis|x64
		AudioAnalysis|x86 = AudioAnalysis|x86
		Core|Any CPU = Core|Any CPU
		Core|Mixed Platforms = Core|Mixed Platforms
		Core|x64 = Core|x64
		Core|x86 = Core|x86
		Debug|Any CPU = Debug|Any CPU
		Debug|Mixed Platforms = Debug|Mixed Platforms
		Debug|x64 = Debug|x64
		Debug|x86 = Debug|x86
		Debugx64|Any CPU = Debugx64|Any CPU
		Debugx64|Mixed Platforms = Debugx64|Mixed Platforms
		Debugx64|x64 = Debugx64|x64
		Debugx64|x86 = Debugx64|x86
		Release|Any CPU = Release|Any CPU
		Release|Mixed Platforms = Release|Mixed Platforms
		Release|x64 = Release|x64
		Release|x86 = Release|x86
		SilverlightOnly|Any CPU = SilverlightOnly|Any CPU
		SilverlightOnly|Mixed Platforms = SilverlightOnly|Mixed Platforms
		SilverlightOnly|x64 = SilverlightOnly|x64
		SilverlightOnly|x86 = SilverlightOnly|x86
	EndGlobalSection
	GlobalSection(ProjectConfigurationPlatforms) = postSolution
		{993980A0-8D06-4635-8296-40E9FFF9C301}.AudioAnalysis|Any CPU.ActiveCfg = AudioAnalysis|Any CPU
		{993980A0-8D06-4635-8296-40E9FFF9C301}.AudioAnalysis|Any CPU.Build.0 = AudioAnalysis|Any CPU
		{993980A0-8D06-4635-8296-40E9FFF9C301}.AudioAnalysis|Mixed Platforms.ActiveCfg = AudioAnalysis|Any CPU
		{993980A0-8D06-4635-8296-40E9FFF9C301}.AudioAnalysis|Mixed Platforms.Build.0 = AudioAnalysis|Any CPU
		{993980A0-8D06-4635-8296-40E9FFF9C301}.AudioAnalysis|x64.ActiveCfg = AudioAnalysis|Any CPU
		{993980A0-8D06-4635-8296-40E9FFF9C301}.AudioAnalysis|x86.ActiveCfg = AudioAnalysis|Any CPU
		{993980A0-8D06-4635-8296-40E9FFF9C301}.Core|Any CPU.ActiveCfg = Core|Any CPU
		{993980A0-8D06-4635-8296-40E9FFF9C301}.Core|Any CPU.Build.0 = Core|Any CPU
		{993980A0-8D06-4635-8296-40E9FFF9C301}.Core|Mixed Platforms.ActiveCfg = Core|Any CPU
		{993980A0-8D06-4635-8296-40E9FFF9C301}.Core|Mixed Platforms.Build.0 = Core|Any CPU
		{993980A0-8D06-4635-8296-40E9FFF9C301}.Core|x64.ActiveCfg = Core|Any CPU
		{993980A0-8D06-4635-8296-40E9FFF9C301}.Core|x86.ActiveCfg = Core|Any CPU
		{993980A0-8D06-4635-8296-40E9FFF9C301}.Debug|Any CPU.ActiveCfg = Debug|Any CPU
		{993980A0-8D06-4635-8296-40E9FFF9C301}.Debug|Any CPU.Build.0 = Debug|Any CPU
		{993980A0-8D06-4635-8296-40E9FFF9C301}.Debug|Mixed Platforms.ActiveCfg = Debug|Any CPU
		{993980A0-8D06-4635-8296-40E9FFF9C301}.Debug|Mixed Platforms.Build.0 = Debug|Any CPU
		{993980A0-8D06-4635-8296-40E9FFF9C301}.Debug|x64.ActiveCfg = Debug|Any CPU
		{993980A0-8D06-4635-8296-40E9FFF9C301}.Debug|x86.ActiveCfg = Debug|Any CPU
		{993980A0-8D06-4635-8296-40E9FFF9C301}.Debugx64|Any CPU.ActiveCfg = Debug|Any CPU
		{993980A0-8D06-4635-8296-40E9FFF9C301}.Debugx64|Any CPU.Build.0 = Debug|Any CPU
		{993980A0-8D06-4635-8296-40E9FFF9C301}.Debugx64|Mixed Platforms.ActiveCfg = Debug|Any CPU
		{993980A0-8D06-4635-8296-40E9FFF9C301}.Debugx64|Mixed Platforms.Build.0 = Debug|Any CPU
		{993980A0-8D06-4635-8296-40E9FFF9C301}.Debugx64|x64.ActiveCfg = Debug|Any CPU
		{993980A0-8D06-4635-8296-40E9FFF9C301}.Debugx64|x86.ActiveCfg = Debug|Any CPU
		{993980A0-8D06-4635-8296-40E9FFF9C301}.Release|Any CPU.ActiveCfg = Release|Any CPU
		{993980A0-8D06-4635-8296-40E9FFF9C301}.Release|Any CPU.Build.0 = Release|Any CPU
		{993980A0-8D06-4635-8296-40E9FFF9C301}.Release|Mixed Platforms.ActiveCfg = Release|Any CPU
		{993980A0-8D06-4635-8296-40E9FFF9C301}.Release|Mixed Platforms.Build.0 = Release|Any CPU
		{993980A0-8D06-4635-8296-40E9FFF9C301}.Release|x64.ActiveCfg = Release|Any CPU
		{993980A0-8D06-4635-8296-40E9FFF9C301}.Release|x86.ActiveCfg = Release|Any CPU
		{993980A0-8D06-4635-8296-40E9FFF9C301}.SilverlightOnly|Any CPU.ActiveCfg = SilverlightOnly|Any CPU
		{993980A0-8D06-4635-8296-40E9FFF9C301}.SilverlightOnly|Any CPU.Build.0 = SilverlightOnly|Any CPU
		{993980A0-8D06-4635-8296-40E9FFF9C301}.SilverlightOnly|Mixed Platforms.ActiveCfg = SilverlightOnly|Any CPU
		{993980A0-8D06-4635-8296-40E9FFF9C301}.SilverlightOnly|Mixed Platforms.Build.0 = SilverlightOnly|Any CPU
		{993980A0-8D06-4635-8296-40E9FFF9C301}.SilverlightOnly|x64.ActiveCfg = SilverlightOnly|Any CPU
		{993980A0-8D06-4635-8296-40E9FFF9C301}.SilverlightOnly|x86.ActiveCfg = SilverlightOnly|Any CPU
		{EC323929-0160-46BC-A04B-B4A66D02E757}.AudioAnalysis|Any CPU.ActiveCfg = AudioAnalysis|Any CPU
		{EC323929-0160-46BC-A04B-B4A66D02E757}.AudioAnalysis|Any CPU.Build.0 = AudioAnalysis|Any CPU
		{EC323929-0160-46BC-A04B-B4A66D02E757}.AudioAnalysis|Mixed Platforms.ActiveCfg = AudioAnalysis|Any CPU
		{EC323929-0160-46BC-A04B-B4A66D02E757}.AudioAnalysis|Mixed Platforms.Build.0 = AudioAnalysis|Any CPU
		{EC323929-0160-46BC-A04B-B4A66D02E757}.AudioAnalysis|x64.ActiveCfg = AudioAnalysis|Any CPU
		{EC323929-0160-46BC-A04B-B4A66D02E757}.AudioAnalysis|x86.ActiveCfg = AudioAnalysis|Any CPU
		{EC323929-0160-46BC-A04B-B4A66D02E757}.Core|Any CPU.ActiveCfg = Core|Any CPU
		{EC323929-0160-46BC-A04B-B4A66D02E757}.Core|Any CPU.Build.0 = Core|Any CPU
		{EC323929-0160-46BC-A04B-B4A66D02E757}.Core|Mixed Platforms.ActiveCfg = Core|Any CPU
		{EC323929-0160-46BC-A04B-B4A66D02E757}.Core|Mixed Platforms.Build.0 = Core|Any CPU
		{EC323929-0160-46BC-A04B-B4A66D02E757}.Core|x64.ActiveCfg = Core|Any CPU
		{EC323929-0160-46BC-A04B-B4A66D02E757}.Core|x86.ActiveCfg = Core|Any CPU
		{EC323929-0160-46BC-A04B-B4A66D02E757}.Debug|Any CPU.ActiveCfg = Debug|Any CPU
		{EC323929-0160-46BC-A04B-B4A66D02E757}.Debug|Any CPU.Build.0 = Debug|Any CPU
		{EC323929-0160-46BC-A04B-B4A66D02E757}.Debug|Mixed Platforms.ActiveCfg = Debug|Any CPU
		{EC323929-0160-46BC-A04B-B4A66D02E757}.Debug|Mixed Platforms.Build.0 = Debug|Any CPU
		{EC323929-0160-46BC-A04B-B4A66D02E757}.Debug|x64.ActiveCfg = Debug|Any CPU
		{EC323929-0160-46BC-A04B-B4A66D02E757}.Debug|x86.ActiveCfg = Debug|Any CPU
		{EC323929-0160-46BC-A04B-B4A66D02E757}.Debugx64|Any CPU.ActiveCfg = Debug|Any CPU
		{EC323929-0160-46BC-A04B-B4A66D02E757}.Debugx64|Any CPU.Build.0 = Debug|Any CPU
		{EC323929-0160-46BC-A04B-B4A66D02E757}.Debugx64|Mixed Platforms.ActiveCfg = Debug|Any CPU
		{EC323929-0160-46BC-A04B-B4A66D02E757}.Debugx64|Mixed Platforms.Build.0 = Debug|Any CPU
		{EC323929-0160-46BC-A04B-B4A66D02E757}.Debugx64|x64.ActiveCfg = Debug|Any CPU
		{EC323929-0160-46BC-A04B-B4A66D02E757}.Debugx64|x86.ActiveCfg = Debug|Any CPU
		{EC323929-0160-46BC-A04B-B4A66D02E757}.Release|Any CPU.ActiveCfg = Release|Any CPU
		{EC323929-0160-46BC-A04B-B4A66D02E757}.Release|Any CPU.Build.0 = Release|Any CPU
		{EC323929-0160-46BC-A04B-B4A66D02E757}.Release|Mixed Platforms.ActiveCfg = Release|Any CPU
		{EC323929-0160-46BC-A04B-B4A66D02E757}.Release|Mixed Platforms.Build.0 = Release|Any CPU
		{EC323929-0160-46BC-A04B-B4A66D02E757}.Release|x64.ActiveCfg = Release|Any CPU
		{EC323929-0160-46BC-A04B-B4A66D02E757}.Release|x86.ActiveCfg = Release|Any CPU
		{EC323929-0160-46BC-A04B-B4A66D02E757}.SilverlightOnly|Any CPU.ActiveCfg = AudioAnalysis|Any CPU
		{EC323929-0160-46BC-A04B-B4A66D02E757}.SilverlightOnly|Any CPU.Build.0 = AudioAnalysis|Any CPU
		{EC323929-0160-46BC-A04B-B4A66D02E757}.SilverlightOnly|Mixed Platforms.ActiveCfg = AudioAnalysis|Any CPU
		{EC323929-0160-46BC-A04B-B4A66D02E757}.SilverlightOnly|Mixed Platforms.Build.0 = AudioAnalysis|Any CPU
		{EC323929-0160-46BC-A04B-B4A66D02E757}.SilverlightOnly|x64.ActiveCfg = AudioAnalysis|Any CPU
		{EC323929-0160-46BC-A04B-B4A66D02E757}.SilverlightOnly|x86.ActiveCfg = AudioAnalysis|Any CPU
		{86855CBC-7243-492A-A500-2DE36CC7C825}.AudioAnalysis|Any CPU.ActiveCfg = AudioAnalysis|Any CPU
		{86855CBC-7243-492A-A500-2DE36CC7C825}.AudioAnalysis|Any CPU.Build.0 = AudioAnalysis|Any CPU
		{86855CBC-7243-492A-A500-2DE36CC7C825}.AudioAnalysis|Mixed Platforms.ActiveCfg = AudioAnalysis|Any CPU
		{86855CBC-7243-492A-A500-2DE36CC7C825}.AudioAnalysis|Mixed Platforms.Build.0 = AudioAnalysis|Any CPU
		{86855CBC-7243-492A-A500-2DE36CC7C825}.AudioAnalysis|x64.ActiveCfg = AudioAnalysis|Any CPU
		{86855CBC-7243-492A-A500-2DE36CC7C825}.AudioAnalysis|x86.ActiveCfg = AudioAnalysis|Any CPU
		{86855CBC-7243-492A-A500-2DE36CC7C825}.Core|Any CPU.ActiveCfg = Core|Any CPU
		{86855CBC-7243-492A-A500-2DE36CC7C825}.Core|Any CPU.Build.0 = Core|Any CPU
		{86855CBC-7243-492A-A500-2DE36CC7C825}.Core|Mixed Platforms.ActiveCfg = Core|Any CPU
		{86855CBC-7243-492A-A500-2DE36CC7C825}.Core|Mixed Platforms.Build.0 = Core|Any CPU
		{86855CBC-7243-492A-A500-2DE36CC7C825}.Core|x64.ActiveCfg = Core|Any CPU
		{86855CBC-7243-492A-A500-2DE36CC7C825}.Core|x86.ActiveCfg = Core|Any CPU
		{86855CBC-7243-492A-A500-2DE36CC7C825}.Debug|Any CPU.ActiveCfg = Debug|Any CPU
		{86855CBC-7243-492A-A500-2DE36CC7C825}.Debug|Any CPU.Build.0 = Debug|Any CPU
		{86855CBC-7243-492A-A500-2DE36CC7C825}.Debug|Mixed Platforms.ActiveCfg = Debug|Any CPU
		{86855CBC-7243-492A-A500-2DE36CC7C825}.Debug|Mixed Platforms.Build.0 = Debug|Any CPU
		{86855CBC-7243-492A-A500-2DE36CC7C825}.Debug|x64.ActiveCfg = Debug|Any CPU
		{86855CBC-7243-492A-A500-2DE36CC7C825}.Debug|x86.ActiveCfg = Debug|Any CPU
		{86855CBC-7243-492A-A500-2DE36CC7C825}.Debugx64|Any CPU.ActiveCfg = Debug|Any CPU
		{86855CBC-7243-492A-A500-2DE36CC7C825}.Debugx64|Any CPU.Build.0 = Debug|Any CPU
		{86855CBC-7243-492A-A500-2DE36CC7C825}.Debugx64|Mixed Platforms.ActiveCfg = Debug|Any CPU
		{86855CBC-7243-492A-A500-2DE36CC7C825}.Debugx64|Mixed Platforms.Build.0 = Debug|Any CPU
		{86855CBC-7243-492A-A500-2DE36CC7C825}.Debugx64|x64.ActiveCfg = Debug|Any CPU
		{86855CBC-7243-492A-A500-2DE36CC7C825}.Debugx64|x86.ActiveCfg = Debug|Any CPU
		{86855CBC-7243-492A-A500-2DE36CC7C825}.Release|Any CPU.ActiveCfg = Release|Any CPU
		{86855CBC-7243-492A-A500-2DE36CC7C825}.Release|Any CPU.Build.0 = Release|Any CPU
		{86855CBC-7243-492A-A500-2DE36CC7C825}.Release|Mixed Platforms.ActiveCfg = Release|Any CPU
		{86855CBC-7243-492A-A500-2DE36CC7C825}.Release|Mixed Platforms.Build.0 = Release|Any CPU
		{86855CBC-7243-492A-A500-2DE36CC7C825}.Release|x64.ActiveCfg = Release|Any CPU
		{86855CBC-7243-492A-A500-2DE36CC7C825}.Release|x86.ActiveCfg = Release|Any CPU
		{86855CBC-7243-492A-A500-2DE36CC7C825}.SilverlightOnly|Any CPU.ActiveCfg = AudioAnalysis|Any CPU
		{86855CBC-7243-492A-A500-2DE36CC7C825}.SilverlightOnly|Any CPU.Build.0 = AudioAnalysis|Any CPU
		{86855CBC-7243-492A-A500-2DE36CC7C825}.SilverlightOnly|Mixed Platforms.ActiveCfg = AudioAnalysis|Any CPU
		{86855CBC-7243-492A-A500-2DE36CC7C825}.SilverlightOnly|Mixed Platforms.Build.0 = AudioAnalysis|Any CPU
		{86855CBC-7243-492A-A500-2DE36CC7C825}.SilverlightOnly|x64.ActiveCfg = AudioAnalysis|Any CPU
		{86855CBC-7243-492A-A500-2DE36CC7C825}.SilverlightOnly|x86.ActiveCfg = AudioAnalysis|Any CPU
		{3BDC343E-005B-4A94-B90E-62D17F5CABEB}.AudioAnalysis|Any CPU.ActiveCfg = AudioAnalysis|Any CPU
		{3BDC343E-005B-4A94-B90E-62D17F5CABEB}.AudioAnalysis|Any CPU.Build.0 = AudioAnalysis|Any CPU
		{3BDC343E-005B-4A94-B90E-62D17F5CABEB}.AudioAnalysis|Mixed Platforms.ActiveCfg = AudioAnalysis|Any CPU
		{3BDC343E-005B-4A94-B90E-62D17F5CABEB}.AudioAnalysis|Mixed Platforms.Build.0 = AudioAnalysis|Any CPU
		{3BDC343E-005B-4A94-B90E-62D17F5CABEB}.AudioAnalysis|x64.ActiveCfg = AudioAnalysis|Any CPU
		{3BDC343E-005B-4A94-B90E-62D17F5CABEB}.AudioAnalysis|x86.ActiveCfg = AudioAnalysis|Any CPU
		{3BDC343E-005B-4A94-B90E-62D17F5CABEB}.Core|Any CPU.ActiveCfg = Core|Any CPU
		{3BDC343E-005B-4A94-B90E-62D17F5CABEB}.Core|Any CPU.Build.0 = Core|Any CPU
		{3BDC343E-005B-4A94-B90E-62D17F5CABEB}.Core|Mixed Platforms.ActiveCfg = Core|Any CPU
		{3BDC343E-005B-4A94-B90E-62D17F5CABEB}.Core|Mixed Platforms.Build.0 = Core|Any CPU
		{3BDC343E-005B-4A94-B90E-62D17F5CABEB}.Core|x64.ActiveCfg = Core|Any CPU
		{3BDC343E-005B-4A94-B90E-62D17F5CABEB}.Core|x86.ActiveCfg = Core|Any CPU
		{3BDC343E-005B-4A94-B90E-62D17F5CABEB}.Debug|Any CPU.ActiveCfg = Debug|Any CPU
		{3BDC343E-005B-4A94-B90E-62D17F5CABEB}.Debug|Any CPU.Build.0 = Debug|Any CPU
		{3BDC343E-005B-4A94-B90E-62D17F5CABEB}.Debug|Mixed Platforms.ActiveCfg = Debug|Any CPU
		{3BDC343E-005B-4A94-B90E-62D17F5CABEB}.Debug|Mixed Platforms.Build.0 = Debug|Any CPU
		{3BDC343E-005B-4A94-B90E-62D17F5CABEB}.Debug|x64.ActiveCfg = Debug|Any CPU
		{3BDC343E-005B-4A94-B90E-62D17F5CABEB}.Debug|x86.ActiveCfg = Debug|Any CPU
		{3BDC343E-005B-4A94-B90E-62D17F5CABEB}.Debugx64|Any CPU.ActiveCfg = Debug|Any CPU
		{3BDC343E-005B-4A94-B90E-62D17F5CABEB}.Debugx64|Any CPU.Build.0 = Debug|Any CPU
		{3BDC343E-005B-4A94-B90E-62D17F5CABEB}.Debugx64|Mixed Platforms.ActiveCfg = Debug|Any CPU
		{3BDC343E-005B-4A94-B90E-62D17F5CABEB}.Debugx64|Mixed Platforms.Build.0 = Debug|Any CPU
		{3BDC343E-005B-4A94-B90E-62D17F5CABEB}.Debugx64|x64.ActiveCfg = Debug|Any CPU
		{3BDC343E-005B-4A94-B90E-62D17F5CABEB}.Debugx64|x86.ActiveCfg = Debug|Any CPU
		{3BDC343E-005B-4A94-B90E-62D17F5CABEB}.Release|Any CPU.ActiveCfg = Release|Any CPU
		{3BDC343E-005B-4A94-B90E-62D17F5CABEB}.Release|Any CPU.Build.0 = Release|Any CPU
		{3BDC343E-005B-4A94-B90E-62D17F5CABEB}.Release|Mixed Platforms.ActiveCfg = Release|Any CPU
		{3BDC343E-005B-4A94-B90E-62D17F5CABEB}.Release|Mixed Platforms.Build.0 = Release|Any CPU
		{3BDC343E-005B-4A94-B90E-62D17F5CABEB}.Release|x64.ActiveCfg = Release|Any CPU
		{3BDC343E-005B-4A94-B90E-62D17F5CABEB}.Release|x86.ActiveCfg = Release|Any CPU
		{3BDC343E-005B-4A94-B90E-62D17F5CABEB}.SilverlightOnly|Any CPU.ActiveCfg = AudioAnalysis|Any CPU
		{3BDC343E-005B-4A94-B90E-62D17F5CABEB}.SilverlightOnly|Any CPU.Build.0 = AudioAnalysis|Any CPU
		{3BDC343E-005B-4A94-B90E-62D17F5CABEB}.SilverlightOnly|Mixed Platforms.ActiveCfg = AudioAnalysis|Any CPU
		{3BDC343E-005B-4A94-B90E-62D17F5CABEB}.SilverlightOnly|Mixed Platforms.Build.0 = AudioAnalysis|Any CPU
		{3BDC343E-005B-4A94-B90E-62D17F5CABEB}.SilverlightOnly|x64.ActiveCfg = AudioAnalysis|Any CPU
		{3BDC343E-005B-4A94-B90E-62D17F5CABEB}.SilverlightOnly|x86.ActiveCfg = AudioAnalysis|Any CPU
		{8CF8E5E5-E6B5-4E33-BA48-03F4B25EB6DB}.AudioAnalysis|Any CPU.ActiveCfg = Debug|Any CPU
		{8CF8E5E5-E6B5-4E33-BA48-03F4B25EB6DB}.AudioAnalysis|Any CPU.Build.0 = Debug|Any CPU
		{8CF8E5E5-E6B5-4E33-BA48-03F4B25EB6DB}.AudioAnalysis|Mixed Platforms.ActiveCfg = Debug|x86
		{8CF8E5E5-E6B5-4E33-BA48-03F4B25EB6DB}.AudioAnalysis|Mixed Platforms.Build.0 = Debug|x86
		{8CF8E5E5-E6B5-4E33-BA48-03F4B25EB6DB}.AudioAnalysis|x64.ActiveCfg = Debug|Any CPU
		{8CF8E5E5-E6B5-4E33-BA48-03F4B25EB6DB}.AudioAnalysis|x86.ActiveCfg = Debug|x86
		{8CF8E5E5-E6B5-4E33-BA48-03F4B25EB6DB}.AudioAnalysis|x86.Build.0 = Debug|x86
		{8CF8E5E5-E6B5-4E33-BA48-03F4B25EB6DB}.Core|Any CPU.ActiveCfg = Release|Any CPU
		{8CF8E5E5-E6B5-4E33-BA48-03F4B25EB6DB}.Core|Any CPU.Build.0 = Release|Any CPU
		{8CF8E5E5-E6B5-4E33-BA48-03F4B25EB6DB}.Core|Mixed Platforms.ActiveCfg = Release|x86
		{8CF8E5E5-E6B5-4E33-BA48-03F4B25EB6DB}.Core|Mixed Platforms.Build.0 = Release|x86
		{8CF8E5E5-E6B5-4E33-BA48-03F4B25EB6DB}.Core|x64.ActiveCfg = Release|Any CPU
		{8CF8E5E5-E6B5-4E33-BA48-03F4B25EB6DB}.Core|x86.ActiveCfg = Release|x86
		{8CF8E5E5-E6B5-4E33-BA48-03F4B25EB6DB}.Core|x86.Build.0 = Release|x86
		{8CF8E5E5-E6B5-4E33-BA48-03F4B25EB6DB}.Debug|Any CPU.ActiveCfg = Debug|Any CPU
		{8CF8E5E5-E6B5-4E33-BA48-03F4B25EB6DB}.Debug|Any CPU.Build.0 = Debug|Any CPU
		{8CF8E5E5-E6B5-4E33-BA48-03F4B25EB6DB}.Debug|Mixed Platforms.ActiveCfg = Debug|Any CPU
		{8CF8E5E5-E6B5-4E33-BA48-03F4B25EB6DB}.Debug|Mixed Platforms.Build.0 = Debug|Any CPU
		{8CF8E5E5-E6B5-4E33-BA48-03F4B25EB6DB}.Debug|x64.ActiveCfg = Debug|Any CPU
		{8CF8E5E5-E6B5-4E33-BA48-03F4B25EB6DB}.Debug|x86.ActiveCfg = Debug|x86
		{8CF8E5E5-E6B5-4E33-BA48-03F4B25EB6DB}.Debug|x86.Build.0 = Debug|x86
		{8CF8E5E5-E6B5-4E33-BA48-03F4B25EB6DB}.Debugx64|Any CPU.ActiveCfg = Debug|Any CPU
		{8CF8E5E5-E6B5-4E33-BA48-03F4B25EB6DB}.Debugx64|Any CPU.Build.0 = Debug|Any CPU
		{8CF8E5E5-E6B5-4E33-BA48-03F4B25EB6DB}.Debugx64|Mixed Platforms.ActiveCfg = Debug|x86
		{8CF8E5E5-E6B5-4E33-BA48-03F4B25EB6DB}.Debugx64|Mixed Platforms.Build.0 = Debug|x86
		{8CF8E5E5-E6B5-4E33-BA48-03F4B25EB6DB}.Debugx64|x64.ActiveCfg = Debug|Any CPU
		{8CF8E5E5-E6B5-4E33-BA48-03F4B25EB6DB}.Debugx64|x86.ActiveCfg = Debug|x86
		{8CF8E5E5-E6B5-4E33-BA48-03F4B25EB6DB}.Debugx64|x86.Build.0 = Debug|x86
		{8CF8E5E5-E6B5-4E33-BA48-03F4B25EB6DB}.Release|Any CPU.ActiveCfg = Release|Any CPU
		{8CF8E5E5-E6B5-4E33-BA48-03F4B25EB6DB}.Release|Any CPU.Build.0 = Release|Any CPU
		{8CF8E5E5-E6B5-4E33-BA48-03F4B25EB6DB}.Release|Mixed Platforms.ActiveCfg = Release|Any CPU
		{8CF8E5E5-E6B5-4E33-BA48-03F4B25EB6DB}.Release|Mixed Platforms.Build.0 = Release|Any CPU
		{8CF8E5E5-E6B5-4E33-BA48-03F4B25EB6DB}.Release|x64.ActiveCfg = Release|Any CPU
		{8CF8E5E5-E6B5-4E33-BA48-03F4B25EB6DB}.Release|x86.ActiveCfg = Release|x86
		{8CF8E5E5-E6B5-4E33-BA48-03F4B25EB6DB}.Release|x86.Build.0 = Release|x86
		{8CF8E5E5-E6B5-4E33-BA48-03F4B25EB6DB}.SilverlightOnly|Any CPU.ActiveCfg = Debug|Any CPU
		{8CF8E5E5-E6B5-4E33-BA48-03F4B25EB6DB}.SilverlightOnly|Any CPU.Build.0 = Debug|Any CPU
		{8CF8E5E5-E6B5-4E33-BA48-03F4B25EB6DB}.SilverlightOnly|Mixed Platforms.ActiveCfg = Debug|x86
		{8CF8E5E5-E6B5-4E33-BA48-03F4B25EB6DB}.SilverlightOnly|Mixed Platforms.Build.0 = Debug|x86
		{8CF8E5E5-E6B5-4E33-BA48-03F4B25EB6DB}.SilverlightOnly|x64.ActiveCfg = Debug|Any CPU
		{8CF8E5E5-E6B5-4E33-BA48-03F4B25EB6DB}.SilverlightOnly|x86.ActiveCfg = Debug|x86
		{8CF8E5E5-E6B5-4E33-BA48-03F4B25EB6DB}.SilverlightOnly|x86.Build.0 = Debug|x86
		{0338570E-5A77-4A2E-8E17-7955C36AE1F7}.AudioAnalysis|Any CPU.ActiveCfg = Debug|Any CPU
		{0338570E-5A77-4A2E-8E17-7955C36AE1F7}.AudioAnalysis|Any CPU.Build.0 = Debug|Any CPU
		{0338570E-5A77-4A2E-8E17-7955C36AE1F7}.AudioAnalysis|Mixed Platforms.ActiveCfg = Debug|Any CPU
		{0338570E-5A77-4A2E-8E17-7955C36AE1F7}.AudioAnalysis|Mixed Platforms.Build.0 = Debug|Any CPU
		{0338570E-5A77-4A2E-8E17-7955C36AE1F7}.AudioAnalysis|x64.ActiveCfg = Debug|Any CPU
		{0338570E-5A77-4A2E-8E17-7955C36AE1F7}.AudioAnalysis|x86.ActiveCfg = Debug|Any CPU
		{0338570E-5A77-4A2E-8E17-7955C36AE1F7}.Core|Any CPU.ActiveCfg = Release|Any CPU
		{0338570E-5A77-4A2E-8E17-7955C36AE1F7}.Core|Any CPU.Build.0 = Release|Any CPU
		{0338570E-5A77-4A2E-8E17-7955C36AE1F7}.Core|Mixed Platforms.ActiveCfg = Release|Any CPU
		{0338570E-5A77-4A2E-8E17-7955C36AE1F7}.Core|Mixed Platforms.Build.0 = Release|Any CPU
		{0338570E-5A77-4A2E-8E17-7955C36AE1F7}.Core|x64.ActiveCfg = Release|Any CPU
		{0338570E-5A77-4A2E-8E17-7955C36AE1F7}.Core|x86.ActiveCfg = Release|Any CPU
		{0338570E-5A77-4A2E-8E17-7955C36AE1F7}.Debug|Any CPU.ActiveCfg = Debug|Any CPU
		{0338570E-5A77-4A2E-8E17-7955C36AE1F7}.Debug|Any CPU.Build.0 = Debug|Any CPU
		{0338570E-5A77-4A2E-8E17-7955C36AE1F7}.Debug|Mixed Platforms.ActiveCfg = Debug|Any CPU
		{0338570E-5A77-4A2E-8E17-7955C36AE1F7}.Debug|Mixed Platforms.Build.0 = Debug|Any CPU
		{0338570E-5A77-4A2E-8E17-7955C36AE1F7}.Debug|x64.ActiveCfg = Debug|Any CPU
		{0338570E-5A77-4A2E-8E17-7955C36AE1F7}.Debug|x86.ActiveCfg = Debug|Any CPU
		{0338570E-5A77-4A2E-8E17-7955C36AE1F7}.Debugx64|Any CPU.ActiveCfg = Debug|Any CPU
		{0338570E-5A77-4A2E-8E17-7955C36AE1F7}.Debugx64|Any CPU.Build.0 = Debug|Any CPU
		{0338570E-5A77-4A2E-8E17-7955C36AE1F7}.Debugx64|Mixed Platforms.ActiveCfg = Debug|Any CPU
		{0338570E-5A77-4A2E-8E17-7955C36AE1F7}.Debugx64|Mixed Platforms.Build.0 = Debug|Any CPU
		{0338570E-5A77-4A2E-8E17-7955C36AE1F7}.Debugx64|x64.ActiveCfg = Debug|Any CPU
		{0338570E-5A77-4A2E-8E17-7955C36AE1F7}.Debugx64|x86.ActiveCfg = Debug|Any CPU
		{0338570E-5A77-4A2E-8E17-7955C36AE1F7}.Release|Any CPU.ActiveCfg = Release|Any CPU
		{0338570E-5A77-4A2E-8E17-7955C36AE1F7}.Release|Any CPU.Build.0 = Release|Any CPU
		{0338570E-5A77-4A2E-8E17-7955C36AE1F7}.Release|Mixed Platforms.ActiveCfg = Release|Any CPU
		{0338570E-5A77-4A2E-8E17-7955C36AE1F7}.Release|Mixed Platforms.Build.0 = Release|Any CPU
		{0338570E-5A77-4A2E-8E17-7955C36AE1F7}.Release|x64.ActiveCfg = Release|Any CPU
		{0338570E-5A77-4A2E-8E17-7955C36AE1F7}.Release|x86.ActiveCfg = Release|Any CPU
		{0338570E-5A77-4A2E-8E17-7955C36AE1F7}.SilverlightOnly|Any CPU.ActiveCfg = Debug|Any CPU
		{0338570E-5A77-4A2E-8E17-7955C36AE1F7}.SilverlightOnly|Any CPU.Build.0 = Debug|Any CPU
		{0338570E-5A77-4A2E-8E17-7955C36AE1F7}.SilverlightOnly|Mixed Platforms.ActiveCfg = Debug|Any CPU
		{0338570E-5A77-4A2E-8E17-7955C36AE1F7}.SilverlightOnly|Mixed Platforms.Build.0 = Debug|Any CPU
		{0338570E-5A77-4A2E-8E17-7955C36AE1F7}.SilverlightOnly|x64.ActiveCfg = Debug|Any CPU
		{0338570E-5A77-4A2E-8E17-7955C36AE1F7}.SilverlightOnly|x86.ActiveCfg = Debug|Any CPU
		{EF04F5A8-D4BD-4CD1-BFC2-F6AD2D9C7927}.AudioAnalysis|Any CPU.ActiveCfg = Debug|Any CPU
		{EF04F5A8-D4BD-4CD1-BFC2-F6AD2D9C7927}.AudioAnalysis|Any CPU.Build.0 = Debug|Any CPU
		{EF04F5A8-D4BD-4CD1-BFC2-F6AD2D9C7927}.AudioAnalysis|Mixed Platforms.ActiveCfg = Debug|Any CPU
		{EF04F5A8-D4BD-4CD1-BFC2-F6AD2D9C7927}.AudioAnalysis|Mixed Platforms.Build.0 = Debug|Any CPU
		{EF04F5A8-D4BD-4CD1-BFC2-F6AD2D9C7927}.AudioAnalysis|x64.ActiveCfg = Debug|Any CPU
		{EF04F5A8-D4BD-4CD1-BFC2-F6AD2D9C7927}.AudioAnalysis|x86.ActiveCfg = Debug|Any CPU
		{EF04F5A8-D4BD-4CD1-BFC2-F6AD2D9C7927}.Core|Any CPU.ActiveCfg = Release|Any CPU
		{EF04F5A8-D4BD-4CD1-BFC2-F6AD2D9C7927}.Core|Any CPU.Build.0 = Release|Any CPU
		{EF04F5A8-D4BD-4CD1-BFC2-F6AD2D9C7927}.Core|Mixed Platforms.ActiveCfg = Release|Any CPU
		{EF04F5A8-D4BD-4CD1-BFC2-F6AD2D9C7927}.Core|Mixed Platforms.Build.0 = Release|Any CPU
		{EF04F5A8-D4BD-4CD1-BFC2-F6AD2D9C7927}.Core|x64.ActiveCfg = Release|Any CPU
		{EF04F5A8-D4BD-4CD1-BFC2-F6AD2D9C7927}.Core|x86.ActiveCfg = Release|Any CPU
		{EF04F5A8-D4BD-4CD1-BFC2-F6AD2D9C7927}.Debug|Any CPU.ActiveCfg = Debug|Any CPU
		{EF04F5A8-D4BD-4CD1-BFC2-F6AD2D9C7927}.Debug|Any CPU.Build.0 = Debug|Any CPU
		{EF04F5A8-D4BD-4CD1-BFC2-F6AD2D9C7927}.Debug|Mixed Platforms.ActiveCfg = Debug|Any CPU
		{EF04F5A8-D4BD-4CD1-BFC2-F6AD2D9C7927}.Debug|Mixed Platforms.Build.0 = Debug|Any CPU
		{EF04F5A8-D4BD-4CD1-BFC2-F6AD2D9C7927}.Debug|x64.ActiveCfg = Debug|Any CPU
		{EF04F5A8-D4BD-4CD1-BFC2-F6AD2D9C7927}.Debug|x86.ActiveCfg = Debug|Any CPU
		{EF04F5A8-D4BD-4CD1-BFC2-F6AD2D9C7927}.Debugx64|Any CPU.ActiveCfg = Debug|Any CPU
		{EF04F5A8-D4BD-4CD1-BFC2-F6AD2D9C7927}.Debugx64|Any CPU.Build.0 = Debug|Any CPU
		{EF04F5A8-D4BD-4CD1-BFC2-F6AD2D9C7927}.Debugx64|Mixed Platforms.ActiveCfg = Debug|Any CPU
		{EF04F5A8-D4BD-4CD1-BFC2-F6AD2D9C7927}.Debugx64|Mixed Platforms.Build.0 = Debug|Any CPU
		{EF04F5A8-D4BD-4CD1-BFC2-F6AD2D9C7927}.Debugx64|x64.ActiveCfg = Debug|Any CPU
		{EF04F5A8-D4BD-4CD1-BFC2-F6AD2D9C7927}.Debugx64|x86.ActiveCfg = Debug|Any CPU
		{EF04F5A8-D4BD-4CD1-BFC2-F6AD2D9C7927}.Release|Any CPU.ActiveCfg = Release|Any CPU
		{EF04F5A8-D4BD-4CD1-BFC2-F6AD2D9C7927}.Release|Any CPU.Build.0 = Release|Any CPU
		{EF04F5A8-D4BD-4CD1-BFC2-F6AD2D9C7927}.Release|Mixed Platforms.ActiveCfg = Release|Any CPU
		{EF04F5A8-D4BD-4CD1-BFC2-F6AD2D9C7927}.Release|Mixed Platforms.Build.0 = Release|Any CPU
		{EF04F5A8-D4BD-4CD1-BFC2-F6AD2D9C7927}.Release|x64.ActiveCfg = Release|Any CPU
		{EF04F5A8-D4BD-4CD1-BFC2-F6AD2D9C7927}.Release|x86.ActiveCfg = Release|Any CPU
		{EF04F5A8-D4BD-4CD1-BFC2-F6AD2D9C7927}.SilverlightOnly|Any CPU.ActiveCfg = Debug|Any CPU
		{EF04F5A8-D4BD-4CD1-BFC2-F6AD2D9C7927}.SilverlightOnly|Any CPU.Build.0 = Debug|Any CPU
		{EF04F5A8-D4BD-4CD1-BFC2-F6AD2D9C7927}.SilverlightOnly|Mixed Platforms.ActiveCfg = Debug|Any CPU
		{EF04F5A8-D4BD-4CD1-BFC2-F6AD2D9C7927}.SilverlightOnly|Mixed Platforms.Build.0 = Debug|Any CPU
		{EF04F5A8-D4BD-4CD1-BFC2-F6AD2D9C7927}.SilverlightOnly|x64.ActiveCfg = Debug|Any CPU
		{EF04F5A8-D4BD-4CD1-BFC2-F6AD2D9C7927}.SilverlightOnly|x86.ActiveCfg = Debug|Any CPU
		{80BC795A-A987-45AB-B29B-76CF190384BA}.AudioAnalysis|Any CPU.ActiveCfg = Debug|Any CPU
		{80BC795A-A987-45AB-B29B-76CF190384BA}.AudioAnalysis|Any CPU.Build.0 = Debug|Any CPU
		{80BC795A-A987-45AB-B29B-76CF190384BA}.AudioAnalysis|Mixed Platforms.ActiveCfg = Debug|Any CPU
		{80BC795A-A987-45AB-B29B-76CF190384BA}.AudioAnalysis|Mixed Platforms.Build.0 = Debug|Any CPU
		{80BC795A-A987-45AB-B29B-76CF190384BA}.AudioAnalysis|x64.ActiveCfg = Debug|Any CPU
		{80BC795A-A987-45AB-B29B-76CF190384BA}.AudioAnalysis|x86.ActiveCfg = Debug|Any CPU
		{80BC795A-A987-45AB-B29B-76CF190384BA}.Core|Any CPU.ActiveCfg = Release|Any CPU
		{80BC795A-A987-45AB-B29B-76CF190384BA}.Core|Any CPU.Build.0 = Release|Any CPU
		{80BC795A-A987-45AB-B29B-76CF190384BA}.Core|Mixed Platforms.ActiveCfg = Release|Any CPU
		{80BC795A-A987-45AB-B29B-76CF190384BA}.Core|Mixed Platforms.Build.0 = Release|Any CPU
		{80BC795A-A987-45AB-B29B-76CF190384BA}.Core|x64.ActiveCfg = Release|Any CPU
		{80BC795A-A987-45AB-B29B-76CF190384BA}.Core|x86.ActiveCfg = Release|Any CPU
		{80BC795A-A987-45AB-B29B-76CF190384BA}.Debug|Any CPU.ActiveCfg = Debug|Any CPU
		{80BC795A-A987-45AB-B29B-76CF190384BA}.Debug|Any CPU.Build.0 = Debug|Any CPU
		{80BC795A-A987-45AB-B29B-76CF190384BA}.Debug|Mixed Platforms.ActiveCfg = Debug|Any CPU
		{80BC795A-A987-45AB-B29B-76CF190384BA}.Debug|Mixed Platforms.Build.0 = Debug|Any CPU
		{80BC795A-A987-45AB-B29B-76CF190384BA}.Debug|x64.ActiveCfg = Debug|Any CPU
		{80BC795A-A987-45AB-B29B-76CF190384BA}.Debug|x86.ActiveCfg = Debug|Any CPU
		{80BC795A-A987-45AB-B29B-76CF190384BA}.Debugx64|Any CPU.ActiveCfg = Debug|Any CPU
		{80BC795A-A987-45AB-B29B-76CF190384BA}.Debugx64|Any CPU.Build.0 = Debug|Any CPU
		{80BC795A-A987-45AB-B29B-76CF190384BA}.Debugx64|Mixed Platforms.ActiveCfg = Debug|Any CPU
		{80BC795A-A987-45AB-B29B-76CF190384BA}.Debugx64|Mixed Platforms.Build.0 = Debug|Any CPU
		{80BC795A-A987-45AB-B29B-76CF190384BA}.Debugx64|x64.ActiveCfg = Debug|Any CPU
		{80BC795A-A987-45AB-B29B-76CF190384BA}.Debugx64|x86.ActiveCfg = Debug|Any CPU
		{80BC795A-A987-45AB-B29B-76CF190384BA}.Release|Any CPU.ActiveCfg = Release|Any CPU
		{80BC795A-A987-45AB-B29B-76CF190384BA}.Release|Any CPU.Build.0 = Release|Any CPU
		{80BC795A-A987-45AB-B29B-76CF190384BA}.Release|Mixed Platforms.ActiveCfg = Release|Any CPU
		{80BC795A-A987-45AB-B29B-76CF190384BA}.Release|Mixed Platforms.Build.0 = Release|Any CPU
		{80BC795A-A987-45AB-B29B-76CF190384BA}.Release|x64.ActiveCfg = Release|Any CPU
		{80BC795A-A987-45AB-B29B-76CF190384BA}.Release|x86.ActiveCfg = Release|Any CPU
		{80BC795A-A987-45AB-B29B-76CF190384BA}.SilverlightOnly|Any CPU.ActiveCfg = Debug|Any CPU
		{80BC795A-A987-45AB-B29B-76CF190384BA}.SilverlightOnly|Any CPU.Build.0 = Debug|Any CPU
		{80BC795A-A987-45AB-B29B-76CF190384BA}.SilverlightOnly|Mixed Platforms.ActiveCfg = Debug|Any CPU
		{80BC795A-A987-45AB-B29B-76CF190384BA}.SilverlightOnly|Mixed Platforms.Build.0 = Debug|Any CPU
		{80BC795A-A987-45AB-B29B-76CF190384BA}.SilverlightOnly|x64.ActiveCfg = Debug|Any CPU
		{80BC795A-A987-45AB-B29B-76CF190384BA}.SilverlightOnly|x86.ActiveCfg = Debug|Any CPU
		{EEB8AE89-A07B-4974-8685-88BDCFF22C78}.AudioAnalysis|Any CPU.ActiveCfg = Debug|Any CPU
		{EEB8AE89-A07B-4974-8685-88BDCFF22C78}.AudioAnalysis|Any CPU.Build.0 = Debug|Any CPU
		{EEB8AE89-A07B-4974-8685-88BDCFF22C78}.AudioAnalysis|Mixed Platforms.ActiveCfg = Debug|x86
		{EEB8AE89-A07B-4974-8685-88BDCFF22C78}.AudioAnalysis|Mixed Platforms.Build.0 = Debug|x86
		{EEB8AE89-A07B-4974-8685-88BDCFF22C78}.AudioAnalysis|x64.ActiveCfg = Debug|Any CPU
		{EEB8AE89-A07B-4974-8685-88BDCFF22C78}.AudioAnalysis|x86.ActiveCfg = Debug|x86
		{EEB8AE89-A07B-4974-8685-88BDCFF22C78}.AudioAnalysis|x86.Build.0 = Debug|x86
		{EEB8AE89-A07B-4974-8685-88BDCFF22C78}.Core|Any CPU.ActiveCfg = Release|Any CPU
		{EEB8AE89-A07B-4974-8685-88BDCFF22C78}.Core|Any CPU.Build.0 = Release|Any CPU
		{EEB8AE89-A07B-4974-8685-88BDCFF22C78}.Core|Mixed Platforms.ActiveCfg = Release|x86
		{EEB8AE89-A07B-4974-8685-88BDCFF22C78}.Core|Mixed Platforms.Build.0 = Release|x86
		{EEB8AE89-A07B-4974-8685-88BDCFF22C78}.Core|x64.ActiveCfg = Release|Any CPU
		{EEB8AE89-A07B-4974-8685-88BDCFF22C78}.Core|x86.ActiveCfg = Release|x86
		{EEB8AE89-A07B-4974-8685-88BDCFF22C78}.Core|x86.Build.0 = Release|x86
		{EEB8AE89-A07B-4974-8685-88BDCFF22C78}.Debug|Any CPU.ActiveCfg = Debug|Any CPU
		{EEB8AE89-A07B-4974-8685-88BDCFF22C78}.Debug|Any CPU.Build.0 = Debug|Any CPU
		{EEB8AE89-A07B-4974-8685-88BDCFF22C78}.Debug|Mixed Platforms.ActiveCfg = Debug|Any CPU
		{EEB8AE89-A07B-4974-8685-88BDCFF22C78}.Debug|Mixed Platforms.Build.0 = Debug|Any CPU
		{EEB8AE89-A07B-4974-8685-88BDCFF22C78}.Debug|x64.ActiveCfg = Debug|Any CPU
		{EEB8AE89-A07B-4974-8685-88BDCFF22C78}.Debug|x86.ActiveCfg = Debug|x86
		{EEB8AE89-A07B-4974-8685-88BDCFF22C78}.Debug|x86.Build.0 = Debug|x86
		{EEB8AE89-A07B-4974-8685-88BDCFF22C78}.Debugx64|Any CPU.ActiveCfg = Debug|Any CPU
		{EEB8AE89-A07B-4974-8685-88BDCFF22C78}.Debugx64|Any CPU.Build.0 = Debug|Any CPU
		{EEB8AE89-A07B-4974-8685-88BDCFF22C78}.Debugx64|Mixed Platforms.ActiveCfg = Debug|x86
		{EEB8AE89-A07B-4974-8685-88BDCFF22C78}.Debugx64|Mixed Platforms.Build.0 = Debug|x86
		{EEB8AE89-A07B-4974-8685-88BDCFF22C78}.Debugx64|x64.ActiveCfg = Debug|Any CPU
		{EEB8AE89-A07B-4974-8685-88BDCFF22C78}.Debugx64|x86.ActiveCfg = Debug|x86
		{EEB8AE89-A07B-4974-8685-88BDCFF22C78}.Debugx64|x86.Build.0 = Debug|x86
		{EEB8AE89-A07B-4974-8685-88BDCFF22C78}.Release|Any CPU.ActiveCfg = Release|Any CPU
		{EEB8AE89-A07B-4974-8685-88BDCFF22C78}.Release|Any CPU.Build.0 = Release|Any CPU
		{EEB8AE89-A07B-4974-8685-88BDCFF22C78}.Release|Mixed Platforms.ActiveCfg = Release|Any CPU
		{EEB8AE89-A07B-4974-8685-88BDCFF22C78}.Release|Mixed Platforms.Build.0 = Release|Any CPU
		{EEB8AE89-A07B-4974-8685-88BDCFF22C78}.Release|x64.ActiveCfg = Release|Any CPU
		{EEB8AE89-A07B-4974-8685-88BDCFF22C78}.Release|x86.ActiveCfg = Release|x86
		{EEB8AE89-A07B-4974-8685-88BDCFF22C78}.Release|x86.Build.0 = Release|x86
		{EEB8AE89-A07B-4974-8685-88BDCFF22C78}.SilverlightOnly|Any CPU.ActiveCfg = Debug|Any CPU
		{EEB8AE89-A07B-4974-8685-88BDCFF22C78}.SilverlightOnly|Any CPU.Build.0 = Debug|Any CPU
		{EEB8AE89-A07B-4974-8685-88BDCFF22C78}.SilverlightOnly|Mixed Platforms.ActiveCfg = Debug|x86
		{EEB8AE89-A07B-4974-8685-88BDCFF22C78}.SilverlightOnly|Mixed Platforms.Build.0 = Debug|x86
		{EEB8AE89-A07B-4974-8685-88BDCFF22C78}.SilverlightOnly|x64.ActiveCfg = Debug|Any CPU
		{EEB8AE89-A07B-4974-8685-88BDCFF22C78}.SilverlightOnly|x86.ActiveCfg = Debug|x86
		{EEB8AE89-A07B-4974-8685-88BDCFF22C78}.SilverlightOnly|x86.Build.0 = Debug|x86
		{99B8FFB6-3C32-4F26-A1DF-F9B8A8FC0C05}.AudioAnalysis|Any CPU.ActiveCfg = Debug|Any CPU
		{99B8FFB6-3C32-4F26-A1DF-F9B8A8FC0C05}.AudioAnalysis|Any CPU.Build.0 = Debug|Any CPU
		{99B8FFB6-3C32-4F26-A1DF-F9B8A8FC0C05}.AudioAnalysis|Mixed Platforms.ActiveCfg = Debug|Any CPU
		{99B8FFB6-3C32-4F26-A1DF-F9B8A8FC0C05}.AudioAnalysis|Mixed Platforms.Build.0 = Debug|Any CPU
		{99B8FFB6-3C32-4F26-A1DF-F9B8A8FC0C05}.AudioAnalysis|x64.ActiveCfg = Debug|Any CPU
		{99B8FFB6-3C32-4F26-A1DF-F9B8A8FC0C05}.AudioAnalysis|x86.ActiveCfg = Debug|Any CPU
		{99B8FFB6-3C32-4F26-A1DF-F9B8A8FC0C05}.Core|Any CPU.ActiveCfg = Release|Any CPU
		{99B8FFB6-3C32-4F26-A1DF-F9B8A8FC0C05}.Core|Any CPU.Build.0 = Release|Any CPU
		{99B8FFB6-3C32-4F26-A1DF-F9B8A8FC0C05}.Core|Mixed Platforms.ActiveCfg = Release|Any CPU
		{99B8FFB6-3C32-4F26-A1DF-F9B8A8FC0C05}.Core|Mixed Platforms.Build.0 = Release|Any CPU
		{99B8FFB6-3C32-4F26-A1DF-F9B8A8FC0C05}.Core|x64.ActiveCfg = Release|Any CPU
		{99B8FFB6-3C32-4F26-A1DF-F9B8A8FC0C05}.Core|x86.ActiveCfg = Release|Any CPU
		{99B8FFB6-3C32-4F26-A1DF-F9B8A8FC0C05}.Debug|Any CPU.ActiveCfg = Debug|Any CPU
		{99B8FFB6-3C32-4F26-A1DF-F9B8A8FC0C05}.Debug|Any CPU.Build.0 = Debug|Any CPU
		{99B8FFB6-3C32-4F26-A1DF-F9B8A8FC0C05}.Debug|Mixed Platforms.ActiveCfg = Debug|Any CPU
		{99B8FFB6-3C32-4F26-A1DF-F9B8A8FC0C05}.Debug|Mixed Platforms.Build.0 = Debug|Any CPU
		{99B8FFB6-3C32-4F26-A1DF-F9B8A8FC0C05}.Debug|x64.ActiveCfg = Debug|Any CPU
		{99B8FFB6-3C32-4F26-A1DF-F9B8A8FC0C05}.Debug|x86.ActiveCfg = Debug|Any CPU
		{99B8FFB6-3C32-4F26-A1DF-F9B8A8FC0C05}.Debugx64|Any CPU.ActiveCfg = Debug|Any CPU
		{99B8FFB6-3C32-4F26-A1DF-F9B8A8FC0C05}.Debugx64|Any CPU.Build.0 = Debug|Any CPU
		{99B8FFB6-3C32-4F26-A1DF-F9B8A8FC0C05}.Debugx64|Mixed Platforms.ActiveCfg = Debug|Any CPU
		{99B8FFB6-3C32-4F26-A1DF-F9B8A8FC0C05}.Debugx64|Mixed Platforms.Build.0 = Debug|Any CPU
		{99B8FFB6-3C32-4F26-A1DF-F9B8A8FC0C05}.Debugx64|x64.ActiveCfg = Debug|Any CPU
		{99B8FFB6-3C32-4F26-A1DF-F9B8A8FC0C05}.Debugx64|x86.ActiveCfg = Debug|Any CPU
		{99B8FFB6-3C32-4F26-A1DF-F9B8A8FC0C05}.Release|Any CPU.ActiveCfg = Release|Any CPU
		{99B8FFB6-3C32-4F26-A1DF-F9B8A8FC0C05}.Release|Any CPU.Build.0 = Release|Any CPU
		{99B8FFB6-3C32-4F26-A1DF-F9B8A8FC0C05}.Release|Mixed Platforms.ActiveCfg = Release|Any CPU
		{99B8FFB6-3C32-4F26-A1DF-F9B8A8FC0C05}.Release|Mixed Platforms.Build.0 = Release|Any CPU
		{99B8FFB6-3C32-4F26-A1DF-F9B8A8FC0C05}.Release|x64.ActiveCfg = Release|Any CPU
		{99B8FFB6-3C32-4F26-A1DF-F9B8A8FC0C05}.Release|x86.ActiveCfg = Release|Any CPU
		{99B8FFB6-3C32-4F26-A1DF-F9B8A8FC0C05}.SilverlightOnly|Any CPU.ActiveCfg = Debug|Any CPU
		{99B8FFB6-3C32-4F26-A1DF-F9B8A8FC0C05}.SilverlightOnly|Any CPU.Build.0 = Debug|Any CPU
		{99B8FFB6-3C32-4F26-A1DF-F9B8A8FC0C05}.SilverlightOnly|Mixed Platforms.ActiveCfg = Debug|Any CPU
		{99B8FFB6-3C32-4F26-A1DF-F9B8A8FC0C05}.SilverlightOnly|Mixed Platforms.Build.0 = Debug|Any CPU
		{99B8FFB6-3C32-4F26-A1DF-F9B8A8FC0C05}.SilverlightOnly|x64.ActiveCfg = Debug|Any CPU
		{99B8FFB6-3C32-4F26-A1DF-F9B8A8FC0C05}.SilverlightOnly|x86.ActiveCfg = Debug|Any CPU
		{20FB1E89-2C34-46CF-9EE7-6C8048911F55}.AudioAnalysis|Any CPU.ActiveCfg = Debug|Any CPU
		{20FB1E89-2C34-46CF-9EE7-6C8048911F55}.AudioAnalysis|Any CPU.Build.0 = Debug|Any CPU
		{20FB1E89-2C34-46CF-9EE7-6C8048911F55}.AudioAnalysis|Mixed Platforms.ActiveCfg = Debug|Any CPU
		{20FB1E89-2C34-46CF-9EE7-6C8048911F55}.AudioAnalysis|Mixed Platforms.Build.0 = Debug|Any CPU
		{20FB1E89-2C34-46CF-9EE7-6C8048911F55}.AudioAnalysis|x64.ActiveCfg = Debug|Any CPU
		{20FB1E89-2C34-46CF-9EE7-6C8048911F55}.AudioAnalysis|x86.ActiveCfg = Debug|Any CPU
		{20FB1E89-2C34-46CF-9EE7-6C8048911F55}.Core|Any CPU.ActiveCfg = Release|Any CPU
		{20FB1E89-2C34-46CF-9EE7-6C8048911F55}.Core|Any CPU.Build.0 = Release|Any CPU
		{20FB1E89-2C34-46CF-9EE7-6C8048911F55}.Core|Mixed Platforms.ActiveCfg = Release|Any CPU
		{20FB1E89-2C34-46CF-9EE7-6C8048911F55}.Core|Mixed Platforms.Build.0 = Release|Any CPU
		{20FB1E89-2C34-46CF-9EE7-6C8048911F55}.Core|x64.ActiveCfg = Release|Any CPU
		{20FB1E89-2C34-46CF-9EE7-6C8048911F55}.Core|x86.ActiveCfg = Release|Any CPU
		{20FB1E89-2C34-46CF-9EE7-6C8048911F55}.Debug|Any CPU.ActiveCfg = Debug|Any CPU
		{20FB1E89-2C34-46CF-9EE7-6C8048911F55}.Debug|Any CPU.Build.0 = Debug|Any CPU
		{20FB1E89-2C34-46CF-9EE7-6C8048911F55}.Debug|Mixed Platforms.ActiveCfg = Debug|Any CPU
		{20FB1E89-2C34-46CF-9EE7-6C8048911F55}.Debug|Mixed Platforms.Build.0 = Debug|Any CPU
		{20FB1E89-2C34-46CF-9EE7-6C8048911F55}.Debug|x64.ActiveCfg = Debug|Any CPU
		{20FB1E89-2C34-46CF-9EE7-6C8048911F55}.Debug|x86.ActiveCfg = Debug|Any CPU
		{20FB1E89-2C34-46CF-9EE7-6C8048911F55}.Debugx64|Any CPU.ActiveCfg = Debug|Any CPU
		{20FB1E89-2C34-46CF-9EE7-6C8048911F55}.Debugx64|Any CPU.Build.0 = Debug|Any CPU
		{20FB1E89-2C34-46CF-9EE7-6C8048911F55}.Debugx64|Mixed Platforms.ActiveCfg = Debug|Any CPU
		{20FB1E89-2C34-46CF-9EE7-6C8048911F55}.Debugx64|Mixed Platforms.Build.0 = Debug|Any CPU
		{20FB1E89-2C34-46CF-9EE7-6C8048911F55}.Debugx64|x64.ActiveCfg = Debug|Any CPU
		{20FB1E89-2C34-46CF-9EE7-6C8048911F55}.Debugx64|x86.ActiveCfg = Debug|Any CPU
		{20FB1E89-2C34-46CF-9EE7-6C8048911F55}.Release|Any CPU.ActiveCfg = Release|Any CPU
		{20FB1E89-2C34-46CF-9EE7-6C8048911F55}.Release|Any CPU.Build.0 = Release|Any CPU
		{20FB1E89-2C34-46CF-9EE7-6C8048911F55}.Release|Mixed Platforms.ActiveCfg = Release|Any CPU
		{20FB1E89-2C34-46CF-9EE7-6C8048911F55}.Release|Mixed Platforms.Build.0 = Release|Any CPU
		{20FB1E89-2C34-46CF-9EE7-6C8048911F55}.Release|x64.ActiveCfg = Release|Any CPU
		{20FB1E89-2C34-46CF-9EE7-6C8048911F55}.Release|x86.ActiveCfg = Release|Any CPU
		{20FB1E89-2C34-46CF-9EE7-6C8048911F55}.SilverlightOnly|Any CPU.ActiveCfg = Debug|Any CPU
		{20FB1E89-2C34-46CF-9EE7-6C8048911F55}.SilverlightOnly|Any CPU.Build.0 = Debug|Any CPU
		{20FB1E89-2C34-46CF-9EE7-6C8048911F55}.SilverlightOnly|Mixed Platforms.ActiveCfg = Debug|Any CPU
		{20FB1E89-2C34-46CF-9EE7-6C8048911F55}.SilverlightOnly|Mixed Platforms.Build.0 = Debug|Any CPU
		{20FB1E89-2C34-46CF-9EE7-6C8048911F55}.SilverlightOnly|x64.ActiveCfg = Debug|Any CPU
		{20FB1E89-2C34-46CF-9EE7-6C8048911F55}.SilverlightOnly|x86.ActiveCfg = Debug|Any CPU
		{73B9C579-F539-426F-9852-1EFCBA75C0D5}.AudioAnalysis|Any CPU.ActiveCfg = Debug|Any CPU
		{73B9C579-F539-426F-9852-1EFCBA75C0D5}.AudioAnalysis|Any CPU.Build.0 = Debug|Any CPU
		{73B9C579-F539-426F-9852-1EFCBA75C0D5}.AudioAnalysis|Mixed Platforms.ActiveCfg = Debug|Any CPU
		{73B9C579-F539-426F-9852-1EFCBA75C0D5}.AudioAnalysis|Mixed Platforms.Build.0 = Debug|Any CPU
		{73B9C579-F539-426F-9852-1EFCBA75C0D5}.AudioAnalysis|x64.ActiveCfg = Debug|x64
		{73B9C579-F539-426F-9852-1EFCBA75C0D5}.AudioAnalysis|x64.Build.0 = Debug|x64
		{73B9C579-F539-426F-9852-1EFCBA75C0D5}.AudioAnalysis|x86.ActiveCfg = Debug|Any CPU
		{73B9C579-F539-426F-9852-1EFCBA75C0D5}.Core|Any CPU.ActiveCfg = Release|Any CPU
		{73B9C579-F539-426F-9852-1EFCBA75C0D5}.Core|Any CPU.Build.0 = Release|Any CPU
		{73B9C579-F539-426F-9852-1EFCBA75C0D5}.Core|Mixed Platforms.ActiveCfg = Release|Any CPU
		{73B9C579-F539-426F-9852-1EFCBA75C0D5}.Core|Mixed Platforms.Build.0 = Release|Any CPU
		{73B9C579-F539-426F-9852-1EFCBA75C0D5}.Core|x64.ActiveCfg = Release|x64
		{73B9C579-F539-426F-9852-1EFCBA75C0D5}.Core|x64.Build.0 = Release|x64
		{73B9C579-F539-426F-9852-1EFCBA75C0D5}.Core|x86.ActiveCfg = Release|Any CPU
		{73B9C579-F539-426F-9852-1EFCBA75C0D5}.Debug|Any CPU.ActiveCfg = Debug|Any CPU
		{73B9C579-F539-426F-9852-1EFCBA75C0D5}.Debug|Any CPU.Build.0 = Debug|Any CPU
		{73B9C579-F539-426F-9852-1EFCBA75C0D5}.Debug|Mixed Platforms.ActiveCfg = Debug|Any CPU
		{73B9C579-F539-426F-9852-1EFCBA75C0D5}.Debug|Mixed Platforms.Build.0 = Debug|Any CPU
		{73B9C579-F539-426F-9852-1EFCBA75C0D5}.Debug|x64.ActiveCfg = Debug|x64
		{73B9C579-F539-426F-9852-1EFCBA75C0D5}.Debug|x64.Build.0 = Debug|x64
		{73B9C579-F539-426F-9852-1EFCBA75C0D5}.Debug|x86.ActiveCfg = Debug|Any CPU
		{73B9C579-F539-426F-9852-1EFCBA75C0D5}.Debugx64|Any CPU.ActiveCfg = Debug|Any CPU
		{73B9C579-F539-426F-9852-1EFCBA75C0D5}.Debugx64|Any CPU.Build.0 = Debug|Any CPU
		{73B9C579-F539-426F-9852-1EFCBA75C0D5}.Debugx64|Mixed Platforms.ActiveCfg = Debug|Any CPU
		{73B9C579-F539-426F-9852-1EFCBA75C0D5}.Debugx64|Mixed Platforms.Build.0 = Debug|Any CPU
		{73B9C579-F539-426F-9852-1EFCBA75C0D5}.Debugx64|x64.ActiveCfg = Debug|x64
		{73B9C579-F539-426F-9852-1EFCBA75C0D5}.Debugx64|x64.Build.0 = Debug|x64
		{73B9C579-F539-426F-9852-1EFCBA75C0D5}.Debugx64|x86.ActiveCfg = Debug|Any CPU
		{73B9C579-F539-426F-9852-1EFCBA75C0D5}.Release|Any CPU.ActiveCfg = Release|Any CPU
		{73B9C579-F539-426F-9852-1EFCBA75C0D5}.Release|Any CPU.Build.0 = Release|Any CPU
		{73B9C579-F539-426F-9852-1EFCBA75C0D5}.Release|Mixed Platforms.ActiveCfg = Release|Any CPU
		{73B9C579-F539-426F-9852-1EFCBA75C0D5}.Release|Mixed Platforms.Build.0 = Release|Any CPU
		{73B9C579-F539-426F-9852-1EFCBA75C0D5}.Release|x64.ActiveCfg = Release|x64
		{73B9C579-F539-426F-9852-1EFCBA75C0D5}.Release|x64.Build.0 = Release|x64
		{73B9C579-F539-426F-9852-1EFCBA75C0D5}.Release|x86.ActiveCfg = Release|Any CPU
		{73B9C579-F539-426F-9852-1EFCBA75C0D5}.SilverlightOnly|Any CPU.ActiveCfg = Debug|Any CPU
		{73B9C579-F539-426F-9852-1EFCBA75C0D5}.SilverlightOnly|Any CPU.Build.0 = Debug|Any CPU
		{73B9C579-F539-426F-9852-1EFCBA75C0D5}.SilverlightOnly|Mixed Platforms.ActiveCfg = Debug|Any CPU
		{73B9C579-F539-426F-9852-1EFCBA75C0D5}.SilverlightOnly|Mixed Platforms.Build.0 = Debug|Any CPU
		{73B9C579-F539-426F-9852-1EFCBA75C0D5}.SilverlightOnly|x64.ActiveCfg = Debug|x64
		{73B9C579-F539-426F-9852-1EFCBA75C0D5}.SilverlightOnly|x64.Build.0 = Debug|x64
		{73B9C579-F539-426F-9852-1EFCBA75C0D5}.SilverlightOnly|x86.ActiveCfg = Debug|Any CPU
		{9A0FBE53-07FD-4DCF-97EC-7812BADD89D4}.AudioAnalysis|Any CPU.ActiveCfg = Debug|Any CPU
		{9A0FBE53-07FD-4DCF-97EC-7812BADD89D4}.AudioAnalysis|Any CPU.Build.0 = Debug|Any CPU
		{9A0FBE53-07FD-4DCF-97EC-7812BADD89D4}.AudioAnalysis|Mixed Platforms.ActiveCfg = Debug|Any CPU
		{9A0FBE53-07FD-4DCF-97EC-7812BADD89D4}.AudioAnalysis|Mixed Platforms.Build.0 = Debug|Any CPU
		{9A0FBE53-07FD-4DCF-97EC-7812BADD89D4}.AudioAnalysis|x64.ActiveCfg = Debug|x64
		{9A0FBE53-07FD-4DCF-97EC-7812BADD89D4}.AudioAnalysis|x64.Build.0 = Debug|x64
		{9A0FBE53-07FD-4DCF-97EC-7812BADD89D4}.AudioAnalysis|x86.ActiveCfg = Debug|Any CPU
		{9A0FBE53-07FD-4DCF-97EC-7812BADD89D4}.Core|Any CPU.ActiveCfg = Release|Any CPU
		{9A0FBE53-07FD-4DCF-97EC-7812BADD89D4}.Core|Any CPU.Build.0 = Release|Any CPU
		{9A0FBE53-07FD-4DCF-97EC-7812BADD89D4}.Core|Mixed Platforms.ActiveCfg = Release|Any CPU
		{9A0FBE53-07FD-4DCF-97EC-7812BADD89D4}.Core|Mixed Platforms.Build.0 = Release|Any CPU
		{9A0FBE53-07FD-4DCF-97EC-7812BADD89D4}.Core|x64.ActiveCfg = Release|x64
		{9A0FBE53-07FD-4DCF-97EC-7812BADD89D4}.Core|x64.Build.0 = Release|x64
		{9A0FBE53-07FD-4DCF-97EC-7812BADD89D4}.Core|x86.ActiveCfg = Release|Any CPU
		{9A0FBE53-07FD-4DCF-97EC-7812BADD89D4}.Debug|Any CPU.ActiveCfg = Debug|Any CPU
		{9A0FBE53-07FD-4DCF-97EC-7812BADD89D4}.Debug|Any CPU.Build.0 = Debug|Any CPU
		{9A0FBE53-07FD-4DCF-97EC-7812BADD89D4}.Debug|Mixed Platforms.ActiveCfg = Debug|Any CPU
		{9A0FBE53-07FD-4DCF-97EC-7812BADD89D4}.Debug|Mixed Platforms.Build.0 = Debug|Any CPU
		{9A0FBE53-07FD-4DCF-97EC-7812BADD89D4}.Debug|x64.ActiveCfg = Debug|x64
		{9A0FBE53-07FD-4DCF-97EC-7812BADD89D4}.Debug|x64.Build.0 = Debug|x64
		{9A0FBE53-07FD-4DCF-97EC-7812BADD89D4}.Debug|x86.ActiveCfg = Debug|Any CPU
		{9A0FBE53-07FD-4DCF-97EC-7812BADD89D4}.Debugx64|Any CPU.ActiveCfg = Debug|Any CPU
		{9A0FBE53-07FD-4DCF-97EC-7812BADD89D4}.Debugx64|Any CPU.Build.0 = Debug|Any CPU
		{9A0FBE53-07FD-4DCF-97EC-7812BADD89D4}.Debugx64|Mixed Platforms.ActiveCfg = Debug|Any CPU
		{9A0FBE53-07FD-4DCF-97EC-7812BADD89D4}.Debugx64|Mixed Platforms.Build.0 = Debug|Any CPU
		{9A0FBE53-07FD-4DCF-97EC-7812BADD89D4}.Debugx64|x64.ActiveCfg = Debug|x64
		{9A0FBE53-07FD-4DCF-97EC-7812BADD89D4}.Debugx64|x64.Build.0 = Debug|x64
		{9A0FBE53-07FD-4DCF-97EC-7812BADD89D4}.Debugx64|x86.ActiveCfg = Debug|Any CPU
		{9A0FBE53-07FD-4DCF-97EC-7812BADD89D4}.Release|Any CPU.ActiveCfg = Release|Any CPU
		{9A0FBE53-07FD-4DCF-97EC-7812BADD89D4}.Release|Any CPU.Build.0 = Release|Any CPU
		{9A0FBE53-07FD-4DCF-97EC-7812BADD89D4}.Release|Mixed Platforms.ActiveCfg = Release|Any CPU
		{9A0FBE53-07FD-4DCF-97EC-7812BADD89D4}.Release|Mixed Platforms.Build.0 = Release|Any CPU
		{9A0FBE53-07FD-4DCF-97EC-7812BADD89D4}.Release|x64.ActiveCfg = Release|x64
		{9A0FBE53-07FD-4DCF-97EC-7812BADD89D4}.Release|x64.Build.0 = Release|x64
		{9A0FBE53-07FD-4DCF-97EC-7812BADD89D4}.Release|x86.ActiveCfg = Release|Any CPU
		{9A0FBE53-07FD-4DCF-97EC-7812BADD89D4}.SilverlightOnly|Any CPU.ActiveCfg = Debug|Any CPU
		{9A0FBE53-07FD-4DCF-97EC-7812BADD89D4}.SilverlightOnly|Any CPU.Build.0 = Debug|Any CPU
		{9A0FBE53-07FD-4DCF-97EC-7812BADD89D4}.SilverlightOnly|Mixed Platforms.ActiveCfg = Debug|Any CPU
		{9A0FBE53-07FD-4DCF-97EC-7812BADD89D4}.SilverlightOnly|Mixed Platforms.Build.0 = Debug|Any CPU
		{9A0FBE53-07FD-4DCF-97EC-7812BADD89D4}.SilverlightOnly|x64.ActiveCfg = Debug|x64
		{9A0FBE53-07FD-4DCF-97EC-7812BADD89D4}.SilverlightOnly|x64.Build.0 = Debug|x64
		{9A0FBE53-07FD-4DCF-97EC-7812BADD89D4}.SilverlightOnly|x86.ActiveCfg = Debug|Any CPU
		{372A71B7-7505-4A40-8139-BE6D89281C9B}.AudioAnalysis|Any CPU.ActiveCfg = Release|Any CPU
		{372A71B7-7505-4A40-8139-BE6D89281C9B}.AudioAnalysis|Any CPU.Build.0 = Release|Any CPU
		{372A71B7-7505-4A40-8139-BE6D89281C9B}.AudioAnalysis|Mixed Platforms.ActiveCfg = Release|x86
		{372A71B7-7505-4A40-8139-BE6D89281C9B}.AudioAnalysis|Mixed Platforms.Build.0 = Release|x86
		{372A71B7-7505-4A40-8139-BE6D89281C9B}.AudioAnalysis|x64.ActiveCfg = Release|x64
		{372A71B7-7505-4A40-8139-BE6D89281C9B}.AudioAnalysis|x64.Build.0 = Release|x64
		{372A71B7-7505-4A40-8139-BE6D89281C9B}.AudioAnalysis|x86.ActiveCfg = Release|x86
		{372A71B7-7505-4A40-8139-BE6D89281C9B}.AudioAnalysis|x86.Build.0 = Release|x86
		{372A71B7-7505-4A40-8139-BE6D89281C9B}.Core|Any CPU.ActiveCfg = Debugx64|Any CPU
		{372A71B7-7505-4A40-8139-BE6D89281C9B}.Core|Any CPU.Build.0 = Debugx64|Any CPU
		{372A71B7-7505-4A40-8139-BE6D89281C9B}.Core|Mixed Platforms.ActiveCfg = Debugx64|x86
		{372A71B7-7505-4A40-8139-BE6D89281C9B}.Core|Mixed Platforms.Build.0 = Debugx64|x86
		{372A71B7-7505-4A40-8139-BE6D89281C9B}.Core|x64.ActiveCfg = Debugx64|x64
		{372A71B7-7505-4A40-8139-BE6D89281C9B}.Core|x64.Build.0 = Debugx64|x64
		{372A71B7-7505-4A40-8139-BE6D89281C9B}.Core|x86.ActiveCfg = Debugx64|x86
		{372A71B7-7505-4A40-8139-BE6D89281C9B}.Core|x86.Build.0 = Debugx64|x86
		{372A71B7-7505-4A40-8139-BE6D89281C9B}.Debug|Any CPU.ActiveCfg = Debug|Any CPU
		{372A71B7-7505-4A40-8139-BE6D89281C9B}.Debug|Any CPU.Build.0 = Debug|Any CPU
		{372A71B7-7505-4A40-8139-BE6D89281C9B}.Debug|Mixed Platforms.ActiveCfg = Debug|Any CPU
		{372A71B7-7505-4A40-8139-BE6D89281C9B}.Debug|Mixed Platforms.Build.0 = Debug|Any CPU
		{372A71B7-7505-4A40-8139-BE6D89281C9B}.Debug|x64.ActiveCfg = Debug|x64
		{372A71B7-7505-4A40-8139-BE6D89281C9B}.Debug|x64.Build.0 = Debug|x64
		{372A71B7-7505-4A40-8139-BE6D89281C9B}.Debug|x86.ActiveCfg = Debug|x86
		{372A71B7-7505-4A40-8139-BE6D89281C9B}.Debug|x86.Build.0 = Debug|x86
		{372A71B7-7505-4A40-8139-BE6D89281C9B}.Debugx64|Any CPU.ActiveCfg = Debugx64|Any CPU
		{372A71B7-7505-4A40-8139-BE6D89281C9B}.Debugx64|Any CPU.Build.0 = Debugx64|Any CPU
		{372A71B7-7505-4A40-8139-BE6D89281C9B}.Debugx64|Mixed Platforms.ActiveCfg = Debugx64|x86
		{372A71B7-7505-4A40-8139-BE6D89281C9B}.Debugx64|Mixed Platforms.Build.0 = Debugx64|x86
		{372A71B7-7505-4A40-8139-BE6D89281C9B}.Debugx64|x64.ActiveCfg = Debugx64|x64
		{372A71B7-7505-4A40-8139-BE6D89281C9B}.Debugx64|x64.Build.0 = Debugx64|x64
		{372A71B7-7505-4A40-8139-BE6D89281C9B}.Debugx64|x86.ActiveCfg = Debugx64|x86
		{372A71B7-7505-4A40-8139-BE6D89281C9B}.Debugx64|x86.Build.0 = Debugx64|x86
		{372A71B7-7505-4A40-8139-BE6D89281C9B}.Release|Any CPU.ActiveCfg = Release|Any CPU
		{372A71B7-7505-4A40-8139-BE6D89281C9B}.Release|Any CPU.Build.0 = Release|Any CPU
		{372A71B7-7505-4A40-8139-BE6D89281C9B}.Release|Mixed Platforms.ActiveCfg = Release|Any CPU
		{372A71B7-7505-4A40-8139-BE6D89281C9B}.Release|Mixed Platforms.Build.0 = Release|Any CPU
		{372A71B7-7505-4A40-8139-BE6D89281C9B}.Release|x64.ActiveCfg = Release|x64
		{372A71B7-7505-4A40-8139-BE6D89281C9B}.Release|x64.Build.0 = Release|x64
		{372A71B7-7505-4A40-8139-BE6D89281C9B}.Release|x86.ActiveCfg = Release|x86
		{372A71B7-7505-4A40-8139-BE6D89281C9B}.Release|x86.Build.0 = Release|x86
		{372A71B7-7505-4A40-8139-BE6D89281C9B}.SilverlightOnly|Any CPU.ActiveCfg = Release|Any CPU
		{372A71B7-7505-4A40-8139-BE6D89281C9B}.SilverlightOnly|Any CPU.Build.0 = Release|Any CPU
		{372A71B7-7505-4A40-8139-BE6D89281C9B}.SilverlightOnly|Mixed Platforms.ActiveCfg = Release|x86
		{372A71B7-7505-4A40-8139-BE6D89281C9B}.SilverlightOnly|Mixed Platforms.Build.0 = Release|x86
		{372A71B7-7505-4A40-8139-BE6D89281C9B}.SilverlightOnly|x64.ActiveCfg = Release|x64
		{372A71B7-7505-4A40-8139-BE6D89281C9B}.SilverlightOnly|x64.Build.0 = Release|x64
		{372A71B7-7505-4A40-8139-BE6D89281C9B}.SilverlightOnly|x86.ActiveCfg = Release|x86
		{372A71B7-7505-4A40-8139-BE6D89281C9B}.SilverlightOnly|x86.Build.0 = Release|x86
		{D5761255-D675-463A-98CB-2E6F60F39408}.AudioAnalysis|Any CPU.ActiveCfg = Release|Any CPU
		{D5761255-D675-463A-98CB-2E6F60F39408}.AudioAnalysis|Any CPU.Build.0 = Release|Any CPU
		{D5761255-D675-463A-98CB-2E6F60F39408}.AudioAnalysis|Mixed Platforms.ActiveCfg = Release|Any CPU
		{D5761255-D675-463A-98CB-2E6F60F39408}.AudioAnalysis|Mixed Platforms.Build.0 = Release|Any CPU
		{D5761255-D675-463A-98CB-2E6F60F39408}.AudioAnalysis|x64.ActiveCfg = Release|x64
		{D5761255-D675-463A-98CB-2E6F60F39408}.AudioAnalysis|x64.Build.0 = Release|x64
		{D5761255-D675-463A-98CB-2E6F60F39408}.AudioAnalysis|x86.ActiveCfg = Release|Any CPU
		{D5761255-D675-463A-98CB-2E6F60F39408}.Core|Any CPU.ActiveCfg = Debugx64|Any CPU
		{D5761255-D675-463A-98CB-2E6F60F39408}.Core|Any CPU.Build.0 = Debugx64|Any CPU
		{D5761255-D675-463A-98CB-2E6F60F39408}.Core|Mixed Platforms.ActiveCfg = Debugx64|Any CPU
		{D5761255-D675-463A-98CB-2E6F60F39408}.Core|Mixed Platforms.Build.0 = Debugx64|Any CPU
		{D5761255-D675-463A-98CB-2E6F60F39408}.Core|x64.ActiveCfg = Debugx64|x64
		{D5761255-D675-463A-98CB-2E6F60F39408}.Core|x64.Build.0 = Debugx64|x64
		{D5761255-D675-463A-98CB-2E6F60F39408}.Core|x86.ActiveCfg = Debugx64|Any CPU
		{D5761255-D675-463A-98CB-2E6F60F39408}.Debug|Any CPU.ActiveCfg = Debug|Any CPU
		{D5761255-D675-463A-98CB-2E6F60F39408}.Debug|Any CPU.Build.0 = Debug|Any CPU
		{D5761255-D675-463A-98CB-2E6F60F39408}.Debug|Mixed Platforms.ActiveCfg = Debug|Any CPU
		{D5761255-D675-463A-98CB-2E6F60F39408}.Debug|Mixed Platforms.Build.0 = Debug|Any CPU
		{D5761255-D675-463A-98CB-2E6F60F39408}.Debug|x64.ActiveCfg = Debug|x64
		{D5761255-D675-463A-98CB-2E6F60F39408}.Debug|x64.Build.0 = Debug|x64
		{D5761255-D675-463A-98CB-2E6F60F39408}.Debug|x86.ActiveCfg = Debug|Any CPU
		{D5761255-D675-463A-98CB-2E6F60F39408}.Debugx64|Any CPU.ActiveCfg = Debugx64|Any CPU
		{D5761255-D675-463A-98CB-2E6F60F39408}.Debugx64|Any CPU.Build.0 = Debugx64|Any CPU
		{D5761255-D675-463A-98CB-2E6F60F39408}.Debugx64|Mixed Platforms.ActiveCfg = Debugx64|Any CPU
		{D5761255-D675-463A-98CB-2E6F60F39408}.Debugx64|Mixed Platforms.Build.0 = Debugx64|Any CPU
		{D5761255-D675-463A-98CB-2E6F60F39408}.Debugx64|x64.ActiveCfg = Debugx64|x64
		{D5761255-D675-463A-98CB-2E6F60F39408}.Debugx64|x64.Build.0 = Debugx64|x64
		{D5761255-D675-463A-98CB-2E6F60F39408}.Debugx64|x86.ActiveCfg = Debugx64|Any CPU
		{D5761255-D675-463A-98CB-2E6F60F39408}.Release|Any CPU.ActiveCfg = Release|Any CPU
		{D5761255-D675-463A-98CB-2E6F60F39408}.Release|Any CPU.Build.0 = Release|Any CPU
		{D5761255-D675-463A-98CB-2E6F60F39408}.Release|Mixed Platforms.ActiveCfg = Release|Any CPU
		{D5761255-D675-463A-98CB-2E6F60F39408}.Release|Mixed Platforms.Build.0 = Release|Any CPU
		{D5761255-D675-463A-98CB-2E6F60F39408}.Release|x64.ActiveCfg = Release|x64
		{D5761255-D675-463A-98CB-2E6F60F39408}.Release|x64.Build.0 = Release|x64
		{D5761255-D675-463A-98CB-2E6F60F39408}.Release|x86.ActiveCfg = Release|Any CPU
		{D5761255-D675-463A-98CB-2E6F60F39408}.SilverlightOnly|Any CPU.ActiveCfg = Release|Any CPU
		{D5761255-D675-463A-98CB-2E6F60F39408}.SilverlightOnly|Any CPU.Build.0 = Release|Any CPU
		{D5761255-D675-463A-98CB-2E6F60F39408}.SilverlightOnly|Mixed Platforms.ActiveCfg = Release|Any CPU
		{D5761255-D675-463A-98CB-2E6F60F39408}.SilverlightOnly|Mixed Platforms.Build.0 = Release|Any CPU
		{D5761255-D675-463A-98CB-2E6F60F39408}.SilverlightOnly|x64.ActiveCfg = Release|x64
		{D5761255-D675-463A-98CB-2E6F60F39408}.SilverlightOnly|x64.Build.0 = Release|x64
		{D5761255-D675-463A-98CB-2E6F60F39408}.SilverlightOnly|x86.ActiveCfg = Release|Any CPU
		{9999ADED-5392-409C-9D5C-58C6EC3A1DA5}.AudioAnalysis|Any CPU.ActiveCfg = Debug|Any CPU
		{9999ADED-5392-409C-9D5C-58C6EC3A1DA5}.AudioAnalysis|Any CPU.Build.0 = Debug|Any CPU
		{9999ADED-5392-409C-9D5C-58C6EC3A1DA5}.AudioAnalysis|Mixed Platforms.ActiveCfg = Debug|Any CPU
		{9999ADED-5392-409C-9D5C-58C6EC3A1DA5}.AudioAnalysis|Mixed Platforms.Build.0 = Debug|Any CPU
		{9999ADED-5392-409C-9D5C-58C6EC3A1DA5}.AudioAnalysis|x64.ActiveCfg = Debug|Any CPU
		{9999ADED-5392-409C-9D5C-58C6EC3A1DA5}.AudioAnalysis|x86.ActiveCfg = Debug|Any CPU
		{9999ADED-5392-409C-9D5C-58C6EC3A1DA5}.Core|Any CPU.ActiveCfg = Release|Any CPU
		{9999ADED-5392-409C-9D5C-58C6EC3A1DA5}.Core|Any CPU.Build.0 = Release|Any CPU
		{9999ADED-5392-409C-9D5C-58C6EC3A1DA5}.Core|Mixed Platforms.ActiveCfg = Release|Any CPU
		{9999ADED-5392-409C-9D5C-58C6EC3A1DA5}.Core|Mixed Platforms.Build.0 = Release|Any CPU
		{9999ADED-5392-409C-9D5C-58C6EC3A1DA5}.Core|x64.ActiveCfg = Release|Any CPU
		{9999ADED-5392-409C-9D5C-58C6EC3A1DA5}.Core|x86.ActiveCfg = Release|Any CPU
		{9999ADED-5392-409C-9D5C-58C6EC3A1DA5}.Debug|Any CPU.ActiveCfg = Debug|Any CPU
		{9999ADED-5392-409C-9D5C-58C6EC3A1DA5}.Debug|Any CPU.Build.0 = Debug|Any CPU
		{9999ADED-5392-409C-9D5C-58C6EC3A1DA5}.Debug|Mixed Platforms.ActiveCfg = Debug|Any CPU
		{9999ADED-5392-409C-9D5C-58C6EC3A1DA5}.Debug|Mixed Platforms.Build.0 = Debug|Any CPU
		{9999ADED-5392-409C-9D5C-58C6EC3A1DA5}.Debug|x64.ActiveCfg = Debug|Any CPU
		{9999ADED-5392-409C-9D5C-58C6EC3A1DA5}.Debug|x86.ActiveCfg = Debug|Any CPU
		{9999ADED-5392-409C-9D5C-58C6EC3A1DA5}.Debugx64|Any CPU.ActiveCfg = Debug|Any CPU
		{9999ADED-5392-409C-9D5C-58C6EC3A1DA5}.Debugx64|Any CPU.Build.0 = Debug|Any CPU
		{9999ADED-5392-409C-9D5C-58C6EC3A1DA5}.Debugx64|Mixed Platforms.ActiveCfg = Debug|Any CPU
		{9999ADED-5392-409C-9D5C-58C6EC3A1DA5}.Debugx64|Mixed Platforms.Build.0 = Debug|Any CPU
		{9999ADED-5392-409C-9D5C-58C6EC3A1DA5}.Debugx64|x64.ActiveCfg = Debug|Any CPU
		{9999ADED-5392-409C-9D5C-58C6EC3A1DA5}.Debugx64|x86.ActiveCfg = Debug|Any CPU
		{9999ADED-5392-409C-9D5C-58C6EC3A1DA5}.Release|Any CPU.ActiveCfg = Release|Any CPU
		{9999ADED-5392-409C-9D5C-58C6EC3A1DA5}.Release|Any CPU.Build.0 = Release|Any CPU
		{9999ADED-5392-409C-9D5C-58C6EC3A1DA5}.Release|Mixed Platforms.ActiveCfg = Release|Any CPU
		{9999ADED-5392-409C-9D5C-58C6EC3A1DA5}.Release|Mixed Platforms.Build.0 = Release|Any CPU
		{9999ADED-5392-409C-9D5C-58C6EC3A1DA5}.Release|x64.ActiveCfg = Release|Any CPU
		{9999ADED-5392-409C-9D5C-58C6EC3A1DA5}.Release|x86.ActiveCfg = Release|Any CPU
		{9999ADED-5392-409C-9D5C-58C6EC3A1DA5}.SilverlightOnly|Any CPU.ActiveCfg = Debug|Any CPU
		{9999ADED-5392-409C-9D5C-58C6EC3A1DA5}.SilverlightOnly|Any CPU.Build.0 = Debug|Any CPU
		{9999ADED-5392-409C-9D5C-58C6EC3A1DA5}.SilverlightOnly|Mixed Platforms.ActiveCfg = Debug|Any CPU
		{9999ADED-5392-409C-9D5C-58C6EC3A1DA5}.SilverlightOnly|Mixed Platforms.Build.0 = Debug|Any CPU
		{9999ADED-5392-409C-9D5C-58C6EC3A1DA5}.SilverlightOnly|x64.ActiveCfg = Debug|Any CPU
		{9999ADED-5392-409C-9D5C-58C6EC3A1DA5}.SilverlightOnly|x86.ActiveCfg = Debug|Any CPU
		{B9B1E1AB-BDF5-4100-8839-27901CA12AFD}.AudioAnalysis|Any CPU.ActiveCfg = Debug|Any CPU
		{B9B1E1AB-BDF5-4100-8839-27901CA12AFD}.AudioAnalysis|Any CPU.Build.0 = Debug|Any CPU
		{B9B1E1AB-BDF5-4100-8839-27901CA12AFD}.AudioAnalysis|Mixed Platforms.ActiveCfg = Debug|Any CPU
		{B9B1E1AB-BDF5-4100-8839-27901CA12AFD}.AudioAnalysis|Mixed Platforms.Build.0 = Debug|Any CPU
		{B9B1E1AB-BDF5-4100-8839-27901CA12AFD}.AudioAnalysis|x64.ActiveCfg = Debug|Any CPU
		{B9B1E1AB-BDF5-4100-8839-27901CA12AFD}.AudioAnalysis|x86.ActiveCfg = Debug|Any CPU
		{B9B1E1AB-BDF5-4100-8839-27901CA12AFD}.Core|Any CPU.ActiveCfg = Release|Any CPU
		{B9B1E1AB-BDF5-4100-8839-27901CA12AFD}.Core|Any CPU.Build.0 = Release|Any CPU
		{B9B1E1AB-BDF5-4100-8839-27901CA12AFD}.Core|Mixed Platforms.ActiveCfg = Release|Any CPU
		{B9B1E1AB-BDF5-4100-8839-27901CA12AFD}.Core|Mixed Platforms.Build.0 = Release|Any CPU
		{B9B1E1AB-BDF5-4100-8839-27901CA12AFD}.Core|x64.ActiveCfg = Release|Any CPU
		{B9B1E1AB-BDF5-4100-8839-27901CA12AFD}.Core|x86.ActiveCfg = Release|Any CPU
		{B9B1E1AB-BDF5-4100-8839-27901CA12AFD}.Debug|Any CPU.ActiveCfg = Debug|Any CPU
		{B9B1E1AB-BDF5-4100-8839-27901CA12AFD}.Debug|Any CPU.Build.0 = Debug|Any CPU
		{B9B1E1AB-BDF5-4100-8839-27901CA12AFD}.Debug|Mixed Platforms.ActiveCfg = Debug|Any CPU
		{B9B1E1AB-BDF5-4100-8839-27901CA12AFD}.Debug|Mixed Platforms.Build.0 = Debug|Any CPU
		{B9B1E1AB-BDF5-4100-8839-27901CA12AFD}.Debug|x64.ActiveCfg = Debug|Any CPU
		{B9B1E1AB-BDF5-4100-8839-27901CA12AFD}.Debug|x86.ActiveCfg = Debug|Any CPU
		{B9B1E1AB-BDF5-4100-8839-27901CA12AFD}.Debugx64|Any CPU.ActiveCfg = Debug|Any CPU
		{B9B1E1AB-BDF5-4100-8839-27901CA12AFD}.Debugx64|Any CPU.Build.0 = Debug|Any CPU
		{B9B1E1AB-BDF5-4100-8839-27901CA12AFD}.Debugx64|Mixed Platforms.ActiveCfg = Debug|Any CPU
		{B9B1E1AB-BDF5-4100-8839-27901CA12AFD}.Debugx64|Mixed Platforms.Build.0 = Debug|Any CPU
		{B9B1E1AB-BDF5-4100-8839-27901CA12AFD}.Debugx64|x64.ActiveCfg = Debug|Any CPU
		{B9B1E1AB-BDF5-4100-8839-27901CA12AFD}.Debugx64|x86.ActiveCfg = Debug|Any CPU
		{B9B1E1AB-BDF5-4100-8839-27901CA12AFD}.Release|Any CPU.ActiveCfg = Release|Any CPU
		{B9B1E1AB-BDF5-4100-8839-27901CA12AFD}.Release|Any CPU.Build.0 = Release|Any CPU
		{B9B1E1AB-BDF5-4100-8839-27901CA12AFD}.Release|Mixed Platforms.ActiveCfg = Release|Any CPU
		{B9B1E1AB-BDF5-4100-8839-27901CA12AFD}.Release|Mixed Platforms.Build.0 = Release|Any CPU
		{B9B1E1AB-BDF5-4100-8839-27901CA12AFD}.Release|x64.ActiveCfg = Release|Any CPU
		{B9B1E1AB-BDF5-4100-8839-27901CA12AFD}.Release|x86.ActiveCfg = Release|Any CPU
		{B9B1E1AB-BDF5-4100-8839-27901CA12AFD}.SilverlightOnly|Any CPU.ActiveCfg = Debug|Any CPU
		{B9B1E1AB-BDF5-4100-8839-27901CA12AFD}.SilverlightOnly|Any CPU.Build.0 = Debug|Any CPU
		{B9B1E1AB-BDF5-4100-8839-27901CA12AFD}.SilverlightOnly|Mixed Platforms.ActiveCfg = Debug|Any CPU
		{B9B1E1AB-BDF5-4100-8839-27901CA12AFD}.SilverlightOnly|Mixed Platforms.Build.0 = Debug|Any CPU
		{B9B1E1AB-BDF5-4100-8839-27901CA12AFD}.SilverlightOnly|x64.ActiveCfg = Debug|Any CPU
		{B9B1E1AB-BDF5-4100-8839-27901CA12AFD}.SilverlightOnly|x86.ActiveCfg = Debug|Any CPU
		{ADCAB854-897B-4604-94BA-AAFCB4FB81A6}.AudioAnalysis|Any CPU.ActiveCfg = Debug|Any CPU
		{ADCAB854-897B-4604-94BA-AAFCB4FB81A6}.AudioAnalysis|Any CPU.Build.0 = Debug|Any CPU
		{ADCAB854-897B-4604-94BA-AAFCB4FB81A6}.AudioAnalysis|Mixed Platforms.ActiveCfg = Debug|Any CPU
		{ADCAB854-897B-4604-94BA-AAFCB4FB81A6}.AudioAnalysis|Mixed Platforms.Build.0 = Debug|Any CPU
		{ADCAB854-897B-4604-94BA-AAFCB4FB81A6}.AudioAnalysis|x64.ActiveCfg = Debug|Any CPU
		{ADCAB854-897B-4604-94BA-AAFCB4FB81A6}.AudioAnalysis|x86.ActiveCfg = Debug|Any CPU
		{ADCAB854-897B-4604-94BA-AAFCB4FB81A6}.Core|Any CPU.ActiveCfg = Release|Any CPU
		{ADCAB854-897B-4604-94BA-AAFCB4FB81A6}.Core|Any CPU.Build.0 = Release|Any CPU
		{ADCAB854-897B-4604-94BA-AAFCB4FB81A6}.Core|Mixed Platforms.ActiveCfg = Release|Any CPU
		{ADCAB854-897B-4604-94BA-AAFCB4FB81A6}.Core|Mixed Platforms.Build.0 = Release|Any CPU
		{ADCAB854-897B-4604-94BA-AAFCB4FB81A6}.Core|x64.ActiveCfg = Release|Any CPU
		{ADCAB854-897B-4604-94BA-AAFCB4FB81A6}.Core|x86.ActiveCfg = Release|Any CPU
		{ADCAB854-897B-4604-94BA-AAFCB4FB81A6}.Debug|Any CPU.ActiveCfg = Debug|Any CPU
		{ADCAB854-897B-4604-94BA-AAFCB4FB81A6}.Debug|Any CPU.Build.0 = Debug|Any CPU
		{ADCAB854-897B-4604-94BA-AAFCB4FB81A6}.Debug|Mixed Platforms.ActiveCfg = Debug|Any CPU
		{ADCAB854-897B-4604-94BA-AAFCB4FB81A6}.Debug|Mixed Platforms.Build.0 = Debug|Any CPU
		{ADCAB854-897B-4604-94BA-AAFCB4FB81A6}.Debug|x64.ActiveCfg = Debug|Any CPU
		{ADCAB854-897B-4604-94BA-AAFCB4FB81A6}.Debug|x86.ActiveCfg = Debug|Any CPU
		{ADCAB854-897B-4604-94BA-AAFCB4FB81A6}.Debugx64|Any CPU.ActiveCfg = Debug|Any CPU
		{ADCAB854-897B-4604-94BA-AAFCB4FB81A6}.Debugx64|Any CPU.Build.0 = Debug|Any CPU
		{ADCAB854-897B-4604-94BA-AAFCB4FB81A6}.Debugx64|Mixed Platforms.ActiveCfg = Debug|Any CPU
		{ADCAB854-897B-4604-94BA-AAFCB4FB81A6}.Debugx64|Mixed Platforms.Build.0 = Debug|Any CPU
		{ADCAB854-897B-4604-94BA-AAFCB4FB81A6}.Debugx64|x64.ActiveCfg = Debug|Any CPU
		{ADCAB854-897B-4604-94BA-AAFCB4FB81A6}.Debugx64|x86.ActiveCfg = Debug|Any CPU
		{ADCAB854-897B-4604-94BA-AAFCB4FB81A6}.Release|Any CPU.ActiveCfg = Release|Any CPU
		{ADCAB854-897B-4604-94BA-AAFCB4FB81A6}.Release|Any CPU.Build.0 = Release|Any CPU
		{ADCAB854-897B-4604-94BA-AAFCB4FB81A6}.Release|Mixed Platforms.ActiveCfg = Release|Any CPU
		{ADCAB854-897B-4604-94BA-AAFCB4FB81A6}.Release|Mixed Platforms.Build.0 = Release|Any CPU
		{ADCAB854-897B-4604-94BA-AAFCB4FB81A6}.Release|x64.ActiveCfg = Release|Any CPU
		{ADCAB854-897B-4604-94BA-AAFCB4FB81A6}.Release|x86.ActiveCfg = Release|Any CPU
		{ADCAB854-897B-4604-94BA-AAFCB4FB81A6}.SilverlightOnly|Any CPU.ActiveCfg = Debug|Any CPU
		{ADCAB854-897B-4604-94BA-AAFCB4FB81A6}.SilverlightOnly|Any CPU.Build.0 = Debug|Any CPU
		{ADCAB854-897B-4604-94BA-AAFCB4FB81A6}.SilverlightOnly|Mixed Platforms.ActiveCfg = Debug|Any CPU
		{ADCAB854-897B-4604-94BA-AAFCB4FB81A6}.SilverlightOnly|Mixed Platforms.Build.0 = Debug|Any CPU
		{ADCAB854-897B-4604-94BA-AAFCB4FB81A6}.SilverlightOnly|x64.ActiveCfg = Debug|Any CPU
		{ADCAB854-897B-4604-94BA-AAFCB4FB81A6}.SilverlightOnly|x86.ActiveCfg = Debug|Any CPU
		{15741EAD-ECD6-42F8-AB13-EA4AE636936E}.AudioAnalysis|Any CPU.ActiveCfg = Release|Any CPU
		{15741EAD-ECD6-42F8-AB13-EA4AE636936E}.AudioAnalysis|Any CPU.Build.0 = Release|Any CPU
		{15741EAD-ECD6-42F8-AB13-EA4AE636936E}.AudioAnalysis|Mixed Platforms.ActiveCfg = Release|Any CPU
		{15741EAD-ECD6-42F8-AB13-EA4AE636936E}.AudioAnalysis|Mixed Platforms.Build.0 = Release|Any CPU
		{15741EAD-ECD6-42F8-AB13-EA4AE636936E}.AudioAnalysis|x64.ActiveCfg = Release|Any CPU
		{15741EAD-ECD6-42F8-AB13-EA4AE636936E}.AudioAnalysis|x86.ActiveCfg = Release|Any CPU
		{15741EAD-ECD6-42F8-AB13-EA4AE636936E}.Core|Any CPU.ActiveCfg = Release|Any CPU
		{15741EAD-ECD6-42F8-AB13-EA4AE636936E}.Core|Any CPU.Build.0 = Release|Any CPU
		{15741EAD-ECD6-42F8-AB13-EA4AE636936E}.Core|Mixed Platforms.ActiveCfg = Release|Any CPU
		{15741EAD-ECD6-42F8-AB13-EA4AE636936E}.Core|Mixed Platforms.Build.0 = Release|Any CPU
		{15741EAD-ECD6-42F8-AB13-EA4AE636936E}.Core|x64.ActiveCfg = Release|Any CPU
		{15741EAD-ECD6-42F8-AB13-EA4AE636936E}.Core|x86.ActiveCfg = Release|Any CPU
		{15741EAD-ECD6-42F8-AB13-EA4AE636936E}.Debug|Any CPU.ActiveCfg = Debug|Any CPU
		{15741EAD-ECD6-42F8-AB13-EA4AE636936E}.Debug|Any CPU.Build.0 = Debug|Any CPU
		{15741EAD-ECD6-42F8-AB13-EA4AE636936E}.Debug|Mixed Platforms.ActiveCfg = Debug|Any CPU
		{15741EAD-ECD6-42F8-AB13-EA4AE636936E}.Debug|Mixed Platforms.Build.0 = Debug|Any CPU
		{15741EAD-ECD6-42F8-AB13-EA4AE636936E}.Debug|x64.ActiveCfg = Debug|Any CPU
		{15741EAD-ECD6-42F8-AB13-EA4AE636936E}.Debug|x86.ActiveCfg = Debug|Any CPU
		{15741EAD-ECD6-42F8-AB13-EA4AE636936E}.Debugx64|Any CPU.ActiveCfg = Debug|Any CPU
		{15741EAD-ECD6-42F8-AB13-EA4AE636936E}.Debugx64|Any CPU.Build.0 = Debug|Any CPU
		{15741EAD-ECD6-42F8-AB13-EA4AE636936E}.Debugx64|Mixed Platforms.ActiveCfg = Debug|Any CPU
		{15741EAD-ECD6-42F8-AB13-EA4AE636936E}.Debugx64|Mixed Platforms.Build.0 = Debug|Any CPU
		{15741EAD-ECD6-42F8-AB13-EA4AE636936E}.Debugx64|x64.ActiveCfg = Debug|Any CPU
		{15741EAD-ECD6-42F8-AB13-EA4AE636936E}.Debugx64|x86.ActiveCfg = Debug|Any CPU
		{15741EAD-ECD6-42F8-AB13-EA4AE636936E}.Release|Any CPU.ActiveCfg = Release|Any CPU
		{15741EAD-ECD6-42F8-AB13-EA4AE636936E}.Release|Any CPU.Build.0 = Release|Any CPU
		{15741EAD-ECD6-42F8-AB13-EA4AE636936E}.Release|Mixed Platforms.ActiveCfg = Release|Any CPU
		{15741EAD-ECD6-42F8-AB13-EA4AE636936E}.Release|Mixed Platforms.Build.0 = Release|Any CPU
		{15741EAD-ECD6-42F8-AB13-EA4AE636936E}.Release|x64.ActiveCfg = Release|Any CPU
		{15741EAD-ECD6-42F8-AB13-EA4AE636936E}.Release|x86.ActiveCfg = Release|Any CPU
		{15741EAD-ECD6-42F8-AB13-EA4AE636936E}.SilverlightOnly|Any CPU.ActiveCfg = Release|Any CPU
		{15741EAD-ECD6-42F8-AB13-EA4AE636936E}.SilverlightOnly|Any CPU.Build.0 = Release|Any CPU
		{15741EAD-ECD6-42F8-AB13-EA4AE636936E}.SilverlightOnly|Mixed Platforms.ActiveCfg = Release|Any CPU
		{15741EAD-ECD6-42F8-AB13-EA4AE636936E}.SilverlightOnly|Mixed Platforms.Build.0 = Release|Any CPU
		{15741EAD-ECD6-42F8-AB13-EA4AE636936E}.SilverlightOnly|x64.ActiveCfg = Release|Any CPU
		{15741EAD-ECD6-42F8-AB13-EA4AE636936E}.SilverlightOnly|x86.ActiveCfg = Release|Any CPU
		{7C6831FD-F60C-4F7B-8E6A-35E850174411}.AudioAnalysis|Any CPU.ActiveCfg = AudioAnalysis|Any CPU
		{7C6831FD-F60C-4F7B-8E6A-35E850174411}.AudioAnalysis|Any CPU.Build.0 = AudioAnalysis|Any CPU
		{7C6831FD-F60C-4F7B-8E6A-35E850174411}.AudioAnalysis|Mixed Platforms.ActiveCfg = AudioAnalysis|x86
		{7C6831FD-F60C-4F7B-8E6A-35E850174411}.AudioAnalysis|Mixed Platforms.Build.0 = AudioAnalysis|x86
		{7C6831FD-F60C-4F7B-8E6A-35E850174411}.AudioAnalysis|x64.ActiveCfg = AudioAnalysis|Any CPU
		{7C6831FD-F60C-4F7B-8E6A-35E850174411}.AudioAnalysis|x86.ActiveCfg = AudioAnalysis|x86
		{7C6831FD-F60C-4F7B-8E6A-35E850174411}.AudioAnalysis|x86.Build.0 = AudioAnalysis|x86
		{7C6831FD-F60C-4F7B-8E6A-35E850174411}.Core|Any CPU.ActiveCfg = Core|Any CPU
		{7C6831FD-F60C-4F7B-8E6A-35E850174411}.Core|Any CPU.Build.0 = Core|Any CPU
		{7C6831FD-F60C-4F7B-8E6A-35E850174411}.Core|Mixed Platforms.ActiveCfg = Core|x86
		{7C6831FD-F60C-4F7B-8E6A-35E850174411}.Core|Mixed Platforms.Build.0 = Core|x86
		{7C6831FD-F60C-4F7B-8E6A-35E850174411}.Core|x64.ActiveCfg = Core|Any CPU
		{7C6831FD-F60C-4F7B-8E6A-35E850174411}.Core|x86.ActiveCfg = Core|x86
		{7C6831FD-F60C-4F7B-8E6A-35E850174411}.Core|x86.Build.0 = Core|x86
		{7C6831FD-F60C-4F7B-8E6A-35E850174411}.Debug|Any CPU.ActiveCfg = Debug|Any CPU
		{7C6831FD-F60C-4F7B-8E6A-35E850174411}.Debug|Any CPU.Build.0 = Debug|Any CPU
		{7C6831FD-F60C-4F7B-8E6A-35E850174411}.Debug|Mixed Platforms.ActiveCfg = Debug|x86
		{7C6831FD-F60C-4F7B-8E6A-35E850174411}.Debug|Mixed Platforms.Build.0 = Debug|x86
		{7C6831FD-F60C-4F7B-8E6A-35E850174411}.Debug|x64.ActiveCfg = Debug|Any CPU
		{7C6831FD-F60C-4F7B-8E6A-35E850174411}.Debug|x86.ActiveCfg = Debug|x86
		{7C6831FD-F60C-4F7B-8E6A-35E850174411}.Debug|x86.Build.0 = Debug|x86
		{7C6831FD-F60C-4F7B-8E6A-35E850174411}.Debugx64|Any CPU.ActiveCfg = Debug|Any CPU
		{7C6831FD-F60C-4F7B-8E6A-35E850174411}.Debugx64|Any CPU.Build.0 = Debug|Any CPU
		{7C6831FD-F60C-4F7B-8E6A-35E850174411}.Debugx64|Mixed Platforms.ActiveCfg = Debug|x86
		{7C6831FD-F60C-4F7B-8E6A-35E850174411}.Debugx64|Mixed Platforms.Build.0 = Debug|x86
		{7C6831FD-F60C-4F7B-8E6A-35E850174411}.Debugx64|x64.ActiveCfg = Debug|Any CPU
		{7C6831FD-F60C-4F7B-8E6A-35E850174411}.Debugx64|x86.ActiveCfg = Debug|x86
		{7C6831FD-F60C-4F7B-8E6A-35E850174411}.Debugx64|x86.Build.0 = Debug|x86
		{7C6831FD-F60C-4F7B-8E6A-35E850174411}.Release|Any CPU.ActiveCfg = Release|Any CPU
		{7C6831FD-F60C-4F7B-8E6A-35E850174411}.Release|Any CPU.Build.0 = Release|Any CPU
		{7C6831FD-F60C-4F7B-8E6A-35E850174411}.Release|Mixed Platforms.ActiveCfg = Release|x86
		{7C6831FD-F60C-4F7B-8E6A-35E850174411}.Release|Mixed Platforms.Build.0 = Release|x86
		{7C6831FD-F60C-4F7B-8E6A-35E850174411}.Release|x64.ActiveCfg = Release|Any CPU
		{7C6831FD-F60C-4F7B-8E6A-35E850174411}.Release|x86.ActiveCfg = Release|x86
		{7C6831FD-F60C-4F7B-8E6A-35E850174411}.Release|x86.Build.0 = Release|x86
		{7C6831FD-F60C-4F7B-8E6A-35E850174411}.SilverlightOnly|Any CPU.ActiveCfg = SilverlightOnly|Any CPU
		{7C6831FD-F60C-4F7B-8E6A-35E850174411}.SilverlightOnly|Any CPU.Build.0 = SilverlightOnly|Any CPU
		{7C6831FD-F60C-4F7B-8E6A-35E850174411}.SilverlightOnly|Mixed Platforms.ActiveCfg = SilverlightOnly|x86
		{7C6831FD-F60C-4F7B-8E6A-35E850174411}.SilverlightOnly|Mixed Platforms.Build.0 = SilverlightOnly|x86
		{7C6831FD-F60C-4F7B-8E6A-35E850174411}.SilverlightOnly|x64.ActiveCfg = SilverlightOnly|Any CPU
		{7C6831FD-F60C-4F7B-8E6A-35E850174411}.SilverlightOnly|x86.ActiveCfg = SilverlightOnly|x86
		{7C6831FD-F60C-4F7B-8E6A-35E850174411}.SilverlightOnly|x86.Build.0 = SilverlightOnly|x86
	EndGlobalSection
	GlobalSection(SolutionProperties) = preSolution
		HideSolutionNode = FALSE
	EndGlobalSection
	GlobalSection(NestedProjects) = preSolution
		{601CA08A-2ED7-441E-BDFA-A8C04FEF0EC9} = {1EED9C9C-4113-4DC7-9722-676B5CE3EAC4}
		{993980A0-8D06-4635-8296-40E9FFF9C301} = {1EED9C9C-4113-4DC7-9722-676B5CE3EAC4}
		{3BDC343E-005B-4A94-B90E-62D17F5CABEB} = {1EED9C9C-4113-4DC7-9722-676B5CE3EAC4}
		{73B9C579-F539-426F-9852-1EFCBA75C0D5} = {601CA08A-2ED7-441E-BDFA-A8C04FEF0EC9}
		{9A0FBE53-07FD-4DCF-97EC-7812BADD89D4} = {601CA08A-2ED7-441E-BDFA-A8C04FEF0EC9}
		{372A71B7-7505-4A40-8139-BE6D89281C9B} = {601CA08A-2ED7-441E-BDFA-A8C04FEF0EC9}
		{D5761255-D675-463A-98CB-2E6F60F39408} = {601CA08A-2ED7-441E-BDFA-A8C04FEF0EC9}
		{9999ADED-5392-409C-9D5C-58C6EC3A1DA5} = {601CA08A-2ED7-441E-BDFA-A8C04FEF0EC9}
		{58F7CE31-1633-4483-A051-125F349B3AA0} = {601CA08A-2ED7-441E-BDFA-A8C04FEF0EC9}
		{86855CBC-7243-492A-A500-2DE36CC7C825} = {2C6A426C-01D7-432E-AF76-824346A9CD38}
		{0338570E-5A77-4A2E-8E17-7955C36AE1F7} = {2C6A426C-01D7-432E-AF76-824346A9CD38}
		{EF04F5A8-D4BD-4CD1-BFC2-F6AD2D9C7927} = {2C6A426C-01D7-432E-AF76-824346A9CD38}
		{80BC795A-A987-45AB-B29B-76CF190384BA} = {2C6A426C-01D7-432E-AF76-824346A9CD38}
		{99B8FFB6-3C32-4F26-A1DF-F9B8A8FC0C05} = {2C6A426C-01D7-432E-AF76-824346A9CD38}
		{20FB1E89-2C34-46CF-9EE7-6C8048911F55} = {2C6A426C-01D7-432E-AF76-824346A9CD38}
		{7C6831FD-F60C-4F7B-8E6A-35E850174411} = {2C6A426C-01D7-432E-AF76-824346A9CD38}
		{15741EAD-ECD6-42F8-AB13-EA4AE636936E} = {CE056CCB-9A72-4B5C-A4F6-9BE18D45ECCE}
		{B9B1E1AB-BDF5-4100-8839-27901CA12AFD} = {CE056CCB-9A72-4B5C-A4F6-9BE18D45ECCE}
	EndGlobalSection
EndGlobal
