Microsoft Visual Studio Solution File, Format Version 11.00
# Visual Studio 2010
Project("{2150E333-8FDC-42A3-9474-1A3956D46DE8}") = "Solution Items", "Solution Items", "{A050BD53-DEE0-40F3-BEAB-1F7474533C40}"
	ProjectSection(SolutionItems) = preProject
		AudioAnalysis.vsmdi = AudioAnalysis.vsmdi
		LocalTestRun.testrunconfig = LocalTestRun.testrunconfig
	EndProjectSection
EndProject
Project("{FAE04EC0-301F-11D3-BF4B-00C04F79EFBC}") = "TowseyLib", "TowseyLib\TowseyLib.csproj", "{7E0D2209-A416-4784-B350-83778D20A64B}"
EndProject
Project("{F2A71F9B-5D33-465A-A702-920D77279786}") = "AED", "AED\AED\AED.fsproj", "{993980A0-8D06-4635-8296-40E9FFF9C301}"
EndProject
Project("{FAE04EC0-301F-11D3-BF4B-00C04F79EFBC}") = "AnalysisPrograms", "AnalysisPrograms\AnalysisPrograms.csproj", "{EC323929-0160-46BC-A04B-B4A66D02E757}"
EndProject
Project("{FAE04EC0-301F-11D3-BF4B-00C04F79EFBC}") = "AudioAnalysisTools", "AudioAnalysisTools\AudioAnalysisTools.csproj", "{86855CBC-7243-492A-A500-2DE36CC7C825}"
EndProject
Project("{F2A71F9B-5D33-465A-A702-920D77279786}") = "AEDTest", "AED\Test\AEDTest.fsproj", "{3BDC343E-005B-4A94-B90E-62D17F5CABEB}"
EndProject
Project("{FAE04EC0-301F-11D3-BF4B-00C04F79EFBC}") = "AudioBrowser", "AudioBrowser\AudioBrowser.csproj", "{8CF8E5E5-E6B5-4E33-BA48-03F4B25EB6DB}"
EndProject
Project("{FAE04EC0-301F-11D3-BF4B-00C04F79EFBC}") = "Acoustics.Tools", "..\Acoustics\Acoustics.Tools\Acoustics.Tools.csproj", "{0338570E-5A77-4A2E-8E17-7955C36AE1F7}"
EndProject
Project("{FAE04EC0-301F-11D3-BF4B-00C04F79EFBC}") = "Acoustics.Shared", "..\Acoustics\Acoustics.Shared\Acoustics.Shared.csproj", "{EF04F5A8-D4BD-4CD1-BFC2-F6AD2D9C7927}"
EndProject
Project("{FAE04EC0-301F-11D3-BF4B-00C04F79EFBC}") = "AnalysisBase", "AnalysisBase\AnalysisBase.csproj", "{80BC795A-A987-45AB-B29B-76CF190384BA}"
EndProject
Global
	GlobalSection(SolutionConfigurationPlatforms) = preSolution
		Core|Any CPU = Core|Any CPU
		Debug|Any CPU = Debug|Any CPU
		Release|Any CPU = Release|Any CPU
	EndGlobalSection
	GlobalSection(ProjectConfigurationPlatforms) = postSolution
		{7E0D2209-A416-4784-B350-83778D20A64B}.Core|Any CPU.ActiveCfg = Debug|Any CPU
		{7E0D2209-A416-4784-B350-83778D20A64B}.Core|Any CPU.Build.0 = Debug|Any CPU
		{7E0D2209-A416-4784-B350-83778D20A64B}.Debug|Any CPU.ActiveCfg = Debug|Any CPU
		{7E0D2209-A416-4784-B350-83778D20A64B}.Debug|Any CPU.Build.0 = Debug|Any CPU
		{7E0D2209-A416-4784-B350-83778D20A64B}.Release|Any CPU.ActiveCfg = Release|Any CPU
		{7E0D2209-A416-4784-B350-83778D20A64B}.Release|Any CPU.Build.0 = Release|Any CPU
		{993980A0-8D06-4635-8296-40E9FFF9C301}.Core|Any CPU.ActiveCfg = Debug|Any CPU
		{993980A0-8D06-4635-8296-40E9FFF9C301}.Debug|Any CPU.ActiveCfg = Debug|Any CPU
		{993980A0-8D06-4635-8296-40E9FFF9C301}.Debug|Any CPU.Build.0 = Debug|Any CPU
		{993980A0-8D06-4635-8296-40E9FFF9C301}.Release|Any CPU.ActiveCfg = Release|Any CPU
		{993980A0-8D06-4635-8296-40E9FFF9C301}.Release|Any CPU.Build.0 = Release|Any CPU
		{EC323929-0160-46BC-A04B-B4A66D02E757}.Core|Any CPU.ActiveCfg = Debug|Any CPU
		{EC323929-0160-46BC-A04B-B4A66D02E757}.Core|Any CPU.Build.0 = Debug|Any CPU
		{EC323929-0160-46BC-A04B-B4A66D02E757}.Debug|Any CPU.ActiveCfg = Debug|Any CPU
		{EC323929-0160-46BC-A04B-B4A66D02E757}.Debug|Any CPU.Build.0 = Debug|Any CPU
		{EC323929-0160-46BC-A04B-B4A66D02E757}.Release|Any CPU.ActiveCfg = Release|Any CPU
		{EC323929-0160-46BC-A04B-B4A66D02E757}.Release|Any CPU.Build.0 = Release|Any CPU
		{86855CBC-7243-492A-A500-2DE36CC7C825}.Core|Any CPU.ActiveCfg = Debug|Any CPU
		{86855CBC-7243-492A-A500-2DE36CC7C825}.Core|Any CPU.Build.0 = Debug|Any CPU
		{86855CBC-7243-492A-A500-2DE36CC7C825}.Debug|Any CPU.ActiveCfg = Debug|Any CPU
		{86855CBC-7243-492A-A500-2DE36CC7C825}.Debug|Any CPU.Build.0 = Debug|Any CPU
		{86855CBC-7243-492A-A500-2DE36CC7C825}.Release|Any CPU.ActiveCfg = Release|Any CPU
		{86855CBC-7243-492A-A500-2DE36CC7C825}.Release|Any CPU.Build.0 = Release|Any CPU
		{3BDC343E-005B-4A94-B90E-62D17F5CABEB}.Core|Any CPU.ActiveCfg = Debug|Any CPU
		{3BDC343E-005B-4A94-B90E-62D17F5CABEB}.Debug|Any CPU.ActiveCfg = Debug|Any CPU
		{3BDC343E-005B-4A94-B90E-62D17F5CABEB}.Debug|Any CPU.Build.0 = Debug|Any CPU
		{3BDC343E-005B-4A94-B90E-62D17F5CABEB}.Release|Any CPU.ActiveCfg = Release|Any CPU
		{3BDC343E-005B-4A94-B90E-62D17F5CABEB}.Release|Any CPU.Build.0 = Release|Any CPU
		{8CF8E5E5-E6B5-4E33-BA48-03F4B25EB6DB}.Core|Any CPU.ActiveCfg = Release|x86
		{8CF8E5E5-E6B5-4E33-BA48-03F4B25EB6DB}.Debug|Any CPU.ActiveCfg = Debug|Any CPU
		{8CF8E5E5-E6B5-4E33-BA48-03F4B25EB6DB}.Debug|Any CPU.Build.0 = Debug|Any CPU
		{8CF8E5E5-E6B5-4E33-BA48-03F4B25EB6DB}.Release|Any CPU.ActiveCfg = Release|x86
		{0338570E-5A77-4A2E-8E17-7955C36AE1F7}.Core|Any CPU.ActiveCfg = Release|Any CPU
		{0338570E-5A77-4A2E-8E17-7955C36AE1F7}.Core|Any CPU.Build.0 = Release|Any CPU
		{0338570E-5A77-4A2E-8E17-7955C36AE1F7}.Debug|Any CPU.ActiveCfg = Debug|Any CPU
		{0338570E-5A77-4A2E-8E17-7955C36AE1F7}.Debug|Any CPU.Build.0 = Debug|Any CPU
		{0338570E-5A77-4A2E-8E17-7955C36AE1F7}.Release|Any CPU.ActiveCfg = Release|Any CPU
		{0338570E-5A77-4A2E-8E17-7955C36AE1F7}.Release|Any CPU.Build.0 = Release|Any CPU
		{EF04F5A8-D4BD-4CD1-BFC2-F6AD2D9C7927}.Core|Any CPU.ActiveCfg = Release|Any CPU
		{EF04F5A8-D4BD-4CD1-BFC2-F6AD2D9C7927}.Core|Any CPU.Build.0 = Release|Any CPU
		{EF04F5A8-D4BD-4CD1-BFC2-F6AD2D9C7927}.Debug|Any CPU.ActiveCfg = Debug|Any CPU
		{EF04F5A8-D4BD-4CD1-BFC2-F6AD2D9C7927}.Debug|Any CPU.Build.0 = Debug|Any CPU
		{EF04F5A8-D4BD-4CD1-BFC2-F6AD2D9C7927}.Release|Any CPU.ActiveCfg = Release|Any CPU
		{EF04F5A8-D4BD-4CD1-BFC2-F6AD2D9C7927}.Release|Any CPU.Build.0 = Release|Any CPU
		{80BC795A-A987-45AB-B29B-76CF190384BA}.Core|Any CPU.ActiveCfg = Release|Any CPU
		{80BC795A-A987-45AB-B29B-76CF190384BA}.Core|Any CPU.Build.0 = Release|Any CPU
		{80BC795A-A987-45AB-B29B-76CF190384BA}.Debug|Any CPU.ActiveCfg = Debug|Any CPU
		{80BC795A-A987-45AB-B29B-76CF190384BA}.Debug|Any CPU.Build.0 = Debug|Any CPU
		{80BC795A-A987-45AB-B29B-76CF190384BA}.Release|Any CPU.ActiveCfg = Release|Any CPU
		{80BC795A-A987-45AB-B29B-76CF190384BA}.Release|Any CPU.Build.0 = Release|Any CPU
	EndGlobalSection
	GlobalSection(SolutionProperties) = preSolution
		HideSolutionNode = FALSE
	EndGlobalSection
EndGlobal
