Microsoft Visual Studio Solution File, Format Version 11.00
# Visual Studio 2010
Project("{2150E333-8FDC-42A3-9474-1A3956D46DE8}") = "Solution Items", "Solution Items", "{A050BD53-DEE0-40F3-BEAB-1F7474533C40}"
	ProjectSection(SolutionItems) = preProject
		AudioAnalysis.vsmdi = AudioAnalysis.vsmdi
		LocalTestRun.testrunconfig = LocalTestRun.testrunconfig
	EndProjectSection
EndProject
Project("{FAE04EC0-301F-11D3-BF4B-00C04F79EFBC}") = "TowseyLib", "TowseyLib\TowseyLib.csproj", "{7E0D2209-A416-4784-B350-83778D20A64B}"
EndProject
Project("{FAE04EC0-301F-11D3-BF4B-00C04F79EFBC}") = "QutSensors.Data", "..\QutSensors.Data\QutSensors.Data.csproj", "{BDAEA7B5-28BE-45D5-952E-76820E474649}"
EndProject
Project("{F2A71F9B-5D33-465A-A702-920D77279786}") = "AED", "AED\AED\AED.fsproj", "{993980A0-8D06-4635-8296-40E9FFF9C301}"
EndProject
Project("{FAE04EC0-301F-11D3-BF4B-00C04F79EFBC}") = "AudioTools", "..\AudioTools\AudioTools.csproj", "{6A03A803-AD91-4E12-967E-39DCDB2BB030}"
EndProject
Project("{FAE04EC0-301F-11D3-BF4B-00C04F79EFBC}") = "AnalysisPrograms", "AnalysisPrograms\AnalysisPrograms.csproj", "{EC323929-0160-46BC-A04B-B4A66D02E757}"
EndProject
Project("{FAE04EC0-301F-11D3-BF4B-00C04F79EFBC}") = "AudioAnalysisTools", "AudioAnalysisTools\AudioAnalysisTools.csproj", "{86855CBC-7243-492A-A500-2DE36CC7C825}"
EndProject
Project("{F2A71F9B-5D33-465A-A702-920D77279786}") = "AEDTest", "AED\Test\AEDTest.fsproj", "{3BDC343E-005B-4A94-B90E-62D17F5CABEB}"
EndProject
Project("{FAE04EC0-301F-11D3-BF4B-00C04F79EFBC}") = "QutSensors.Shared", "..\QutSensors.Shared\QutSensors.Shared.csproj", "{13547AB0-068A-4EDD-A2DD-A9644F982E59}"
EndProject
Project("{FAE04EC0-301F-11D3-BF4B-00C04F79EFBC}") = "AudioBrowser", "AudioBrowser\AudioBrowser.csproj", "{8CF8E5E5-E6B5-4E33-BA48-03F4B25EB6DB}"
EndProject
Project("{FAE04EC0-301F-11D3-BF4B-00C04F79EFBC}") = "RikMigrations", "..\RikMigrations\RikMigrations.csproj", "{7CCB17AC-087A-4D8B-B782-B3CD51E36FD9}"
EndProject
Global
	GlobalSection(SolutionConfigurationPlatforms) = preSolution
		Core|Any CPU = Core|Any CPU
		Core|Mixed Platforms = Core|Mixed Platforms
		Core|x86 = Core|x86
		Debug|Any CPU = Debug|Any CPU
		Debug|Mixed Platforms = Debug|Mixed Platforms
		Debug|x86 = Debug|x86
		Release|Any CPU = Release|Any CPU
		Release|Mixed Platforms = Release|Mixed Platforms
		Release|x86 = Release|x86
		SilverlightOnly|Any CPU = SilverlightOnly|Any CPU
		SilverlightOnly|Mixed Platforms = SilverlightOnly|Mixed Platforms
		SilverlightOnly|x86 = SilverlightOnly|x86
	EndGlobalSection
	GlobalSection(ProjectConfigurationPlatforms) = postSolution
		{7E0D2209-A416-4784-B350-83778D20A64B}.Core|Any CPU.ActiveCfg = Debug|Any CPU
		{7E0D2209-A416-4784-B350-83778D20A64B}.Core|Any CPU.Build.0 = Debug|Any CPU
		{7E0D2209-A416-4784-B350-83778D20A64B}.Core|Mixed Platforms.ActiveCfg = Core|x86
		{7E0D2209-A416-4784-B350-83778D20A64B}.Core|Mixed Platforms.Build.0 = Core|x86
		{7E0D2209-A416-4784-B350-83778D20A64B}.Core|x86.ActiveCfg = Core|x86
		{7E0D2209-A416-4784-B350-83778D20A64B}.Core|x86.Build.0 = Core|x86
		{7E0D2209-A416-4784-B350-83778D20A64B}.Debug|Any CPU.ActiveCfg = Debug|Any CPU
		{7E0D2209-A416-4784-B350-83778D20A64B}.Debug|Any CPU.Build.0 = Debug|Any CPU
		{7E0D2209-A416-4784-B350-83778D20A64B}.Debug|Mixed Platforms.ActiveCfg = Debug|x86
		{7E0D2209-A416-4784-B350-83778D20A64B}.Debug|Mixed Platforms.Build.0 = Debug|x86
		{7E0D2209-A416-4784-B350-83778D20A64B}.Debug|x86.ActiveCfg = Debug|x86
		{7E0D2209-A416-4784-B350-83778D20A64B}.Debug|x86.Build.0 = Debug|x86
		{7E0D2209-A416-4784-B350-83778D20A64B}.Release|Any CPU.ActiveCfg = Release|Any CPU
		{7E0D2209-A416-4784-B350-83778D20A64B}.Release|Any CPU.Build.0 = Release|Any CPU
		{7E0D2209-A416-4784-B350-83778D20A64B}.Release|Mixed Platforms.ActiveCfg = Release|x86
		{7E0D2209-A416-4784-B350-83778D20A64B}.Release|Mixed Platforms.Build.0 = Release|x86
		{7E0D2209-A416-4784-B350-83778D20A64B}.Release|x86.ActiveCfg = Release|x86
		{7E0D2209-A416-4784-B350-83778D20A64B}.Release|x86.Build.0 = Release|x86
		{7E0D2209-A416-4784-B350-83778D20A64B}.SilverlightOnly|Any CPU.ActiveCfg = SilverlightOnly|Any CPU
		{7E0D2209-A416-4784-B350-83778D20A64B}.SilverlightOnly|Any CPU.Build.0 = SilverlightOnly|Any CPU
		{7E0D2209-A416-4784-B350-83778D20A64B}.SilverlightOnly|Mixed Platforms.ActiveCfg = SilverlightOnly|x86
		{7E0D2209-A416-4784-B350-83778D20A64B}.SilverlightOnly|Mixed Platforms.Build.0 = SilverlightOnly|x86
		{7E0D2209-A416-4784-B350-83778D20A64B}.SilverlightOnly|x86.ActiveCfg = SilverlightOnly|x86
		{7E0D2209-A416-4784-B350-83778D20A64B}.SilverlightOnly|x86.Build.0 = SilverlightOnly|x86
		{BDAEA7B5-28BE-45D5-952E-76820E474649}.Core|Any CPU.ActiveCfg = Debug|Any CPU
		{BDAEA7B5-28BE-45D5-952E-76820E474649}.Core|Mixed Platforms.ActiveCfg = Core|x86
		{BDAEA7B5-28BE-45D5-952E-76820E474649}.Core|Mixed Platforms.Build.0 = Core|x86
		{BDAEA7B5-28BE-45D5-952E-76820E474649}.Core|x86.ActiveCfg = Core|x86
		{BDAEA7B5-28BE-45D5-952E-76820E474649}.Core|x86.Build.0 = Core|x86
		{BDAEA7B5-28BE-45D5-952E-76820E474649}.Debug|Any CPU.ActiveCfg = Debug|Any CPU
		{BDAEA7B5-28BE-45D5-952E-76820E474649}.Debug|Any CPU.Build.0 = Debug|Any CPU
		{BDAEA7B5-28BE-45D5-952E-76820E474649}.Debug|Mixed Platforms.ActiveCfg = Debug|x86
		{BDAEA7B5-28BE-45D5-952E-76820E474649}.Debug|Mixed Platforms.Build.0 = Debug|x86
		{BDAEA7B5-28BE-45D5-952E-76820E474649}.Debug|x86.ActiveCfg = Debug|x86
		{BDAEA7B5-28BE-45D5-952E-76820E474649}.Debug|x86.Build.0 = Debug|x86
		{BDAEA7B5-28BE-45D5-952E-76820E474649}.Release|Any CPU.ActiveCfg = Release|Any CPU
		{BDAEA7B5-28BE-45D5-952E-76820E474649}.Release|Any CPU.Build.0 = Release|Any CPU
		{BDAEA7B5-28BE-45D5-952E-76820E474649}.Release|Mixed Platforms.ActiveCfg = Release|x86
		{BDAEA7B5-28BE-45D5-952E-76820E474649}.Release|Mixed Platforms.Build.0 = Release|x86
		{BDAEA7B5-28BE-45D5-952E-76820E474649}.Release|x86.ActiveCfg = Release|x86
		{BDAEA7B5-28BE-45D5-952E-76820E474649}.Release|x86.Build.0 = Release|x86
		{BDAEA7B5-28BE-45D5-952E-76820E474649}.SilverlightOnly|Any CPU.ActiveCfg = SilverlightOnly|Any CPU
		{BDAEA7B5-28BE-45D5-952E-76820E474649}.SilverlightOnly|Any CPU.Build.0 = SilverlightOnly|Any CPU
		{BDAEA7B5-28BE-45D5-952E-76820E474649}.SilverlightOnly|Mixed Platforms.ActiveCfg = SilverlightOnly|x86
		{BDAEA7B5-28BE-45D5-952E-76820E474649}.SilverlightOnly|Mixed Platforms.Build.0 = SilverlightOnly|x86
		{BDAEA7B5-28BE-45D5-952E-76820E474649}.SilverlightOnly|x86.ActiveCfg = SilverlightOnly|x86
		{BDAEA7B5-28BE-45D5-952E-76820E474649}.SilverlightOnly|x86.Build.0 = SilverlightOnly|x86
		{993980A0-8D06-4635-8296-40E9FFF9C301}.Core|Any CPU.ActiveCfg = Debug|Any CPU
		{993980A0-8D06-4635-8296-40E9FFF9C301}.Core|Mixed Platforms.ActiveCfg = Core|Any CPU
		{993980A0-8D06-4635-8296-40E9FFF9C301}.Core|Mixed Platforms.Build.0 = Core|Any CPU
		{993980A0-8D06-4635-8296-40E9FFF9C301}.Core|x86.ActiveCfg = Core|Any CPU
		{993980A0-8D06-4635-8296-40E9FFF9C301}.Debug|Any CPU.ActiveCfg = Debug|Any CPU
		{993980A0-8D06-4635-8296-40E9FFF9C301}.Debug|Any CPU.Build.0 = Debug|Any CPU
		{993980A0-8D06-4635-8296-40E9FFF9C301}.Debug|Mixed Platforms.ActiveCfg = Debug|Any CPU
		{993980A0-8D06-4635-8296-40E9FFF9C301}.Debug|Mixed Platforms.Build.0 = Debug|Any CPU
		{993980A0-8D06-4635-8296-40E9FFF9C301}.Debug|x86.ActiveCfg = Debug|Any CPU
		{993980A0-8D06-4635-8296-40E9FFF9C301}.Release|Any CPU.ActiveCfg = Release|Any CPU
		{993980A0-8D06-4635-8296-40E9FFF9C301}.Release|Any CPU.Build.0 = Release|Any CPU
		{993980A0-8D06-4635-8296-40E9FFF9C301}.Release|Mixed Platforms.ActiveCfg = Release|Any CPU
		{993980A0-8D06-4635-8296-40E9FFF9C301}.Release|Mixed Platforms.Build.0 = Release|Any CPU
		{993980A0-8D06-4635-8296-40E9FFF9C301}.Release|x86.ActiveCfg = Release|Any CPU
		{993980A0-8D06-4635-8296-40E9FFF9C301}.SilverlightOnly|Any CPU.ActiveCfg = SilverlightOnly|Any CPU
		{993980A0-8D06-4635-8296-40E9FFF9C301}.SilverlightOnly|Any CPU.Build.0 = SilverlightOnly|Any CPU
		{993980A0-8D06-4635-8296-40E9FFF9C301}.SilverlightOnly|Mixed Platforms.ActiveCfg = SilverlightOnly|Any CPU
		{993980A0-8D06-4635-8296-40E9FFF9C301}.SilverlightOnly|Mixed Platforms.Build.0 = SilverlightOnly|Any CPU
		{993980A0-8D06-4635-8296-40E9FFF9C301}.SilverlightOnly|x86.ActiveCfg = SilverlightOnly|Any CPU
		{6A03A803-AD91-4E12-967E-39DCDB2BB030}.Core|Any CPU.ActiveCfg = Debug|Any CPU
		{6A03A803-AD91-4E12-967E-39DCDB2BB030}.Core|Any CPU.Build.0 = Debug|Any CPU
		{6A03A803-AD91-4E12-967E-39DCDB2BB030}.Core|Mixed Platforms.ActiveCfg = Core|x86
		{6A03A803-AD91-4E12-967E-39DCDB2BB030}.Core|Mixed Platforms.Build.0 = Core|x86
		{6A03A803-AD91-4E12-967E-39DCDB2BB030}.Core|x86.ActiveCfg = Core|x86
		{6A03A803-AD91-4E12-967E-39DCDB2BB030}.Core|x86.Build.0 = Core|x86
		{6A03A803-AD91-4E12-967E-39DCDB2BB030}.Debug|Any CPU.ActiveCfg = Debug|Any CPU
		{6A03A803-AD91-4E12-967E-39DCDB2BB030}.Debug|Any CPU.Build.0 = Debug|Any CPU
		{6A03A803-AD91-4E12-967E-39DCDB2BB030}.Debug|Mixed Platforms.ActiveCfg = Debug|x86
		{6A03A803-AD91-4E12-967E-39DCDB2BB030}.Debug|Mixed Platforms.Build.0 = Debug|x86
		{6A03A803-AD91-4E12-967E-39DCDB2BB030}.Debug|x86.ActiveCfg = Debug|x86
		{6A03A803-AD91-4E12-967E-39DCDB2BB030}.Debug|x86.Build.0 = Debug|x86
		{6A03A803-AD91-4E12-967E-39DCDB2BB030}.Release|Any CPU.ActiveCfg = Release|Any CPU
		{6A03A803-AD91-4E12-967E-39DCDB2BB030}.Release|Any CPU.Build.0 = Release|Any CPU
		{6A03A803-AD91-4E12-967E-39DCDB2BB030}.Release|Mixed Platforms.ActiveCfg = Release|x86
		{6A03A803-AD91-4E12-967E-39DCDB2BB030}.Release|Mixed Platforms.Build.0 = Release|x86
		{6A03A803-AD91-4E12-967E-39DCDB2BB030}.Release|x86.ActiveCfg = Release|x86
		{6A03A803-AD91-4E12-967E-39DCDB2BB030}.Release|x86.Build.0 = Release|x86
		{6A03A803-AD91-4E12-967E-39DCDB2BB030}.SilverlightOnly|Any CPU.ActiveCfg = SilverlightOnly|Any CPU
		{6A03A803-AD91-4E12-967E-39DCDB2BB030}.SilverlightOnly|Any CPU.Build.0 = SilverlightOnly|Any CPU
		{6A03A803-AD91-4E12-967E-39DCDB2BB030}.SilverlightOnly|Mixed Platforms.ActiveCfg = SilverlightOnly|x86
		{6A03A803-AD91-4E12-967E-39DCDB2BB030}.SilverlightOnly|Mixed Platforms.Build.0 = SilverlightOnly|x86
		{6A03A803-AD91-4E12-967E-39DCDB2BB030}.SilverlightOnly|x86.ActiveCfg = SilverlightOnly|x86
		{6A03A803-AD91-4E12-967E-39DCDB2BB030}.SilverlightOnly|x86.Build.0 = SilverlightOnly|x86
		{EC323929-0160-46BC-A04B-B4A66D02E757}.Core|Any CPU.ActiveCfg = Debug|Any CPU
		{EC323929-0160-46BC-A04B-B4A66D02E757}.Core|Any CPU.Build.0 = Debug|Any CPU
		{EC323929-0160-46BC-A04B-B4A66D02E757}.Core|Mixed Platforms.ActiveCfg = Core|Any CPU
		{EC323929-0160-46BC-A04B-B4A66D02E757}.Core|Mixed Platforms.Build.0 = Core|Any CPU
		{EC323929-0160-46BC-A04B-B4A66D02E757}.Core|x86.ActiveCfg = Core|Any CPU
		{EC323929-0160-46BC-A04B-B4A66D02E757}.Debug|Any CPU.ActiveCfg = Debug|Any CPU
		{EC323929-0160-46BC-A04B-B4A66D02E757}.Debug|Any CPU.Build.0 = Debug|Any CPU
		{EC323929-0160-46BC-A04B-B4A66D02E757}.Debug|Mixed Platforms.ActiveCfg = Debug|Any CPU
		{EC323929-0160-46BC-A04B-B4A66D02E757}.Debug|Mixed Platforms.Build.0 = Debug|Any CPU
		{EC323929-0160-46BC-A04B-B4A66D02E757}.Debug|x86.ActiveCfg = Debug|Any CPU
		{EC323929-0160-46BC-A04B-B4A66D02E757}.Release|Any CPU.ActiveCfg = Release|Any CPU
		{EC323929-0160-46BC-A04B-B4A66D02E757}.Release|Any CPU.Build.0 = Release|Any CPU
		{EC323929-0160-46BC-A04B-B4A66D02E757}.Release|Mixed Platforms.ActiveCfg = Release|Any CPU
		{EC323929-0160-46BC-A04B-B4A66D02E757}.Release|Mixed Platforms.Build.0 = Release|Any CPU
		{EC323929-0160-46BC-A04B-B4A66D02E757}.Release|x86.ActiveCfg = Release|Any CPU
		{EC323929-0160-46BC-A04B-B4A66D02E757}.SilverlightOnly|Any CPU.ActiveCfg = Release|Any CPU
		{EC323929-0160-46BC-A04B-B4A66D02E757}.SilverlightOnly|Any CPU.Build.0 = Release|Any CPU
		{EC323929-0160-46BC-A04B-B4A66D02E757}.SilverlightOnly|Mixed Platforms.ActiveCfg = Core|Any CPU
		{EC323929-0160-46BC-A04B-B4A66D02E757}.SilverlightOnly|Mixed Platforms.Build.0 = Core|Any CPU
		{EC323929-0160-46BC-A04B-B4A66D02E757}.SilverlightOnly|x86.ActiveCfg = Release|Any CPU
		{86855CBC-7243-492A-A500-2DE36CC7C825}.Core|Any CPU.ActiveCfg = Debug|Any CPU
		{86855CBC-7243-492A-A500-2DE36CC7C825}.Core|Any CPU.Build.0 = Debug|Any CPU
		{86855CBC-7243-492A-A500-2DE36CC7C825}.Core|Mixed Platforms.ActiveCfg = Core|Any CPU
		{86855CBC-7243-492A-A500-2DE36CC7C825}.Core|Mixed Platforms.Build.0 = Core|Any CPU
		{86855CBC-7243-492A-A500-2DE36CC7C825}.Core|x86.ActiveCfg = Core|Any CPU
		{86855CBC-7243-492A-A500-2DE36CC7C825}.Debug|Any CPU.ActiveCfg = Debug|Any CPU
		{86855CBC-7243-492A-A500-2DE36CC7C825}.Debug|Any CPU.Build.0 = Debug|Any CPU
		{86855CBC-7243-492A-A500-2DE36CC7C825}.Debug|Mixed Platforms.ActiveCfg = Debug|Any CPU
		{86855CBC-7243-492A-A500-2DE36CC7C825}.Debug|Mixed Platforms.Build.0 = Debug|Any CPU
		{86855CBC-7243-492A-A500-2DE36CC7C825}.Debug|x86.ActiveCfg = Debug|Any CPU
		{86855CBC-7243-492A-A500-2DE36CC7C825}.Release|Any CPU.ActiveCfg = Release|Any CPU
		{86855CBC-7243-492A-A500-2DE36CC7C825}.Release|Any CPU.Build.0 = Release|Any CPU
		{86855CBC-7243-492A-A500-2DE36CC7C825}.Release|Mixed Platforms.ActiveCfg = Release|Any CPU
		{86855CBC-7243-492A-A500-2DE36CC7C825}.Release|Mixed Platforms.Build.0 = Release|Any CPU
		{86855CBC-7243-492A-A500-2DE36CC7C825}.Release|x86.ActiveCfg = Release|Any CPU
		{86855CBC-7243-492A-A500-2DE36CC7C825}.SilverlightOnly|Any CPU.ActiveCfg = Release|Any CPU
		{86855CBC-7243-492A-A500-2DE36CC7C825}.SilverlightOnly|Any CPU.Build.0 = Release|Any CPU
		{86855CBC-7243-492A-A500-2DE36CC7C825}.SilverlightOnly|Mixed Platforms.ActiveCfg = Core|Any CPU
		{86855CBC-7243-492A-A500-2DE36CC7C825}.SilverlightOnly|Mixed Platforms.Build.0 = Core|Any CPU
		{86855CBC-7243-492A-A500-2DE36CC7C825}.SilverlightOnly|x86.ActiveCfg = Release|Any CPU
		{3BDC343E-005B-4A94-B90E-62D17F5CABEB}.Core|Any CPU.ActiveCfg = Debug|Any CPU
		{3BDC343E-005B-4A94-B90E-62D17F5CABEB}.Core|Mixed Platforms.ActiveCfg = Core|Any CPU
		{3BDC343E-005B-4A94-B90E-62D17F5CABEB}.Core|Mixed Platforms.Build.0 = Core|Any CPU
		{3BDC343E-005B-4A94-B90E-62D17F5CABEB}.Core|x86.ActiveCfg = Core|Any CPU
		{3BDC343E-005B-4A94-B90E-62D17F5CABEB}.Debug|Any CPU.ActiveCfg = Debug|Any CPU
		{3BDC343E-005B-4A94-B90E-62D17F5CABEB}.Debug|Any CPU.Build.0 = Debug|Any CPU
		{3BDC343E-005B-4A94-B90E-62D17F5CABEB}.Debug|Mixed Platforms.ActiveCfg = Debug|Any CPU
		{3BDC343E-005B-4A94-B90E-62D17F5CABEB}.Debug|Mixed Platforms.Build.0 = Debug|Any CPU
		{3BDC343E-005B-4A94-B90E-62D17F5CABEB}.Debug|x86.ActiveCfg = Debug|Any CPU
		{3BDC343E-005B-4A94-B90E-62D17F5CABEB}.Release|Any CPU.ActiveCfg = Release|Any CPU
		{3BDC343E-005B-4A94-B90E-62D17F5CABEB}.Release|Any CPU.Build.0 = Release|Any CPU
		{3BDC343E-005B-4A94-B90E-62D17F5CABEB}.Release|Mixed Platforms.ActiveCfg = Release|Any CPU
		{3BDC343E-005B-4A94-B90E-62D17F5CABEB}.Release|Mixed Platforms.Build.0 = Release|Any CPU
		{3BDC343E-005B-4A94-B90E-62D17F5CABEB}.Release|x86.ActiveCfg = Release|Any CPU
		{3BDC343E-005B-4A94-B90E-62D17F5CABEB}.SilverlightOnly|Any CPU.ActiveCfg = Release|Any CPU
		{3BDC343E-005B-4A94-B90E-62D17F5CABEB}.SilverlightOnly|Any CPU.Build.0 = Release|Any CPU
		{3BDC343E-005B-4A94-B90E-62D17F5CABEB}.SilverlightOnly|Mixed Platforms.ActiveCfg = Core|Any CPU
		{3BDC343E-005B-4A94-B90E-62D17F5CABEB}.SilverlightOnly|Mixed Platforms.Build.0 = Core|Any CPU
		{3BDC343E-005B-4A94-B90E-62D17F5CABEB}.SilverlightOnly|x86.ActiveCfg = Release|Any CPU
		{13547AB0-068A-4EDD-A2DD-A9644F982E59}.Core|Any CPU.ActiveCfg = Debug|Any CPU
		{13547AB0-068A-4EDD-A2DD-A9644F982E59}.Core|Mixed Platforms.ActiveCfg = Core|x86
		{13547AB0-068A-4EDD-A2DD-A9644F982E59}.Core|Mixed Platforms.Build.0 = Core|x86
		{13547AB0-068A-4EDD-A2DD-A9644F982E59}.Core|x86.ActiveCfg = Core|x86
		{13547AB0-068A-4EDD-A2DD-A9644F982E59}.Core|x86.Build.0 = Core|x86
		{13547AB0-068A-4EDD-A2DD-A9644F982E59}.Debug|Any CPU.ActiveCfg = Debug|Any CPU
		{13547AB0-068A-4EDD-A2DD-A9644F982E59}.Debug|Any CPU.Build.0 = Debug|Any CPU
		{13547AB0-068A-4EDD-A2DD-A9644F982E59}.Debug|Mixed Platforms.ActiveCfg = Debug|x86
		{13547AB0-068A-4EDD-A2DD-A9644F982E59}.Debug|Mixed Platforms.Build.0 = Debug|x86
		{13547AB0-068A-4EDD-A2DD-A9644F982E59}.Debug|x86.ActiveCfg = Debug|Any CPU
		{13547AB0-068A-4EDD-A2DD-A9644F982E59}.Release|Any CPU.ActiveCfg = Release|Any CPU
		{13547AB0-068A-4EDD-A2DD-A9644F982E59}.Release|Any CPU.Build.0 = Release|Any CPU
		{13547AB0-068A-4EDD-A2DD-A9644F982E59}.Release|Mixed Platforms.ActiveCfg = Release|x86
		{13547AB0-068A-4EDD-A2DD-A9644F982E59}.Release|Mixed Platforms.Build.0 = Release|x86
		{13547AB0-068A-4EDD-A2DD-A9644F982E59}.Release|x86.ActiveCfg = Release|Any CPU
		{13547AB0-068A-4EDD-A2DD-A9644F982E59}.SilverlightOnly|Any CPU.ActiveCfg = Release|Any CPU
		{13547AB0-068A-4EDD-A2DD-A9644F982E59}.SilverlightOnly|Any CPU.Build.0 = Release|Any CPU
		{13547AB0-068A-4EDD-A2DD-A9644F982E59}.SilverlightOnly|Mixed Platforms.ActiveCfg = Core|x86
		{13547AB0-068A-4EDD-A2DD-A9644F982E59}.SilverlightOnly|Mixed Platforms.Build.0 = Core|x86
		{13547AB0-068A-4EDD-A2DD-A9644F982E59}.SilverlightOnly|x86.ActiveCfg = Release|Any CPU
		{8CF8E5E5-E6B5-4E33-BA48-03F4B25EB6DB}.Core|Any CPU.ActiveCfg = Release|x86
		{8CF8E5E5-E6B5-4E33-BA48-03F4B25EB6DB}.Core|Mixed Platforms.ActiveCfg = Release|x86
		{8CF8E5E5-E6B5-4E33-BA48-03F4B25EB6DB}.Core|Mixed Platforms.Build.0 = Release|x86
		{8CF8E5E5-E6B5-4E33-BA48-03F4B25EB6DB}.Core|x86.ActiveCfg = Release|x86
		{8CF8E5E5-E6B5-4E33-BA48-03F4B25EB6DB}.Core|x86.Build.0 = Release|x86
		{8CF8E5E5-E6B5-4E33-BA48-03F4B25EB6DB}.Debug|Any CPU.ActiveCfg = Debug|x86
		{8CF8E5E5-E6B5-4E33-BA48-03F4B25EB6DB}.Debug|Mixed Platforms.ActiveCfg = Debug|x86
		{8CF8E5E5-E6B5-4E33-BA48-03F4B25EB6DB}.Debug|Mixed Platforms.Build.0 = Debug|x86
		{8CF8E5E5-E6B5-4E33-BA48-03F4B25EB6DB}.Debug|x86.ActiveCfg = Debug|x86
		{8CF8E5E5-E6B5-4E33-BA48-03F4B25EB6DB}.Debug|x86.Build.0 = Debug|x86
		{8CF8E5E5-E6B5-4E33-BA48-03F4B25EB6DB}.Release|Any CPU.ActiveCfg = Release|x86
		{8CF8E5E5-E6B5-4E33-BA48-03F4B25EB6DB}.Release|Mixed Platforms.ActiveCfg = Release|x86
		{8CF8E5E5-E6B5-4E33-BA48-03F4B25EB6DB}.Release|Mixed Platforms.Build.0 = Release|x86
		{8CF8E5E5-E6B5-4E33-BA48-03F4B25EB6DB}.Release|x86.ActiveCfg = Release|x86
		{8CF8E5E5-E6B5-4E33-BA48-03F4B25EB6DB}.Release|x86.Build.0 = Release|x86
		{8CF8E5E5-E6B5-4E33-BA48-03F4B25EB6DB}.SilverlightOnly|Any CPU.ActiveCfg = Release|x86
		{8CF8E5E5-E6B5-4E33-BA48-03F4B25EB6DB}.SilverlightOnly|Mixed Platforms.ActiveCfg = Release|x86
		{8CF8E5E5-E6B5-4E33-BA48-03F4B25EB6DB}.SilverlightOnly|Mixed Platforms.Build.0 = Release|x86
		{8CF8E5E5-E6B5-4E33-BA48-03F4B25EB6DB}.SilverlightOnly|x86.ActiveCfg = Release|x86
		{8CF8E5E5-E6B5-4E33-BA48-03F4B25EB6DB}.SilverlightOnly|x86.Build.0 = Release|x86
		{7CCB17AC-087A-4D8B-B782-B3CD51E36FD9}.Core|Any CPU.ActiveCfg = Release|Any CPU
		{7CCB17AC-087A-4D8B-B782-B3CD51E36FD9}.Core|Any CPU.Build.0 = Release|Any CPU
		{7CCB17AC-087A-4D8B-B782-B3CD51E36FD9}.Core|Mixed Platforms.ActiveCfg = Release|Any CPU
		{7CCB17AC-087A-4D8B-B782-B3CD51E36FD9}.Core|Mixed Platforms.Build.0 = Release|Any CPU
		{7CCB17AC-087A-4D8B-B782-B3CD51E36FD9}.Core|x86.ActiveCfg = Release|Any CPU
		{7CCB17AC-087A-4D8B-B782-B3CD51E36FD9}.Debug|Any CPU.ActiveCfg = Debug|Any CPU
		{7CCB17AC-087A-4D8B-B782-B3CD51E36FD9}.Debug|Any CPU.Build.0 = Debug|Any CPU
		{7CCB17AC-087A-4D8B-B782-B3CD51E36FD9}.Debug|Mixed Platforms.ActiveCfg = Debug|Any CPU
		{7CCB17AC-087A-4D8B-B782-B3CD51E36FD9}.Debug|Mixed Platforms.Build.0 = Debug|Any CPU
		{7CCB17AC-087A-4D8B-B782-B3CD51E36FD9}.Debug|x86.ActiveCfg = Debug|Any CPU
		{7CCB17AC-087A-4D8B-B782-B3CD51E36FD9}.Release|Any CPU.ActiveCfg = Release|Any CPU
		{7CCB17AC-087A-4D8B-B782-B3CD51E36FD9}.Release|Any CPU.Build.0 = Release|Any CPU
		{7CCB17AC-087A-4D8B-B782-B3CD51E36FD9}.Release|Mixed Platforms.ActiveCfg = Release|Any CPU
		{7CCB17AC-087A-4D8B-B782-B3CD51E36FD9}.Release|Mixed Platforms.Build.0 = Release|Any CPU
		{7CCB17AC-087A-4D8B-B782-B3CD51E36FD9}.Release|x86.ActiveCfg = Release|Any CPU
		{7CCB17AC-087A-4D8B-B782-B3CD51E36FD9}.SilverlightOnly|Any CPU.ActiveCfg = Release|Any CPU
		{7CCB17AC-087A-4D8B-B782-B3CD51E36FD9}.SilverlightOnly|Any CPU.Build.0 = Release|Any CPU
		{7CCB17AC-087A-4D8B-B782-B3CD51E36FD9}.SilverlightOnly|Mixed Platforms.ActiveCfg = Release|Any CPU
		{7CCB17AC-087A-4D8B-B782-B3CD51E36FD9}.SilverlightOnly|Mixed Platforms.Build.0 = Release|Any CPU
		{7CCB17AC-087A-4D8B-B782-B3CD51E36FD9}.SilverlightOnly|x86.ActiveCfg = Release|Any CPU
	EndGlobalSection
	GlobalSection(SolutionProperties) = preSolution
		HideSolutionNode = FALSE
	EndGlobalSection
EndGlobal
