Microsoft Visual Studio Solution File, Format Version 10.00
# Visual Studio 2008
Project("{8BC9CEB8-8B4A-11D0-8D11-00A0C91BC942}") = "MediaSegmentExtractor", "MediaSegmentExtractor\MediaSegmentExtractor.vcproj", "{68D395F5-0B7D-49BD-9F74-A5F97F5A04DC}"
EndProject
Project("{FAE04EC0-301F-11D3-BF4B-00C04F79EFBC}") = "Test", "Test\Test.csproj", "{BC68710E-3C30-4C68-BBE9-4EA05CA7C9AC}"
EndProject
Project("{FAE04EC0-301F-11D3-BF4B-00C04F79EFBC}") = "AudioTools", "..\..\AudioTools\AudioTools.csproj", "{6A03A803-AD91-4E12-967E-39DCDB2BB030}"
EndProject
Global
	GlobalSection(SolutionConfigurationPlatforms) = preSolution
		Debug|Any CPU = Debug|Any CPU
		Debug|Mixed Platforms = Debug|Mixed Platforms
		Debug|Win 64 = Debug|Win 64
		Debug|Win32 = Debug|Win32
		Release|Any CPU = Release|Any CPU
		Release|Mixed Platforms = Release|Mixed Platforms
		Release|Win 64 = Release|Win 64
		Release|Win32 = Release|Win32
	EndGlobalSection
	GlobalSection(ProjectConfigurationPlatforms) = postSolution
		{68D395F5-0B7D-49BD-9F74-A5F97F5A04DC}.Debug|Any CPU.ActiveCfg = Debug|Win32
		{68D395F5-0B7D-49BD-9F74-A5F97F5A04DC}.Debug|Mixed Platforms.ActiveCfg = Debug|Win32
		{68D395F5-0B7D-49BD-9F74-A5F97F5A04DC}.Debug|Mixed Platforms.Build.0 = Debug|Win32
		{68D395F5-0B7D-49BD-9F74-A5F97F5A04DC}.Debug|Win 64.ActiveCfg = Debug|x64
		{68D395F5-0B7D-49BD-9F74-A5F97F5A04DC}.Debug|Win 64.Build.0 = Debug|x64
		{68D395F5-0B7D-49BD-9F74-A5F97F5A04DC}.Debug|Win32.ActiveCfg = Debug|Win32
		{68D395F5-0B7D-49BD-9F74-A5F97F5A04DC}.Debug|Win32.Build.0 = Debug|Win32
		{68D395F5-0B7D-49BD-9F74-A5F97F5A04DC}.Release|Any CPU.ActiveCfg = Release|Win32
		{68D395F5-0B7D-49BD-9F74-A5F97F5A04DC}.Release|Mixed Platforms.ActiveCfg = Release|Win32
		{68D395F5-0B7D-49BD-9F74-A5F97F5A04DC}.Release|Mixed Platforms.Build.0 = Release|Win32
		{68D395F5-0B7D-49BD-9F74-A5F97F5A04DC}.Release|Win 64.ActiveCfg = Release|Win32
		{68D395F5-0B7D-49BD-9F74-A5F97F5A04DC}.Release|Win32.ActiveCfg = Release|Win32
		{68D395F5-0B7D-49BD-9F74-A5F97F5A04DC}.Release|Win32.Build.0 = Release|Win32
		{BC68710E-3C30-4C68-BBE9-4EA05CA7C9AC}.Debug|Any CPU.ActiveCfg = Debug|Any CPU
		{BC68710E-3C30-4C68-BBE9-4EA05CA7C9AC}.Debug|Any CPU.Build.0 = Debug|Any CPU
		{BC68710E-3C30-4C68-BBE9-4EA05CA7C9AC}.Debug|Mixed Platforms.ActiveCfg = Debug|Any CPU
		{BC68710E-3C30-4C68-BBE9-4EA05CA7C9AC}.Debug|Mixed Platforms.Build.0 = Debug|Any CPU
		{BC68710E-3C30-4C68-BBE9-4EA05CA7C9AC}.Debug|Win 64.ActiveCfg = Debug|Any CPU
		{BC68710E-3C30-4C68-BBE9-4EA05CA7C9AC}.Debug|Win32.ActiveCfg = Debug|Any CPU
		{BC68710E-3C30-4C68-BBE9-4EA05CA7C9AC}.Release|Any CPU.ActiveCfg = Release|Any CPU
		{BC68710E-3C30-4C68-BBE9-4EA05CA7C9AC}.Release|Any CPU.Build.0 = Release|Any CPU
		{BC68710E-3C30-4C68-BBE9-4EA05CA7C9AC}.Release|Mixed Platforms.ActiveCfg = Release|Any CPU
		{BC68710E-3C30-4C68-BBE9-4EA05CA7C9AC}.Release|Mixed Platforms.Build.0 = Release|Any CPU
		{BC68710E-3C30-4C68-BBE9-4EA05CA7C9AC}.Release|Win 64.ActiveCfg = Release|Any CPU
		{BC68710E-3C30-4C68-BBE9-4EA05CA7C9AC}.Release|Win 64.Build.0 = Release|Any CPU
		{BC68710E-3C30-4C68-BBE9-4EA05CA7C9AC}.Release|Win32.ActiveCfg = Release|Any CPU
		{6A03A803-AD91-4E12-967E-39DCDB2BB030}.Debug|Any CPU.ActiveCfg = Debug|Any CPU
		{6A03A803-AD91-4E12-967E-39DCDB2BB030}.Debug|Any CPU.Build.0 = Debug|Any CPU
		{6A03A803-AD91-4E12-967E-39DCDB2BB030}.Debug|Mixed Platforms.ActiveCfg = Debug|Any CPU
		{6A03A803-AD91-4E12-967E-39DCDB2BB030}.Debug|Mixed Platforms.Build.0 = Debug|Any CPU
		{6A03A803-AD91-4E12-967E-39DCDB2BB030}.Debug|Win 64.ActiveCfg = Debug|Any CPU
		{6A03A803-AD91-4E12-967E-39DCDB2BB030}.Debug|Win32.ActiveCfg = Debug|Any CPU
		{6A03A803-AD91-4E12-967E-39DCDB2BB030}.Release|Any CPU.ActiveCfg = Release|Any CPU
		{6A03A803-AD91-4E12-967E-39DCDB2BB030}.Release|Any CPU.Build.0 = Release|Any CPU
		{6A03A803-AD91-4E12-967E-39DCDB2BB030}.Release|Mixed Platforms.ActiveCfg = Release|Any CPU
		{6A03A803-AD91-4E12-967E-39DCDB2BB030}.Release|Mixed Platforms.Build.0 = Release|Any CPU
		{6A03A803-AD91-4E12-967E-39DCDB2BB030}.Release|Win 64.ActiveCfg = Release|Any CPU
		{6A03A803-AD91-4E12-967E-39DCDB2BB030}.Release|Win 64.Build.0 = Release|Any CPU
		{6A03A803-AD91-4E12-967E-39DCDB2BB030}.Release|Win32.ActiveCfg = Release|Any CPU
	EndGlobalSection
	GlobalSection(SolutionProperties) = preSolution
		HideSolutionNode = FALSE
	EndGlobalSection
EndGlobal
