
Microsoft Visual Studio Solution File, Format Version 10.00
# Visual Studio 2008
Project("{FAE04EC0-301F-11D3-BF4B-00C04F79EFBC}") = "RadioControl", "RadioControl\RadioControl.csproj", "{66092A51-FDA2-447C-9B55-D1CA595B0DE5}"
EndProject
Global
	GlobalSection(SolutionConfigurationPlatforms) = preSolution
		Debug|Any CPU = Debug|Any CPU
		Release|Any CPU = Release|Any CPU
	EndGlobalSection
	GlobalSection(ProjectConfigurationPlatforms) = postSolution
		{66092A51-FDA2-447C-9B55-D1CA595B0DE5}.Debug|Any CPU.ActiveCfg = Debug|Any CPU
		{66092A51-FDA2-447C-9B55-D1CA595B0DE5}.Debug|Any CPU.Build.0 = Debug|Any CPU
		{66092A51-FDA2-447C-9B55-D1CA595B0DE5}.Debug|Any CPU.Deploy.0 = Debug|Any CPU
		{66092A51-FDA2-447C-9B55-D1CA595B0DE5}.Release|Any CPU.ActiveCfg = Release|Any CPU
		{66092A51-FDA2-447C-9B55-D1CA595B0DE5}.Release|Any CPU.Build.0 = Release|Any CPU
		{66092A51-FDA2-447C-9B55-D1CA595B0DE5}.Release|Any CPU.Deploy.0 = Release|Any CPU
	EndGlobalSection
	GlobalSection(SolutionProperties) = preSolution
		HideSolutionNode = FALSE
	EndGlobalSection
EndGlobal
